// !$*UTF8*$!
{
	archiveVersion = 1;
	classes = {
	};
	objectVersion = 46;
	objects = {

/* Begin PBXBuildFile section */
		29B9874015BA17770037CF82 /* MJAudio.m in Sources */ = {isa = PBXBuildFile; fileRef = 29B9873F15BA17770037CF82 /* MJAudio.m */; };
		5AF4C54615A81ED00055D1A0 /* UIKit.framework in Frameworks */ = {isa = PBXBuildFile; fileRef = 5AF4C54515A81ED00055D1A0 /* UIKit.framework */; };
		5AF4C54815A81ED00055D1A0 /* Foundation.framework in Frameworks */ = {isa = PBXBuildFile; fileRef = 5AF4C54715A81ED00055D1A0 /* Foundation.framework */; };
		5AF4C54A15A81ED00055D1A0 /* CoreGraphics.framework in Frameworks */ = {isa = PBXBuildFile; fileRef = 5AF4C54915A81ED00055D1A0 /* CoreGraphics.framework */; };
		5AF4C55015A81ED00055D1A0 /* InfoPlist.strings in Resources */ = {isa = PBXBuildFile; fileRef = 5AF4C54E15A81ED00055D1A0 /* InfoPlist.strings */; };
		5AF4C55215A81ED00055D1A0 /* main.m in Sources */ = {isa = PBXBuildFile; fileRef = 5AF4C55115A81ED00055D1A0 /* main.m */; };
		5AF4C55615A81ED00055D1A0 /* MJAppDelegate.m in Sources */ = {isa = PBXBuildFile; fileRef = 5AF4C55515A81ED00055D1A0 /* MJAppDelegate.m */; };
		5AF4C55F15A81ED00055D1A0 /* MJViewController.m in Sources */ = {isa = PBXBuildFile; fileRef = 5AF4C55E15A81ED00055D1A0 /* MJViewController.m */; };
		5AF4C56915A820E00055D1A0 /* AVFoundation.framework in Frameworks */ = {isa = PBXBuildFile; fileRef = 5AF4C56815A820E00055D1A0 /* AVFoundation.framework */; };
		5AF4C56C15A826310055D1A0 /* AudioToolbox.framework in Frameworks */ = {isa = PBXBuildFile; fileRef = 5AF4C56A15A826310055D1A0 /* AudioToolbox.framework */; };
		5AF4C56D15A826310055D1A0 /* CoreAudio.framework in Frameworks */ = {isa = PBXBuildFile; fileRef = 5AF4C56B15A826310055D1A0 /* CoreAudio.framework */; };
		C94FC23C15BBAB3C00333201 /* blue-slider-handle.png in Resources */ = {isa = PBXBuildFile; fileRef = C94FC22D15BBAB3C00333201 /* blue-slider-handle.png */; };
		C94FC23D15BBAB3C00333201 /* blue-slider-handle@2x.png in Resources */ = {isa = PBXBuildFile; fileRef = C94FC22E15BBAB3C00333201 /* blue-slider-handle@2x.png */; };
		C94FC23E15BBAB3C00333201 /* button.mp3 in Resources */ = {isa = PBXBuildFile; fileRef = C94FC22F15BBAB3C00333201 /* button.mp3 */; };
		C94FC23F15BBAB3C00333201 /* charcoal-slider-handle.png in Resources */ = {isa = PBXBuildFile; fileRef = C94FC23015BBAB3C00333201 /* charcoal-slider-handle.png */; };
		C94FC24015BBAB3C00333201 /* charcoal-slider-handle@2x.png in Resources */ = {isa = PBXBuildFile; fileRef = C94FC23115BBAB3C00333201 /* charcoal-slider-handle@2x.png */; };
		C94FC24115BBAB3C00333201 /* gr-slider-fill.png in Resources */ = {isa = PBXBuildFile; fileRef = C94FC23215BBAB3C00333201 /* gr-slider-fill.png */; };
		C94FC24215BBAB3C00333201 /* gr-slider-fill@2x.png in Resources */ = {isa = PBXBuildFile; fileRef = C94FC23315BBAB3C00333201 /* gr-slider-fill@2x.png */; };
		C94FC24315BBAB3C00333201 /* gr-slider-track.png in Resources */ = {isa = PBXBuildFile; fileRef = C94FC23415BBAB3C00333201 /* gr-slider-track.png */; };
		C94FC24415BBAB3C00333201 /* gr-slider-track@2x.png in Resources */ = {isa = PBXBuildFile; fileRef = C94FC23515BBAB3C00333201 /* gr-slider-track@2x.png */; };
		C94FC24515BBAB3C00333201 /* green-slider-handle.png in Resources */ = {isa = PBXBuildFile; fileRef = C94FC23615BBAB3C00333201 /* green-slider-handle.png */; };
		C94FC24615BBAB3C00333201 /* green-slider-handle@2x.png in Resources */ = {isa = PBXBuildFile; fileRef = C94FC23715BBAB3C00333201 /* green-slider-handle@2x.png */; };
		C94FC24715BBAB3C00333201 /* red-slider-handle.png in Resources */ = {isa = PBXBuildFile; fileRef = C94FC23815BBAB3C00333201 /* red-slider-handle.png */; };
		C94FC24815BBAB3C00333201 /* red-slider-handle@2x.png in Resources */ = {isa = PBXBuildFile; fileRef = C94FC23915BBAB3C00333201 /* red-slider-handle@2x.png */; };
		C94FC24915BBAB3C00333201 /* stone-slider-handle.png in Resources */ = {isa = PBXBuildFile; fileRef = C94FC23A15BBAB3C00333201 /* stone-slider-handle.png */; };
		C94FC24A15BBAB3C00333201 /* stone-slider-handle@2x.png in Resources */ = {isa = PBXBuildFile; fileRef = C94FC23B15BBAB3C00333201 /* stone-slider-handle@2x.png */; };
		C97D9A7B15B35A65005A6028 /* blue-grill-flat.png in Resources */ = {isa = PBXBuildFile; fileRef = C97D9A7915B35A65005A6028 /* blue-grill-flat.png */; };
		C97D9A7C15B35A65005A6028 /* blue-grill-flat@2x.png in Resources */ = {isa = PBXBuildFile; fileRef = C97D9A7A15B35A65005A6028 /* blue-grill-flat@2x.png */; };
		C9B96B8215BA6C9C0045257B /* gr-bluetooth-disconnected.png in Resources */ = {isa = PBXBuildFile; fileRef = C9B96B3615BA6C9C0045257B /* gr-bluetooth-disconnected.png */; };
		C9B96B8315BA6C9C0045257B /* gr-bluetooth-disconnected@2x.png in Resources */ = {isa = PBXBuildFile; fileRef = C9B96B3715BA6C9C0045257B /* gr-bluetooth-disconnected@2x.png */; };
		C9B96B8415BA6C9C0045257B /* gr-bluetooth-pulse.png in Resources */ = {isa = PBXBuildFile; fileRef = C9B96B3815BA6C9C0045257B /* gr-bluetooth-pulse.png */; };
		C9B96B8515BA6C9C0045257B /* gr-bluetooth-pulse@2x.png in Resources */ = {isa = PBXBuildFile; fileRef = C9B96B3915BA6C9C0045257B /* gr-bluetooth-pulse@2x.png */; };
		C9B96B8615BA6C9C0045257B /* gr-grill-arrows.png in Resources */ = {isa = PBXBuildFile; fileRef = C9B96B3A15BA6C9C0045257B /* gr-grill-arrows.png */; };
		C9B96B8715BA6C9C0045257B /* gr-grill-arrows@2x.png in Resources */ = {isa = PBXBuildFile; fileRef = C9B96B3B15BA6C9C0045257B /* gr-grill-arrows@2x.png */; };
		C9B96B8815BA6C9C0045257B /* gr-grill-hexagon.png in Resources */ = {isa = PBXBuildFile; fileRef = C9B96B3C15BA6C9C0045257B /* gr-grill-hexagon.png */; };
		C9B96B8915BA6C9C0045257B /* gr-grill-hexagon@2x.png in Resources */ = {isa = PBXBuildFile; fileRef = C9B96B3D15BA6C9C0045257B /* gr-grill-hexagon@2x.png */; };
		C9B96B8A15BA6C9C0045257B /* gr-grill-wavy.png in Resources */ = {isa = PBXBuildFile; fileRef = C9B96B3E15BA6C9C0045257B /* gr-grill-wavy.png */; };
		C9B96B8B15BA6C9C0045257B /* gr-grill-wavy@2x.png in Resources */ = {isa = PBXBuildFile; fileRef = C9B96B3F15BA6C9C0045257B /* gr-grill-wavy@2x.png */; };
		C9B96B8C15BA6C9C0045257B /* stone-bkg.png in Resources */ = {isa = PBXBuildFile; fileRef = C9B96B4015BA6C9C0045257B /* stone-bkg.png */; };
		C9B96B8D15BA6C9C0045257B /* stone-bkg@2x.png in Resources */ = {isa = PBXBuildFile; fileRef = C9B96B4115BA6C9C0045257B /* stone-bkg@2x.png */; };
		C9B96B8E15BA6C9C0045257B /* stone-grill-flat.png in Resources */ = {isa = PBXBuildFile; fileRef = C9B96B4215BA6C9C0045257B /* stone-grill-flat.png */; };
		C9B96B8F15BA6C9C0045257B /* stone-grill-flat@2x.png in Resources */ = {isa = PBXBuildFile; fileRef = C9B96B4315BA6C9C0045257B /* stone-grill-flat@2x.png */; };
		C9B96B9015BA6C9C0045257B /* stone-pause-down.png in Resources */ = {isa = PBXBuildFile; fileRef = C9B96B4415BA6C9C0045257B /* stone-pause-down.png */; };
		C9B96B9115BA6C9C0045257B /* stone-pause-down@2x.png in Resources */ = {isa = PBXBuildFile; fileRef = C9B96B4515BA6C9C0045257B /* stone-pause-down@2x.png */; };
		C9B96B9215BA6C9C0045257B /* stone-pause-up.png in Resources */ = {isa = PBXBuildFile; fileRef = C9B96B4615BA6C9C0045257B /* stone-pause-up.png */; };
		C9B96B9315BA6C9C0045257B /* stone-pause-up@2x.png in Resources */ = {isa = PBXBuildFile; fileRef = C9B96B4715BA6C9C0045257B /* stone-pause-up@2x.png */; };
		C9B96B9415BA6C9C0045257B /* stone-play-down.png in Resources */ = {isa = PBXBuildFile; fileRef = C9B96B4815BA6C9C0045257B /* stone-play-down.png */; };
		C9B96B9515BA6C9C0045257B /* stone-play-down@2x.png in Resources */ = {isa = PBXBuildFile; fileRef = C9B96B4915BA6C9C0045257B /* stone-play-down@2x.png */; };
		C9B96B9615BA6C9C0045257B /* stone-play-up.png in Resources */ = {isa = PBXBuildFile; fileRef = C9B96B4A15BA6C9C0045257B /* stone-play-up.png */; };
		C9B96B9715BA6C9C0045257B /* stone-play-up@2x.png in Resources */ = {isa = PBXBuildFile; fileRef = C9B96B4B15BA6C9C0045257B /* stone-play-up@2x.png */; };
		C9B96B9815BA6C9C0045257B /* blue-bkg.png in Resources */ = {isa = PBXBuildFile; fileRef = C9B96B4C15BA6C9C0045257B /* blue-bkg.png */; };
		C9B96B9915BA6C9C0045257B /* blue-bkg@2x.png in Resources */ = {isa = PBXBuildFile; fileRef = C9B96B4D15BA6C9C0045257B /* blue-bkg@2x.png */; };
		C9B96B9A15BA6C9C0045257B /* blue-pause-down.png in Resources */ = {isa = PBXBuildFile; fileRef = C9B96B4E15BA6C9C0045257B /* blue-pause-down.png */; };
		C9B96B9B15BA6C9C0045257B /* blue-pause-down@2x.png in Resources */ = {isa = PBXBuildFile; fileRef = C9B96B4F15BA6C9C0045257B /* blue-pause-down@2x.png */; };
		C9B96B9C15BA6C9C0045257B /* blue-pause-up.png in Resources */ = {isa = PBXBuildFile; fileRef = C9B96B5015BA6C9C0045257B /* blue-pause-up.png */; };
		C9B96B9D15BA6C9C0045257B /* blue-pause-up@2x.png in Resources */ = {isa = PBXBuildFile; fileRef = C9B96B5115BA6C9C0045257B /* blue-pause-up@2x.png */; };
		C9B96B9E15BA6C9C0045257B /* blue-play-down.png in Resources */ = {isa = PBXBuildFile; fileRef = C9B96B5215BA6C9C0045257B /* blue-play-down.png */; };
		C9B96B9F15BA6C9C0045257B /* blue-play-down@2x.png in Resources */ = {isa = PBXBuildFile; fileRef = C9B96B5315BA6C9C0045257B /* blue-play-down@2x.png */; };
		C9B96BA015BA6C9C0045257B /* blue-play-up.png in Resources */ = {isa = PBXBuildFile; fileRef = C9B96B5415BA6C9C0045257B /* blue-play-up.png */; };
		C9B96BA115BA6C9C0045257B /* blue-play-up@2x.png in Resources */ = {isa = PBXBuildFile; fileRef = C9B96B5515BA6C9C0045257B /* blue-play-up@2x.png */; };
		C9B96BA215BA6C9C0045257B /* charcoal-bkg.png in Resources */ = {isa = PBXBuildFile; fileRef = C9B96B5615BA6C9C0045257B /* charcoal-bkg.png */; };
		C9B96BA315BA6C9C0045257B /* charcoal-bkg@2x.png in Resources */ = {isa = PBXBuildFile; fileRef = C9B96B5715BA6C9C0045257B /* charcoal-bkg@2x.png */; };
		C9B96BA415BA6C9C0045257B /* charcoal-grill-flat.png in Resources */ = {isa = PBXBuildFile; fileRef = C9B96B5815BA6C9C0045257B /* charcoal-grill-flat.png */; };
		C9B96BA515BA6C9C0045257B /* charcoal-grill-flat@2x.png in Resources */ = {isa = PBXBuildFile; fileRef = C9B96B5915BA6C9C0045257B /* charcoal-grill-flat@2x.png */; };
		C9B96BA615BA6C9C0045257B /* charcoal-pause-down.png in Resources */ = {isa = PBXBuildFile; fileRef = C9B96B5A15BA6C9C0045257B /* charcoal-pause-down.png */; };
		C9B96BA715BA6C9C0045257B /* charcoal-pause-down@2x.png in Resources */ = {isa = PBXBuildFile; fileRef = C9B96B5B15BA6C9C0045257B /* charcoal-pause-down@2x.png */; };
		C9B96BA815BA6C9C0045257B /* charcoal-pause-up.png in Resources */ = {isa = PBXBuildFile; fileRef = C9B96B5C15BA6C9C0045257B /* charcoal-pause-up.png */; };
		C9B96BA915BA6C9C0045257B /* charcoal-pause-up@2x.png in Resources */ = {isa = PBXBuildFile; fileRef = C9B96B5D15BA6C9C0045257B /* charcoal-pause-up@2x.png */; };
		C9B96BAA15BA6C9C0045257B /* charcoal-play-down.png in Resources */ = {isa = PBXBuildFile; fileRef = C9B96B5E15BA6C9C0045257B /* charcoal-play-down.png */; };
		C9B96BAB15BA6C9C0045257B /* charcoal-play-down@2x.png in Resources */ = {isa = PBXBuildFile; fileRef = C9B96B5F15BA6C9C0045257B /* charcoal-play-down@2x.png */; };
		C9B96BAC15BA6C9C0045257B /* charcoal-play-up.png in Resources */ = {isa = PBXBuildFile; fileRef = C9B96B6015BA6C9C0045257B /* charcoal-play-up.png */; };
		C9B96BAD15BA6C9C0045257B /* charcoal-play-up@2x.png in Resources */ = {isa = PBXBuildFile; fileRef = C9B96B6115BA6C9C0045257B /* charcoal-play-up@2x.png */; };
		C9B96BAE15BA6C9C0045257B /* gr-bluetooth-connected.png in Resources */ = {isa = PBXBuildFile; fileRef = C9B96B6215BA6C9C0045257B /* gr-bluetooth-connected.png */; };
		C9B96BAF15BA6C9C0045257B /* gr-bluetooth-connected@2x.png in Resources */ = {isa = PBXBuildFile; fileRef = C9B96B6315BA6C9C0045257B /* gr-bluetooth-connected@2x.png */; };
		C9B96BB015BA6C9C0045257B /* gr-megajam.png in Resources */ = {isa = PBXBuildFile; fileRef = C9B96B6415BA6C9C0045257B /* gr-megajam.png */; };
		C9B96BB115BA6C9C0045257B /* gr-megajam@2x.png in Resources */ = {isa = PBXBuildFile; fileRef = C9B96B6515BA6C9C0045257B /* gr-megajam@2x.png */; };
		C9B96BB215BA6C9C0045257B /* gr-volume-high.png in Resources */ = {isa = PBXBuildFile; fileRef = C9B96B6615BA6C9C0045257B /* gr-volume-high.png */; };
		C9B96BB315BA6C9C0045257B /* gr-volume-high@2x.png in Resources */ = {isa = PBXBuildFile; fileRef = C9B96B6715BA6C9C0045257B /* gr-volume-high@2x.png */; };
		C9B96BB415BA6C9C0045257B /* gr-volume-low.png in Resources */ = {isa = PBXBuildFile; fileRef = C9B96B6815BA6C9C0045257B /* gr-volume-low.png */; };
		C9B96BB515BA6C9C0045257B /* gr-volume-low@2x.png in Resources */ = {isa = PBXBuildFile; fileRef = C9B96B6915BA6C9C0045257B /* gr-volume-low@2x.png */; };
		C9B96BB615BA6C9C0045257B /* green-bkg.png in Resources */ = {isa = PBXBuildFile; fileRef = C9B96B6A15BA6C9C0045257B /* green-bkg.png */; };
		C9B96BB715BA6C9C0045257B /* green-bkg@2x.png in Resources */ = {isa = PBXBuildFile; fileRef = C9B96B6B15BA6C9C0045257B /* green-bkg@2x.png */; };
		C9B96BB815BA6C9C0045257B /* green-grill-flat.png in Resources */ = {isa = PBXBuildFile; fileRef = C9B96B6C15BA6C9C0045257B /* green-grill-flat.png */; };
		C9B96BB915BA6C9C0045257B /* green-grill-flat@2x.png in Resources */ = {isa = PBXBuildFile; fileRef = C9B96B6D15BA6C9C0045257B /* green-grill-flat@2x.png */; };
		C9B96BBA15BA6C9C0045257B /* green-pause-down.png in Resources */ = {isa = PBXBuildFile; fileRef = C9B96B6E15BA6C9C0045257B /* green-pause-down.png */; };
		C9B96BBB15BA6C9C0045257B /* green-pause-down@2x.png in Resources */ = {isa = PBXBuildFile; fileRef = C9B96B6F15BA6C9C0045257B /* green-pause-down@2x.png */; };
		C9B96BBC15BA6C9C0045257B /* green-pause-up.png in Resources */ = {isa = PBXBuildFile; fileRef = C9B96B7015BA6C9C0045257B /* green-pause-up.png */; };
		C9B96BBD15BA6C9C0045257B /* green-pause-up@2x.png in Resources */ = {isa = PBXBuildFile; fileRef = C9B96B7115BA6C9C0045257B /* green-pause-up@2x.png */; };
		C9B96BBE15BA6C9C0045257B /* green-play-down.png in Resources */ = {isa = PBXBuildFile; fileRef = C9B96B7215BA6C9C0045257B /* green-play-down.png */; };
		C9B96BBF15BA6C9C0045257B /* green-play-down@2x.png in Resources */ = {isa = PBXBuildFile; fileRef = C9B96B7315BA6C9C0045257B /* green-play-down@2x.png */; };
		C9B96BC015BA6C9C0045257B /* green-play-up.png in Resources */ = {isa = PBXBuildFile; fileRef = C9B96B7415BA6C9C0045257B /* green-play-up.png */; };
		C9B96BC115BA6C9C0045257B /* green-play-up@2x.png in Resources */ = {isa = PBXBuildFile; fileRef = C9B96B7515BA6C9C0045257B /* green-play-up@2x.png */; };
		C9B96BC215BA6C9C0045257B /* red-bkg.png in Resources */ = {isa = PBXBuildFile; fileRef = C9B96B7615BA6C9C0045257B /* red-bkg.png */; };
		C9B96BC315BA6C9C0045257B /* red-bkg@2x.png in Resources */ = {isa = PBXBuildFile; fileRef = C9B96B7715BA6C9C0045257B /* red-bkg@2x.png */; };
		C9B96BC415BA6C9C0045257B /* red-grill-flat.png in Resources */ = {isa = PBXBuildFile; fileRef = C9B96B7815BA6C9C0045257B /* red-grill-flat.png */; };
		C9B96BC515BA6C9C0045257B /* red-grill-flat@2x.png in Resources */ = {isa = PBXBuildFile; fileRef = C9B96B7915BA6C9C0045257B /* red-grill-flat@2x.png */; };
		C9B96BC615BA6C9C0045257B /* red-pause-down.png in Resources */ = {isa = PBXBuildFile; fileRef = C9B96B7A15BA6C9C0045257B /* red-pause-down.png */; };
		C9B96BC715BA6C9C0045257B /* red-pause-down@2x.png in Resources */ = {isa = PBXBuildFile; fileRef = C9B96B7B15BA6C9C0045257B /* red-pause-down@2x.png */; };
		C9B96BC815BA6C9C0045257B /* red-pause-up.png in Resources */ = {isa = PBXBuildFile; fileRef = C9B96B7C15BA6C9C0045257B /* red-pause-up.png */; };
		C9B96BC915BA6C9C0045257B /* red-pause-up@2x.png in Resources */ = {isa = PBXBuildFile; fileRef = C9B96B7D15BA6C9C0045257B /* red-pause-up@2x.png */; };
		C9B96BCA15BA6C9C0045257B /* red-play-down.png in Resources */ = {isa = PBXBuildFile; fileRef = C9B96B7E15BA6C9C0045257B /* red-play-down.png */; };
		C9B96BCB15BA6C9C0045257B /* red-play-down@2x.png in Resources */ = {isa = PBXBuildFile; fileRef = C9B96B7F15BA6C9C0045257B /* red-play-down@2x.png */; };
		C9B96BCC15BA6C9C0045257B /* red-play-up.png in Resources */ = {isa = PBXBuildFile; fileRef = C9B96B8015BA6C9C0045257B /* red-play-up.png */; };
		C9B96BCD15BA6C9C0045257B /* red-play-up@2x.png in Resources */ = {isa = PBXBuildFile; fileRef = C9B96B8115BA6C9C0045257B /* red-play-up@2x.png */; };
		C9B96C2215BA753A0045257B /* MJScrollViewController.m in Sources */ = {isa = PBXBuildFile; fileRef = C9B96C2115BA753A0045257B /* MJScrollViewController.m */; };
		C9F32FC415ABD78E00B460DE /* QuartzCore.framework in Frameworks */ = {isa = PBXBuildFile; fileRef = C9F32FC315ABD78E00B460DE /* QuartzCore.framework */; };
		F488E31515BA568E007B6A0B /* MJThemedView.m in Sources */ = {isa = PBXBuildFile; fileRef = F488E31415BA568E007B6A0B /* MJThemedView.m */; };
		F4B7454B15A8BAF500312F63 /* you_talkin.aiff in Resources */ = {isa = PBXBuildFile; fileRef = F4B7454A15A8BAF500312F63 /* you_talkin.aiff */; };
/* End PBXBuildFile section */

/* Begin PBXFileReference section */
		29B9873E15BA17770037CF82 /* MJAudio.h */ = {isa = PBXFileReference; fileEncoding = 4; lastKnownFileType = sourcecode.c.h; path = MJAudio.h; sourceTree = "<group>"; };
		29B9873F15BA17770037CF82 /* MJAudio.m */ = {isa = PBXFileReference; fileEncoding = 4; lastKnownFileType = sourcecode.c.objc; path = MJAudio.m; sourceTree = "<group>"; };
		5AF4C54115A81ED00055D1A0 /* MegaJam.app */ = {isa = PBXFileReference; explicitFileType = wrapper.application; includeInIndex = 0; path = MegaJam.app; sourceTree = BUILT_PRODUCTS_DIR; };
		5AF4C54515A81ED00055D1A0 /* UIKit.framework */ = {isa = PBXFileReference; lastKnownFileType = wrapper.framework; name = UIKit.framework; path = System/Library/Frameworks/UIKit.framework; sourceTree = SDKROOT; };
		5AF4C54715A81ED00055D1A0 /* Foundation.framework */ = {isa = PBXFileReference; lastKnownFileType = wrapper.framework; name = Foundation.framework; path = System/Library/Frameworks/Foundation.framework; sourceTree = SDKROOT; };
		5AF4C54915A81ED00055D1A0 /* CoreGraphics.framework */ = {isa = PBXFileReference; lastKnownFileType = wrapper.framework; name = CoreGraphics.framework; path = System/Library/Frameworks/CoreGraphics.framework; sourceTree = SDKROOT; };
		5AF4C54D15A81ED00055D1A0 /* MegaJam-Info.plist */ = {isa = PBXFileReference; lastKnownFileType = text.plist.xml; path = "MegaJam-Info.plist"; sourceTree = "<group>"; };
		5AF4C54F15A81ED00055D1A0 /* en */ = {isa = PBXFileReference; lastKnownFileType = text.plist.strings; name = en; path = en.lproj/InfoPlist.strings; sourceTree = "<group>"; };
		5AF4C55115A81ED00055D1A0 /* main.m */ = {isa = PBXFileReference; lastKnownFileType = sourcecode.c.objc; path = main.m; sourceTree = "<group>"; };
		5AF4C55315A81ED00055D1A0 /* MegaJam-Prefix.pch */ = {isa = PBXFileReference; lastKnownFileType = sourcecode.c.h; path = "MegaJam-Prefix.pch"; sourceTree = "<group>"; };
		5AF4C55415A81ED00055D1A0 /* MJAppDelegate.h */ = {isa = PBXFileReference; lastKnownFileType = sourcecode.c.h; path = MJAppDelegate.h; sourceTree = "<group>"; };
		5AF4C55515A81ED00055D1A0 /* MJAppDelegate.m */ = {isa = PBXFileReference; lastKnownFileType = sourcecode.c.objc; path = MJAppDelegate.m; sourceTree = "<group>"; };
		5AF4C55D15A81ED00055D1A0 /* MJViewController.h */ = {isa = PBXFileReference; lastKnownFileType = sourcecode.c.h; path = MJViewController.h; sourceTree = "<group>"; };
		5AF4C55E15A81ED00055D1A0 /* MJViewController.m */ = {isa = PBXFileReference; lastKnownFileType = sourcecode.c.objc; path = MJViewController.m; sourceTree = "<group>"; };
		5AF4C56815A820E00055D1A0 /* AVFoundation.framework */ = {isa = PBXFileReference; lastKnownFileType = wrapper.framework; name = AVFoundation.framework; path = System/Library/Frameworks/AVFoundation.framework; sourceTree = SDKROOT; };
		5AF4C56A15A826310055D1A0 /* AudioToolbox.framework */ = {isa = PBXFileReference; lastKnownFileType = wrapper.framework; name = AudioToolbox.framework; path = System/Library/Frameworks/AudioToolbox.framework; sourceTree = SDKROOT; };
		5AF4C56B15A826310055D1A0 /* CoreAudio.framework */ = {isa = PBXFileReference; lastKnownFileType = wrapper.framework; name = CoreAudio.framework; path = System/Library/Frameworks/CoreAudio.framework; sourceTree = SDKROOT; };
		C94FC22D15BBAB3C00333201 /* blue-slider-handle.png */ = {isa = PBXFileReference; lastKnownFileType = image.png; path = "blue-slider-handle.png"; sourceTree = "<group>"; };
		C94FC22E15BBAB3C00333201 /* blue-slider-handle@2x.png */ = {isa = PBXFileReference; lastKnownFileType = image.png; path = "blue-slider-handle@2x.png"; sourceTree = "<group>"; };
		C94FC22F15BBAB3C00333201 /* button.mp3 */ = {isa = PBXFileReference; lastKnownFileType = audio.mp3; path = button.mp3; sourceTree = "<group>"; };
		C94FC23015BBAB3C00333201 /* charcoal-slider-handle.png */ = {isa = PBXFileReference; lastKnownFileType = image.png; path = "charcoal-slider-handle.png"; sourceTree = "<group>"; };
		C94FC23115BBAB3C00333201 /* charcoal-slider-handle@2x.png */ = {isa = PBXFileReference; lastKnownFileType = image.png; path = "charcoal-slider-handle@2x.png"; sourceTree = "<group>"; };
		C94FC23215BBAB3C00333201 /* gr-slider-fill.png */ = {isa = PBXFileReference; lastKnownFileType = image.png; path = "gr-slider-fill.png"; sourceTree = "<group>"; };
		C94FC23315BBAB3C00333201 /* gr-slider-fill@2x.png */ = {isa = PBXFileReference; lastKnownFileType = image.png; path = "gr-slider-fill@2x.png"; sourceTree = "<group>"; };
		C94FC23415BBAB3C00333201 /* gr-slider-track.png */ = {isa = PBXFileReference; lastKnownFileType = image.png; path = "gr-slider-track.png"; sourceTree = "<group>"; };
		C94FC23515BBAB3C00333201 /* gr-slider-track@2x.png */ = {isa = PBXFileReference; lastKnownFileType = image.png; path = "gr-slider-track@2x.png"; sourceTree = "<group>"; };
		C94FC23615BBAB3C00333201 /* green-slider-handle.png */ = {isa = PBXFileReference; lastKnownFileType = image.png; path = "green-slider-handle.png"; sourceTree = "<group>"; };
		C94FC23715BBAB3C00333201 /* green-slider-handle@2x.png */ = {isa = PBXFileReference; lastKnownFileType = image.png; path = "green-slider-handle@2x.png"; sourceTree = "<group>"; };
		C94FC23815BBAB3C00333201 /* red-slider-handle.png */ = {isa = PBXFileReference; lastKnownFileType = image.png; path = "red-slider-handle.png"; sourceTree = "<group>"; };
		C94FC23915BBAB3C00333201 /* red-slider-handle@2x.png */ = {isa = PBXFileReference; lastKnownFileType = image.png; path = "red-slider-handle@2x.png"; sourceTree = "<group>"; };
		C94FC23A15BBAB3C00333201 /* stone-slider-handle.png */ = {isa = PBXFileReference; lastKnownFileType = image.png; path = "stone-slider-handle.png"; sourceTree = "<group>"; };
		C94FC23B15BBAB3C00333201 /* stone-slider-handle@2x.png */ = {isa = PBXFileReference; lastKnownFileType = image.png; path = "stone-slider-handle@2x.png"; sourceTree = "<group>"; };
		C97D9A7915B35A65005A6028 /* blue-grill-flat.png */ = {isa = PBXFileReference; lastKnownFileType = image.png; path = "blue-grill-flat.png"; sourceTree = "<group>"; };
		C97D9A7A15B35A65005A6028 /* blue-grill-flat@2x.png */ = {isa = PBXFileReference; lastKnownFileType = image.png; path = "blue-grill-flat@2x.png"; sourceTree = "<group>"; };
		C9B96B3615BA6C9C0045257B /* gr-bluetooth-disconnected.png */ = {isa = PBXFileReference; lastKnownFileType = image.png; path = "gr-bluetooth-disconnected.png"; sourceTree = "<group>"; };
		C9B96B3715BA6C9C0045257B /* gr-bluetooth-disconnected@2x.png */ = {isa = PBXFileReference; lastKnownFileType = image.png; path = "gr-bluetooth-disconnected@2x.png"; sourceTree = "<group>"; };
		C9B96B3815BA6C9C0045257B /* gr-bluetooth-pulse.png */ = {isa = PBXFileReference; lastKnownFileType = image.png; path = "gr-bluetooth-pulse.png"; sourceTree = "<group>"; };
		C9B96B3915BA6C9C0045257B /* gr-bluetooth-pulse@2x.png */ = {isa = PBXFileReference; lastKnownFileType = image.png; path = "gr-bluetooth-pulse@2x.png"; sourceTree = "<group>"; };
		C9B96B3A15BA6C9C0045257B /* gr-grill-arrows.png */ = {isa = PBXFileReference; lastKnownFileType = image.png; path = "gr-grill-arrows.png"; sourceTree = "<group>"; };
		C9B96B3B15BA6C9C0045257B /* gr-grill-arrows@2x.png */ = {isa = PBXFileReference; lastKnownFileType = image.png; path = "gr-grill-arrows@2x.png"; sourceTree = "<group>"; };
		C9B96B3C15BA6C9C0045257B /* gr-grill-hexagon.png */ = {isa = PBXFileReference; lastKnownFileType = image.png; path = "gr-grill-hexagon.png"; sourceTree = "<group>"; };
		C9B96B3D15BA6C9C0045257B /* gr-grill-hexagon@2x.png */ = {isa = PBXFileReference; lastKnownFileType = image.png; path = "gr-grill-hexagon@2x.png"; sourceTree = "<group>"; };
		C9B96B3E15BA6C9C0045257B /* gr-grill-wavy.png */ = {isa = PBXFileReference; lastKnownFileType = image.png; path = "gr-grill-wavy.png"; sourceTree = "<group>"; };
		C9B96B3F15BA6C9C0045257B /* gr-grill-wavy@2x.png */ = {isa = PBXFileReference; lastKnownFileType = image.png; path = "gr-grill-wavy@2x.png"; sourceTree = "<group>"; };
		C9B96B4015BA6C9C0045257B /* stone-bkg.png */ = {isa = PBXFileReference; lastKnownFileType = image.png; path = "stone-bkg.png"; sourceTree = "<group>"; };
		C9B96B4115BA6C9C0045257B /* stone-bkg@2x.png */ = {isa = PBXFileReference; lastKnownFileType = image.png; path = "stone-bkg@2x.png"; sourceTree = "<group>"; };
		C9B96B4215BA6C9C0045257B /* stone-grill-flat.png */ = {isa = PBXFileReference; lastKnownFileType = image.png; path = "stone-grill-flat.png"; sourceTree = "<group>"; };
		C9B96B4315BA6C9C0045257B /* stone-grill-flat@2x.png */ = {isa = PBXFileReference; lastKnownFileType = image.png; path = "stone-grill-flat@2x.png"; sourceTree = "<group>"; };
		C9B96B4415BA6C9C0045257B /* stone-pause-down.png */ = {isa = PBXFileReference; lastKnownFileType = image.png; path = "stone-pause-down.png"; sourceTree = "<group>"; };
		C9B96B4515BA6C9C0045257B /* stone-pause-down@2x.png */ = {isa = PBXFileReference; lastKnownFileType = image.png; path = "stone-pause-down@2x.png"; sourceTree = "<group>"; };
		C9B96B4615BA6C9C0045257B /* stone-pause-up.png */ = {isa = PBXFileReference; lastKnownFileType = image.png; path = "stone-pause-up.png"; sourceTree = "<group>"; };
		C9B96B4715BA6C9C0045257B /* stone-pause-up@2x.png */ = {isa = PBXFileReference; lastKnownFileType = image.png; path = "stone-pause-up@2x.png"; sourceTree = "<group>"; };
		C9B96B4815BA6C9C0045257B /* stone-play-down.png */ = {isa = PBXFileReference; lastKnownFileType = image.png; path = "stone-play-down.png"; sourceTree = "<group>"; };
		C9B96B4915BA6C9C0045257B /* stone-play-down@2x.png */ = {isa = PBXFileReference; lastKnownFileType = image.png; path = "stone-play-down@2x.png"; sourceTree = "<group>"; };
		C9B96B4A15BA6C9C0045257B /* stone-play-up.png */ = {isa = PBXFileReference; lastKnownFileType = image.png; path = "stone-play-up.png"; sourceTree = "<group>"; };
		C9B96B4B15BA6C9C0045257B /* stone-play-up@2x.png */ = {isa = PBXFileReference; lastKnownFileType = image.png; path = "stone-play-up@2x.png"; sourceTree = "<group>"; };
		C9B96B4C15BA6C9C0045257B /* blue-bkg.png */ = {isa = PBXFileReference; lastKnownFileType = image.png; path = "blue-bkg.png"; sourceTree = "<group>"; };
		C9B96B4D15BA6C9C0045257B /* blue-bkg@2x.png */ = {isa = PBXFileReference; lastKnownFileType = image.png; path = "blue-bkg@2x.png"; sourceTree = "<group>"; };
		C9B96B4E15BA6C9C0045257B /* blue-pause-down.png */ = {isa = PBXFileReference; lastKnownFileType = image.png; path = "blue-pause-down.png"; sourceTree = "<group>"; };
		C9B96B4F15BA6C9C0045257B /* blue-pause-down@2x.png */ = {isa = PBXFileReference; lastKnownFileType = image.png; path = "blue-pause-down@2x.png"; sourceTree = "<group>"; };
		C9B96B5015BA6C9C0045257B /* blue-pause-up.png */ = {isa = PBXFileReference; lastKnownFileType = image.png; path = "blue-pause-up.png"; sourceTree = "<group>"; };
		C9B96B5115BA6C9C0045257B /* blue-pause-up@2x.png */ = {isa = PBXFileReference; lastKnownFileType = image.png; path = "blue-pause-up@2x.png"; sourceTree = "<group>"; };
		C9B96B5215BA6C9C0045257B /* blue-play-down.png */ = {isa = PBXFileReference; lastKnownFileType = image.png; path = "blue-play-down.png"; sourceTree = "<group>"; };
		C9B96B5315BA6C9C0045257B /* blue-play-down@2x.png */ = {isa = PBXFileReference; lastKnownFileType = image.png; path = "blue-play-down@2x.png"; sourceTree = "<group>"; };
		C9B96B5415BA6C9C0045257B /* blue-play-up.png */ = {isa = PBXFileReference; lastKnownFileType = image.png; path = "blue-play-up.png"; sourceTree = "<group>"; };
		C9B96B5515BA6C9C0045257B /* blue-play-up@2x.png */ = {isa = PBXFileReference; lastKnownFileType = image.png; path = "blue-play-up@2x.png"; sourceTree = "<group>"; };
		C9B96B5615BA6C9C0045257B /* charcoal-bkg.png */ = {isa = PBXFileReference; lastKnownFileType = image.png; path = "charcoal-bkg.png"; sourceTree = "<group>"; };
		C9B96B5715BA6C9C0045257B /* charcoal-bkg@2x.png */ = {isa = PBXFileReference; lastKnownFileType = image.png; path = "charcoal-bkg@2x.png"; sourceTree = "<group>"; };
		C9B96B5815BA6C9C0045257B /* charcoal-grill-flat.png */ = {isa = PBXFileReference; lastKnownFileType = image.png; path = "charcoal-grill-flat.png"; sourceTree = "<group>"; };
		C9B96B5915BA6C9C0045257B /* charcoal-grill-flat@2x.png */ = {isa = PBXFileReference; lastKnownFileType = image.png; path = "charcoal-grill-flat@2x.png"; sourceTree = "<group>"; };
		C9B96B5A15BA6C9C0045257B /* charcoal-pause-down.png */ = {isa = PBXFileReference; lastKnownFileType = image.png; path = "charcoal-pause-down.png"; sourceTree = "<group>"; };
		C9B96B5B15BA6C9C0045257B /* charcoal-pause-down@2x.png */ = {isa = PBXFileReference; lastKnownFileType = image.png; path = "charcoal-pause-down@2x.png"; sourceTree = "<group>"; };
		C9B96B5C15BA6C9C0045257B /* charcoal-pause-up.png */ = {isa = PBXFileReference; lastKnownFileType = image.png; path = "charcoal-pause-up.png"; sourceTree = "<group>"; };
		C9B96B5D15BA6C9C0045257B /* charcoal-pause-up@2x.png */ = {isa = PBXFileReference; lastKnownFileType = image.png; path = "charcoal-pause-up@2x.png"; sourceTree = "<group>"; };
		C9B96B5E15BA6C9C0045257B /* charcoal-play-down.png */ = {isa = PBXFileReference; lastKnownFileType = image.png; path = "charcoal-play-down.png"; sourceTree = "<group>"; };
		C9B96B5F15BA6C9C0045257B /* charcoal-play-down@2x.png */ = {isa = PBXFileReference; lastKnownFileType = image.png; path = "charcoal-play-down@2x.png"; sourceTree = "<group>"; };
		C9B96B6015BA6C9C0045257B /* charcoal-play-up.png */ = {isa = PBXFileReference; lastKnownFileType = image.png; path = "charcoal-play-up.png"; sourceTree = "<group>"; };
		C9B96B6115BA6C9C0045257B /* charcoal-play-up@2x.png */ = {isa = PBXFileReference; lastKnownFileType = image.png; path = "charcoal-play-up@2x.png"; sourceTree = "<group>"; };
		C9B96B6215BA6C9C0045257B /* gr-bluetooth-connected.png */ = {isa = PBXFileReference; lastKnownFileType = image.png; path = "gr-bluetooth-connected.png"; sourceTree = "<group>"; };
		C9B96B6315BA6C9C0045257B /* gr-bluetooth-connected@2x.png */ = {isa = PBXFileReference; lastKnownFileType = image.png; path = "gr-bluetooth-connected@2x.png"; sourceTree = "<group>"; };
		C9B96B6415BA6C9C0045257B /* gr-megajam.png */ = {isa = PBXFileReference; lastKnownFileType = image.png; path = "gr-megajam.png"; sourceTree = "<group>"; };
		C9B96B6515BA6C9C0045257B /* gr-megajam@2x.png */ = {isa = PBXFileReference; lastKnownFileType = image.png; path = "gr-megajam@2x.png"; sourceTree = "<group>"; };
		C9B96B6615BA6C9C0045257B /* gr-volume-high.png */ = {isa = PBXFileReference; lastKnownFileType = image.png; path = "gr-volume-high.png"; sourceTree = "<group>"; };
		C9B96B6715BA6C9C0045257B /* gr-volume-high@2x.png */ = {isa = PBXFileReference; lastKnownFileType = image.png; path = "gr-volume-high@2x.png"; sourceTree = "<group>"; };
		C9B96B6815BA6C9C0045257B /* gr-volume-low.png */ = {isa = PBXFileReference; lastKnownFileType = image.png; path = "gr-volume-low.png"; sourceTree = "<group>"; };
		C9B96B6915BA6C9C0045257B /* gr-volume-low@2x.png */ = {isa = PBXFileReference; lastKnownFileType = image.png; path = "gr-volume-low@2x.png"; sourceTree = "<group>"; };
		C9B96B6A15BA6C9C0045257B /* green-bkg.png */ = {isa = PBXFileReference; lastKnownFileType = image.png; path = "green-bkg.png"; sourceTree = "<group>"; };
		C9B96B6B15BA6C9C0045257B /* green-bkg@2x.png */ = {isa = PBXFileReference; lastKnownFileType = image.png; path = "green-bkg@2x.png"; sourceTree = "<group>"; };
		C9B96B6C15BA6C9C0045257B /* green-grill-flat.png */ = {isa = PBXFileReference; lastKnownFileType = image.png; path = "green-grill-flat.png"; sourceTree = "<group>"; };
		C9B96B6D15BA6C9C0045257B /* green-grill-flat@2x.png */ = {isa = PBXFileReference; lastKnownFileType = image.png; path = "green-grill-flat@2x.png"; sourceTree = "<group>"; };
		C9B96B6E15BA6C9C0045257B /* green-pause-down.png */ = {isa = PBXFileReference; lastKnownFileType = image.png; path = "green-pause-down.png"; sourceTree = "<group>"; };
		C9B96B6F15BA6C9C0045257B /* green-pause-down@2x.png */ = {isa = PBXFileReference; lastKnownFileType = image.png; path = "green-pause-down@2x.png"; sourceTree = "<group>"; };
		C9B96B7015BA6C9C0045257B /* green-pause-up.png */ = {isa = PBXFileReference; lastKnownFileType = image.png; path = "green-pause-up.png"; sourceTree = "<group>"; };
		C9B96B7115BA6C9C0045257B /* green-pause-up@2x.png */ = {isa = PBXFileReference; lastKnownFileType = image.png; path = "green-pause-up@2x.png"; sourceTree = "<group>"; };
		C9B96B7215BA6C9C0045257B /* green-play-down.png */ = {isa = PBXFileReference; lastKnownFileType = image.png; path = "green-play-down.png"; sourceTree = "<group>"; };
		C9B96B7315BA6C9C0045257B /* green-play-down@2x.png */ = {isa = PBXFileReference; lastKnownFileType = image.png; path = "green-play-down@2x.png"; sourceTree = "<group>"; };
		C9B96B7415BA6C9C0045257B /* green-play-up.png */ = {isa = PBXFileReference; lastKnownFileType = image.png; path = "green-play-up.png"; sourceTree = "<group>"; };
		C9B96B7515BA6C9C0045257B /* green-play-up@2x.png */ = {isa = PBXFileReference; lastKnownFileType = image.png; path = "green-play-up@2x.png"; sourceTree = "<group>"; };
		C9B96B7615BA6C9C0045257B /* red-bkg.png */ = {isa = PBXFileReference; lastKnownFileType = image.png; path = "red-bkg.png"; sourceTree = "<group>"; };
		C9B96B7715BA6C9C0045257B /* red-bkg@2x.png */ = {isa = PBXFileReference; lastKnownFileType = image.png; path = "red-bkg@2x.png"; sourceTree = "<group>"; };
		C9B96B7815BA6C9C0045257B /* red-grill-flat.png */ = {isa = PBXFileReference; lastKnownFileType = image.png; path = "red-grill-flat.png"; sourceTree = "<group>"; };
		C9B96B7915BA6C9C0045257B /* red-grill-flat@2x.png */ = {isa = PBXFileReference; lastKnownFileType = image.png; path = "red-grill-flat@2x.png"; sourceTree = "<group>"; };
		C9B96B7A15BA6C9C0045257B /* red-pause-down.png */ = {isa = PBXFileReference; lastKnownFileType = image.png; path = "red-pause-down.png"; sourceTree = "<group>"; };
		C9B96B7B15BA6C9C0045257B /* red-pause-down@2x.png */ = {isa = PBXFileReference; lastKnownFileType = image.png; path = "red-pause-down@2x.png"; sourceTree = "<group>"; };
		C9B96B7C15BA6C9C0045257B /* red-pause-up.png */ = {isa = PBXFileReference; lastKnownFileType = image.png; path = "red-pause-up.png"; sourceTree = "<group>"; };
		C9B96B7D15BA6C9C0045257B /* red-pause-up@2x.png */ = {isa = PBXFileReference; lastKnownFileType = image.png; path = "red-pause-up@2x.png"; sourceTree = "<group>"; };
		C9B96B7E15BA6C9C0045257B /* red-play-down.png */ = {isa = PBXFileReference; lastKnownFileType = image.png; path = "red-play-down.png"; sourceTree = "<group>"; };
		C9B96B7F15BA6C9C0045257B /* red-play-down@2x.png */ = {isa = PBXFileReference; lastKnownFileType = image.png; path = "red-play-down@2x.png"; sourceTree = "<group>"; };
		C9B96B8015BA6C9C0045257B /* red-play-up.png */ = {isa = PBXFileReference; lastKnownFileType = image.png; path = "red-play-up.png"; sourceTree = "<group>"; };
		C9B96B8115BA6C9C0045257B /* red-play-up@2x.png */ = {isa = PBXFileReference; lastKnownFileType = image.png; path = "red-play-up@2x.png"; sourceTree = "<group>"; };
		C9B96C2015BA753A0045257B /* MJScrollViewController.h */ = {isa = PBXFileReference; fileEncoding = 4; lastKnownFileType = sourcecode.c.h; path = MJScrollViewController.h; sourceTree = "<group>"; };
		C9B96C2115BA753A0045257B /* MJScrollViewController.m */ = {isa = PBXFileReference; fileEncoding = 4; lastKnownFileType = sourcecode.c.objc; path = MJScrollViewController.m; sourceTree = "<group>"; };
		C9F32FC315ABD78E00B460DE /* QuartzCore.framework */ = {isa = PBXFileReference; lastKnownFileType = wrapper.framework; name = QuartzCore.framework; path = System/Library/Frameworks/QuartzCore.framework; sourceTree = SDKROOT; };
		F488E31215BA568E007B6A0B /* MJConstants.h */ = {isa = PBXFileReference; fileEncoding = 4; lastKnownFileType = sourcecode.c.h; path = MJConstants.h; sourceTree = "<group>"; };
		F488E31315BA568E007B6A0B /* MJThemedView.h */ = {isa = PBXFileReference; fileEncoding = 4; lastKnownFileType = sourcecode.c.h; path = MJThemedView.h; sourceTree = "<group>"; };
		F488E31415BA568E007B6A0B /* MJThemedView.m */ = {isa = PBXFileReference; fileEncoding = 4; lastKnownFileType = sourcecode.c.objc; path = MJThemedView.m; sourceTree = "<group>"; };
		F4B7454A15A8BAF500312F63 /* you_talkin.aiff */ = {isa = PBXFileReference; lastKnownFileType = audio.aiff; path = you_talkin.aiff; sourceTree = "<group>"; };
/* End PBXFileReference section */

/* Begin PBXFrameworksBuildPhase section */
		5AF4C53E15A81ED00055D1A0 /* Frameworks */ = {
			isa = PBXFrameworksBuildPhase;
			buildActionMask = 2147483647;
			files = (
				C9F32FC415ABD78E00B460DE /* QuartzCore.framework in Frameworks */,
				5AF4C56C15A826310055D1A0 /* AudioToolbox.framework in Frameworks */,
				5AF4C56D15A826310055D1A0 /* CoreAudio.framework in Frameworks */,
				5AF4C56915A820E00055D1A0 /* AVFoundation.framework in Frameworks */,
				5AF4C54615A81ED00055D1A0 /* UIKit.framework in Frameworks */,
				5AF4C54815A81ED00055D1A0 /* Foundation.framework in Frameworks */,
				5AF4C54A15A81ED00055D1A0 /* CoreGraphics.framework in Frameworks */,
			);
			runOnlyForDeploymentPostprocessing = 0;
		};
/* End PBXFrameworksBuildPhase section */

/* Begin PBXGroup section */
		5AF4C53615A81ED00055D1A0 = {
			isa = PBXGroup;
			children = (
				C9F32FC315ABD78E00B460DE /* QuartzCore.framework */,
				5AF4C54B15A81ED00055D1A0 /* MegaJam */,
				5AF4C54415A81ED00055D1A0 /* Frameworks */,
				5AF4C54215A81ED00055D1A0 /* Products */,
			);
			sourceTree = "<group>";
		};
		5AF4C54215A81ED00055D1A0 /* Products */ = {
			isa = PBXGroup;
			children = (
				5AF4C54115A81ED00055D1A0 /* MegaJam.app */,
			);
			name = Products;
			sourceTree = "<group>";
		};
		5AF4C54415A81ED00055D1A0 /* Frameworks */ = {
			isa = PBXGroup;
			children = (
				5AF4C56A15A826310055D1A0 /* AudioToolbox.framework */,
				5AF4C56B15A826310055D1A0 /* CoreAudio.framework */,
				5AF4C56815A820E00055D1A0 /* AVFoundation.framework */,
				5AF4C54515A81ED00055D1A0 /* UIKit.framework */,
				5AF4C54715A81ED00055D1A0 /* Foundation.framework */,
				5AF4C54915A81ED00055D1A0 /* CoreGraphics.framework */,
			);
			name = Frameworks;
			sourceTree = "<group>";
		};
		5AF4C54B15A81ED00055D1A0 /* MegaJam */ = {
			isa = PBXGroup;
			children = (
				F488E31215BA568E007B6A0B /* MJConstants.h */,
				F488E31315BA568E007B6A0B /* MJThemedView.h */,
				F488E31415BA568E007B6A0B /* MJThemedView.m */,
				29B9873E15BA17770037CF82 /* MJAudio.h */,
				29B9873F15BA17770037CF82 /* MJAudio.m */,
				5AF4C55415A81ED00055D1A0 /* MJAppDelegate.h */,
				5AF4C55515A81ED00055D1A0 /* MJAppDelegate.m */,
				5AF4C55D15A81ED00055D1A0 /* MJViewController.h */,
				5AF4C55E15A81ED00055D1A0 /* MJViewController.m */,
				C9B96C2015BA753A0045257B /* MJScrollViewController.h */,
				C9B96C2115BA753A0045257B /* MJScrollViewController.m */,
				5AF4C56515A820A20055D1A0 /* Resources */,
				5AF4C54C15A81ED00055D1A0 /* Supporting Files */,
			);
			path = MegaJam;
			sourceTree = "<group>";
		};
		5AF4C54C15A81ED00055D1A0 /* Supporting Files */ = {
			isa = PBXGroup;
			children = (
				5AF4C54D15A81ED00055D1A0 /* MegaJam-Info.plist */,
				5AF4C54E15A81ED00055D1A0 /* InfoPlist.strings */,
				5AF4C55115A81ED00055D1A0 /* main.m */,
				5AF4C55315A81ED00055D1A0 /* MegaJam-Prefix.pch */,
			);
			name = "Supporting Files";
			sourceTree = "<group>";
		};
		5AF4C56515A820A20055D1A0 /* Resources */ = {
			isa = PBXGroup;
			children = (
				C94FC22D15BBAB3C00333201 /* blue-slider-handle.png */,
				C94FC22E15BBAB3C00333201 /* blue-slider-handle@2x.png */,
				C94FC22F15BBAB3C00333201 /* button.mp3 */,
				C94FC23015BBAB3C00333201 /* charcoal-slider-handle.png */,
				C94FC23115BBAB3C00333201 /* charcoal-slider-handle@2x.png */,
				C94FC23215BBAB3C00333201 /* gr-slider-fill.png */,
				C94FC23315BBAB3C00333201 /* gr-slider-fill@2x.png */,
				C94FC23415BBAB3C00333201 /* gr-slider-track.png */,
				C94FC23515BBAB3C00333201 /* gr-slider-track@2x.png */,
				C94FC23615BBAB3C00333201 /* green-slider-handle.png */,
				C94FC23715BBAB3C00333201 /* green-slider-handle@2x.png */,
				C94FC23815BBAB3C00333201 /* red-slider-handle.png */,
				C94FC23915BBAB3C00333201 /* red-slider-handle@2x.png */,
				C94FC23A15BBAB3C00333201 /* stone-slider-handle.png */,
				C94FC23B15BBAB3C00333201 /* stone-slider-handle@2x.png */,
				C9B96B3615BA6C9C0045257B /* gr-bluetooth-disconnected.png */,
				C9B96B3715BA6C9C0045257B /* gr-bluetooth-disconnected@2x.png */,
				C9B96B3815BA6C9C0045257B /* gr-bluetooth-pulse.png */,
				C9B96B3915BA6C9C0045257B /* gr-bluetooth-pulse@2x.png */,
				C9B96B3A15BA6C9C0045257B /* gr-grill-arrows.png */,
				C9B96B3B15BA6C9C0045257B /* gr-grill-arrows@2x.png */,
				C9B96B3C15BA6C9C0045257B /* gr-grill-hexagon.png */,
				C9B96B3D15BA6C9C0045257B /* gr-grill-hexagon@2x.png */,
				C9B96B3E15BA6C9C0045257B /* gr-grill-wavy.png */,
				C9B96B3F15BA6C9C0045257B /* gr-grill-wavy@2x.png */,
				C9B96B4015BA6C9C0045257B /* stone-bkg.png */,
				C9B96B4115BA6C9C0045257B /* stone-bkg@2x.png */,
				C9B96B4215BA6C9C0045257B /* stone-grill-flat.png */,
				C9B96B4315BA6C9C0045257B /* stone-grill-flat@2x.png */,
				C9B96B4415BA6C9C0045257B /* stone-pause-down.png */,
				C9B96B4515BA6C9C0045257B /* stone-pause-down@2x.png */,
				C9B96B4615BA6C9C0045257B /* stone-pause-up.png */,
				C9B96B4715BA6C9C0045257B /* stone-pause-up@2x.png */,
				C9B96B4815BA6C9C0045257B /* stone-play-down.png */,
				C9B96B4915BA6C9C0045257B /* stone-play-down@2x.png */,
				C9B96B4A15BA6C9C0045257B /* stone-play-up.png */,
				C9B96B4B15BA6C9C0045257B /* stone-play-up@2x.png */,
				C9B96B4C15BA6C9C0045257B /* blue-bkg.png */,
				C9B96B4D15BA6C9C0045257B /* blue-bkg@2x.png */,
				C9B96B4E15BA6C9C0045257B /* blue-pause-down.png */,
				C9B96B4F15BA6C9C0045257B /* blue-pause-down@2x.png */,
				C9B96B5015BA6C9C0045257B /* blue-pause-up.png */,
				C9B96B5115BA6C9C0045257B /* blue-pause-up@2x.png */,
				C9B96B5215BA6C9C0045257B /* blue-play-down.png */,
				C9B96B5315BA6C9C0045257B /* blue-play-down@2x.png */,
				C9B96B5415BA6C9C0045257B /* blue-play-up.png */,
				C9B96B5515BA6C9C0045257B /* blue-play-up@2x.png */,
				C9B96B5615BA6C9C0045257B /* charcoal-bkg.png */,
				C9B96B5715BA6C9C0045257B /* charcoal-bkg@2x.png */,
				C9B96B5815BA6C9C0045257B /* charcoal-grill-flat.png */,
				C9B96B5915BA6C9C0045257B /* charcoal-grill-flat@2x.png */,
				C9B96B5A15BA6C9C0045257B /* charcoal-pause-down.png */,
				C9B96B5B15BA6C9C0045257B /* charcoal-pause-down@2x.png */,
				C9B96B5C15BA6C9C0045257B /* charcoal-pause-up.png */,
				C9B96B5D15BA6C9C0045257B /* charcoal-pause-up@2x.png */,
				C9B96B5E15BA6C9C0045257B /* charcoal-play-down.png */,
				C9B96B5F15BA6C9C0045257B /* charcoal-play-down@2x.png */,
				C9B96B6015BA6C9C0045257B /* charcoal-play-up.png */,
				C9B96B6115BA6C9C0045257B /* charcoal-play-up@2x.png */,
				C9B96B6215BA6C9C0045257B /* gr-bluetooth-connected.png */,
				C9B96B6315BA6C9C0045257B /* gr-bluetooth-connected@2x.png */,
				C9B96B6415BA6C9C0045257B /* gr-megajam.png */,
				C9B96B6515BA6C9C0045257B /* gr-megajam@2x.png */,
				C9B96B6615BA6C9C0045257B /* gr-volume-high.png */,
				C9B96B6715BA6C9C0045257B /* gr-volume-high@2x.png */,
				C9B96B6815BA6C9C0045257B /* gr-volume-low.png */,
				C9B96B6915BA6C9C0045257B /* gr-volume-low@2x.png */,
				C9B96B6A15BA6C9C0045257B /* green-bkg.png */,
				C9B96B6B15BA6C9C0045257B /* green-bkg@2x.png */,
				C9B96B6C15BA6C9C0045257B /* green-grill-flat.png */,
				C9B96B6D15BA6C9C0045257B /* green-grill-flat@2x.png */,
				C9B96B6E15BA6C9C0045257B /* green-pause-down.png */,
				C9B96B6F15BA6C9C0045257B /* green-pause-down@2x.png */,
				C9B96B7015BA6C9C0045257B /* green-pause-up.png */,
				C9B96B7115BA6C9C0045257B /* green-pause-up@2x.png */,
				C9B96B7215BA6C9C0045257B /* green-play-down.png */,
				C9B96B7315BA6C9C0045257B /* green-play-down@2x.png */,
				C9B96B7415BA6C9C0045257B /* green-play-up.png */,
				C9B96B7515BA6C9C0045257B /* green-play-up@2x.png */,
				C9B96B7615BA6C9C0045257B /* red-bkg.png */,
				C9B96B7715BA6C9C0045257B /* red-bkg@2x.png */,
				C9B96B7815BA6C9C0045257B /* red-grill-flat.png */,
				C9B96B7915BA6C9C0045257B /* red-grill-flat@2x.png */,
				C9B96B7A15BA6C9C0045257B /* red-pause-down.png */,
				C9B96B7B15BA6C9C0045257B /* red-pause-down@2x.png */,
				C9B96B7C15BA6C9C0045257B /* red-pause-up.png */,
				C9B96B7D15BA6C9C0045257B /* red-pause-up@2x.png */,
				C9B96B7E15BA6C9C0045257B /* red-play-down.png */,
				C9B96B7F15BA6C9C0045257B /* red-play-down@2x.png */,
				C9B96B8015BA6C9C0045257B /* red-play-up.png */,
				C9B96B8115BA6C9C0045257B /* red-play-up@2x.png */,
				C97D9A7915B35A65005A6028 /* blue-grill-flat.png */,
				C97D9A7A15B35A65005A6028 /* blue-grill-flat@2x.png */,
				F4B7454A15A8BAF500312F63 /* you_talkin.aiff */,
			);
			path = Resources;
			sourceTree = SOURCE_ROOT;
		};
/* End PBXGroup section */

/* Begin PBXNativeTarget section */
		5AF4C54015A81ED00055D1A0 /* MegaJam */ = {
			isa = PBXNativeTarget;
			buildConfigurationList = 5AF4C56215A81ED00055D1A0 /* Build configuration list for PBXNativeTarget "MegaJam" */;
			buildPhases = (
				5AF4C53D15A81ED00055D1A0 /* Sources */,
				5AF4C53E15A81ED00055D1A0 /* Frameworks */,
				5AF4C53F15A81ED00055D1A0 /* Resources */,
			);
			buildRules = (
			);
			dependencies = (
			);
			name = MegaJam;
			productName = MegaJam;
			productReference = 5AF4C54115A81ED00055D1A0 /* MegaJam.app */;
			productType = "com.apple.product-type.application";
		};
/* End PBXNativeTarget section */

/* Begin PBXProject section */
		5AF4C53815A81ED00055D1A0 /* Project object */ = {
			isa = PBXProject;
			attributes = {
				CLASSPREFIX = NXW;
				LastUpgradeCheck = 0450;
				ORGANIZATIONNAME = CrowdComapss;
			};
			buildConfigurationList = 5AF4C53B15A81ED00055D1A0 /* Build configuration list for PBXProject "MegaJam" */;
			compatibilityVersion = "Xcode 3.2";
			developmentRegion = English;
			hasScannedForEncodings = 0;
			knownRegions = (
				en,
			);
			mainGroup = 5AF4C53615A81ED00055D1A0;
			productRefGroup = 5AF4C54215A81ED00055D1A0 /* Products */;
			projectDirPath = "";
			projectRoot = "";
			targets = (
				5AF4C54015A81ED00055D1A0 /* MegaJam */,
			);
		};
/* End PBXProject section */

/* Begin PBXResourcesBuildPhase section */
		5AF4C53F15A81ED00055D1A0 /* Resources */ = {
			isa = PBXResourcesBuildPhase;
			buildActionMask = 2147483647;
			files = (
				5AF4C55015A81ED00055D1A0 /* InfoPlist.strings in Resources */,
				F4B7454B15A8BAF500312F63 /* you_talkin.aiff in Resources */,
				C97D9A7B15B35A65005A6028 /* blue-grill-flat.png in Resources */,
				C97D9A7C15B35A65005A6028 /* blue-grill-flat@2x.png in Resources */,
				C9B96B8215BA6C9C0045257B /* gr-bluetooth-disconnected.png in Resources */,
				C9B96B8315BA6C9C0045257B /* gr-bluetooth-disconnected@2x.png in Resources */,
				C9B96B8415BA6C9C0045257B /* gr-bluetooth-pulse.png in Resources */,
				C9B96B8515BA6C9C0045257B /* gr-bluetooth-pulse@2x.png in Resources */,
				C9B96B8615BA6C9C0045257B /* gr-grill-arrows.png in Resources */,
				C9B96B8715BA6C9C0045257B /* gr-grill-arrows@2x.png in Resources */,
				C9B96B8815BA6C9C0045257B /* gr-grill-hexagon.png in Resources */,
				C9B96B8915BA6C9C0045257B /* gr-grill-hexagon@2x.png in Resources */,
				C9B96B8A15BA6C9C0045257B /* gr-grill-wavy.png in Resources */,
				C9B96B8B15BA6C9C0045257B /* gr-grill-wavy@2x.png in Resources */,
				C9B96B8C15BA6C9C0045257B /* stone-bkg.png in Resources */,
				C9B96B8D15BA6C9C0045257B /* stone-bkg@2x.png in Resources */,
				C9B96B8E15BA6C9C0045257B /* stone-grill-flat.png in Resources */,
				C9B96B8F15BA6C9C0045257B /* stone-grill-flat@2x.png in Resources */,
				C9B96B9015BA6C9C0045257B /* stone-pause-down.png in Resources */,
				C9B96B9115BA6C9C0045257B /* stone-pause-down@2x.png in Resources */,
				C9B96B9215BA6C9C0045257B /* stone-pause-up.png in Resources */,
				C9B96B9315BA6C9C0045257B /* stone-pause-up@2x.png in Resources */,
				C9B96B9415BA6C9C0045257B /* stone-play-down.png in Resources */,
				C9B96B9515BA6C9C0045257B /* stone-play-down@2x.png in Resources */,
				C9B96B9615BA6C9C0045257B /* stone-play-up.png in Resources */,
				C9B96B9715BA6C9C0045257B /* stone-play-up@2x.png in Resources */,
				C9B96B9815BA6C9C0045257B /* blue-bkg.png in Resources */,
				C9B96B9915BA6C9C0045257B /* blue-bkg@2x.png in Resources */,
				C9B96B9A15BA6C9C0045257B /* blue-pause-down.png in Resources */,
				C9B96B9B15BA6C9C0045257B /* blue-pause-down@2x.png in Resources */,
				C9B96B9C15BA6C9C0045257B /* blue-pause-up.png in Resources */,
				C9B96B9D15BA6C9C0045257B /* blue-pause-up@2x.png in Resources */,
				C9B96B9E15BA6C9C0045257B /* blue-play-down.png in Resources */,
				C9B96B9F15BA6C9C0045257B /* blue-play-down@2x.png in Resources */,
				C9B96BA015BA6C9C0045257B /* blue-play-up.png in Resources */,
				C9B96BA115BA6C9C0045257B /* blue-play-up@2x.png in Resources */,
				C9B96BA215BA6C9C0045257B /* charcoal-bkg.png in Resources */,
				C9B96BA315BA6C9C0045257B /* charcoal-bkg@2x.png in Resources */,
				C9B96BA415BA6C9C0045257B /* charcoal-grill-flat.png in Resources */,
				C9B96BA515BA6C9C0045257B /* charcoal-grill-flat@2x.png in Resources */,
				C9B96BA615BA6C9C0045257B /* charcoal-pause-down.png in Resources */,
				C9B96BA715BA6C9C0045257B /* charcoal-pause-down@2x.png in Resources */,
				C9B96BA815BA6C9C0045257B /* charcoal-pause-up.png in Resources */,
				C9B96BA915BA6C9C0045257B /* charcoal-pause-up@2x.png in Resources */,
				C9B96BAA15BA6C9C0045257B /* charcoal-play-down.png in Resources */,
				C9B96BAB15BA6C9C0045257B /* charcoal-play-down@2x.png in Resources */,
				C9B96BAC15BA6C9C0045257B /* charcoal-play-up.png in Resources */,
				C9B96BAD15BA6C9C0045257B /* charcoal-play-up@2x.png in Resources */,
				C9B96BAE15BA6C9C0045257B /* gr-bluetooth-connected.png in Resources */,
				C9B96BAF15BA6C9C0045257B /* gr-bluetooth-connected@2x.png in Resources */,
				C9B96BB015BA6C9C0045257B /* gr-megajam.png in Resources */,
				C9B96BB115BA6C9C0045257B /* gr-megajam@2x.png in Resources */,
				C9B96BB215BA6C9C0045257B /* gr-volume-high.png in Resources */,
				C9B96BB315BA6C9C0045257B /* gr-volume-high@2x.png in Resources */,
				C9B96BB415BA6C9C0045257B /* gr-volume-low.png in Resources */,
				C9B96BB515BA6C9C0045257B /* gr-volume-low@2x.png in Resources */,
				C9B96BB615BA6C9C0045257B /* green-bkg.png in Resources */,
				C9B96BB715BA6C9C0045257B /* green-bkg@2x.png in Resources */,
				C9B96BB815BA6C9C0045257B /* green-grill-flat.png in Resources */,
				C9B96BB915BA6C9C0045257B /* green-grill-flat@2x.png in Resources */,
				C9B96BBA15BA6C9C0045257B /* green-pause-down.png in Resources */,
				C9B96BBB15BA6C9C0045257B /* green-pause-down@2x.png in Resources */,
				C9B96BBC15BA6C9C0045257B /* green-pause-up.png in Resources */,
				C9B96BBD15BA6C9C0045257B /* green-pause-up@2x.png in Resources */,
				C9B96BBE15BA6C9C0045257B /* green-play-down.png in Resources */,
				C9B96BBF15BA6C9C0045257B /* green-play-down@2x.png in Resources */,
				C9B96BC015BA6C9C0045257B /* green-play-up.png in Resources */,
				C9B96BC115BA6C9C0045257B /* green-play-up@2x.png in Resources */,
				C9B96BC215BA6C9C0045257B /* red-bkg.png in Resources */,
				C9B96BC315BA6C9C0045257B /* red-bkg@2x.png in Resources */,
				C9B96BC415BA6C9C0045257B /* red-grill-flat.png in Resources */,
				C9B96BC515BA6C9C0045257B /* red-grill-flat@2x.png in Resources */,
				C9B96BC615BA6C9C0045257B /* red-pause-down.png in Resources */,
				C9B96BC715BA6C9C0045257B /* red-pause-down@2x.png in Resources */,
				C9B96BC815BA6C9C0045257B /* red-pause-up.png in Resources */,
				C9B96BC915BA6C9C0045257B /* red-pause-up@2x.png in Resources */,
				C9B96BCA15BA6C9C0045257B /* red-play-down.png in Resources */,
				C9B96BCB15BA6C9C0045257B /* red-play-down@2x.png in Resources */,
				C9B96BCC15BA6C9C0045257B /* red-play-up.png in Resources */,
				C9B96BCD15BA6C9C0045257B /* red-play-up@2x.png in Resources */,
				C94FC23C15BBAB3C00333201 /* blue-slider-handle.png in Resources */,
				C94FC23D15BBAB3C00333201 /* blue-slider-handle@2x.png in Resources */,
				C94FC23E15BBAB3C00333201 /* button.mp3 in Resources */,
				C94FC23F15BBAB3C00333201 /* charcoal-slider-handle.png in Resources */,
				C94FC24015BBAB3C00333201 /* charcoal-slider-handle@2x.png in Resources */,
				C94FC24115BBAB3C00333201 /* gr-slider-fill.png in Resources */,
				C94FC24215BBAB3C00333201 /* gr-slider-fill@2x.png in Resources */,
				C94FC24315BBAB3C00333201 /* gr-slider-track.png in Resources */,
				C94FC24415BBAB3C00333201 /* gr-slider-track@2x.png in Resources */,
				C94FC24515BBAB3C00333201 /* green-slider-handle.png in Resources */,
				C94FC24615BBAB3C00333201 /* green-slider-handle@2x.png in Resources */,
				C94FC24715BBAB3C00333201 /* red-slider-handle.png in Resources */,
				C94FC24815BBAB3C00333201 /* red-slider-handle@2x.png in Resources */,
				C94FC24915BBAB3C00333201 /* stone-slider-handle.png in Resources */,
				C94FC24A15BBAB3C00333201 /* stone-slider-handle@2x.png in Resources */,
			);
			runOnlyForDeploymentPostprocessing = 0;
		};
/* End PBXResourcesBuildPhase section */

/* Begin PBXSourcesBuildPhase section */
		5AF4C53D15A81ED00055D1A0 /* Sources */ = {
			isa = PBXSourcesBuildPhase;
			buildActionMask = 2147483647;
			files = (
				5AF4C55215A81ED00055D1A0 /* main.m in Sources */,
				5AF4C55615A81ED00055D1A0 /* MJAppDelegate.m in Sources */,
				5AF4C55F15A81ED00055D1A0 /* MJViewController.m in Sources */,
				29B9874015BA17770037CF82 /* MJAudio.m in Sources */,
				F488E31515BA568E007B6A0B /* MJThemedView.m in Sources */,
				C9B96C2215BA753A0045257B /* MJScrollViewController.m in Sources */,
			);
			runOnlyForDeploymentPostprocessing = 0;
		};
/* End PBXSourcesBuildPhase section */

/* Begin PBXVariantGroup section */
		5AF4C54E15A81ED00055D1A0 /* InfoPlist.strings */ = {
			isa = PBXVariantGroup;
			children = (
				5AF4C54F15A81ED00055D1A0 /* en */,
			);
			name = InfoPlist.strings;
			sourceTree = "<group>";
		};
/* End PBXVariantGroup section */

/* Begin XCBuildConfiguration section */
		5AF4C56015A81ED00055D1A0 /* Debug */ = {
			isa = XCBuildConfiguration;
			buildSettings = {
				ALWAYS_SEARCH_USER_PATHS = NO;
				CLANG_CXX_LANGUAGE_STANDARD = "gnu++0x";
				CLANG_ENABLE_OBJC_ARC = YES;
				CLANG_WARN__DUPLICATE_METHOD_MATCH = YES;
				"CODE_SIGN_IDENTITY[sdk=iphoneos*]" = "iPhone Developer";
				COPY_PHASE_STRIP = NO;
				GCC_C_LANGUAGE_STANDARD = gnu99;
				GCC_DYNAMIC_NO_PIC = NO;
				GCC_OPTIMIZATION_LEVEL = 0;
				GCC_PREPROCESSOR_DEFINITIONS = (
					"DEBUG=1",
					"$(inherited)",
				);
				GCC_SYMBOLS_PRIVATE_EXTERN = NO;
				GCC_WARN_ABOUT_RETURN_TYPE = YES;
				GCC_WARN_UNINITIALIZED_AUTOS = YES;
				GCC_WARN_UNUSED_VARIABLE = YES;
				IPHONEOS_DEPLOYMENT_TARGET = 5.0;
				SDKROOT = iphoneos;
				TARGETED_DEVICE_FAMILY = "1,2";
			};
			name = Debug;
		};
		5AF4C56115A81ED00055D1A0 /* Release */ = {
			isa = XCBuildConfiguration;
			buildSettings = {
				ALWAYS_SEARCH_USER_PATHS = NO;
				CLANG_CXX_LANGUAGE_STANDARD = "gnu++0x";
				CLANG_ENABLE_OBJC_ARC = YES;
				CLANG_WARN__DUPLICATE_METHOD_MATCH = YES;
				"CODE_SIGN_IDENTITY[sdk=iphoneos*]" = "iPhone Developer";
				COPY_PHASE_STRIP = YES;
				GCC_C_LANGUAGE_STANDARD = gnu99;
				GCC_WARN_ABOUT_RETURN_TYPE = YES;
				GCC_WARN_UNINITIALIZED_AUTOS = YES;
				GCC_WARN_UNUSED_VARIABLE = YES;
				IPHONEOS_DEPLOYMENT_TARGET = 5.0;
				OTHER_CFLAGS = "-DNS_BLOCK_ASSERTIONS=1";
				SDKROOT = iphoneos;
				TARGETED_DEVICE_FAMILY = "1,2";
				VALIDATE_PRODUCT = YES;
			};
			name = Release;
		};
		5AF4C56315A81ED00055D1A0 /* Debug */ = {
			isa = XCBuildConfiguration;
			buildSettings = {
				GCC_PRECOMPILE_PREFIX_HEADER = YES;
				GCC_PREFIX_HEADER = "MegaJam/MegaJam-Prefix.pch";
				INFOPLIST_FILE = "MegaJam/MegaJam-Info.plist";
				IPHONEOS_DEPLOYMENT_TARGET = 5.0;
				PRODUCT_NAME = "$(TARGET_NAME)";
				WRAPPER_EXTENSION = app;
			};
			name = Debug;
		};
		5AF4C56415A81ED00055D1A0 /* Release */ = {
			isa = XCBuildConfiguration;
			buildSettings = {
				GCC_PRECOMPILE_PREFIX_HEADER = YES;
				GCC_PREFIX_HEADER = "MegaJam/MegaJam-Prefix.pch";
				INFOPLIST_FILE = "MegaJam/MegaJam-Info.plist";
				IPHONEOS_DEPLOYMENT_TARGET = 5.0;
				PRODUCT_NAME = "$(TARGET_NAME)";
				WRAPPER_EXTENSION = app;
			};
			name = Release;
		};
/* End XCBuildConfiguration section */

/* Begin XCConfigurationList section */
		5AF4C53B15A81ED00055D1A0 /* Build configuration list for PBXProject "MegaJam" */ = {
			isa = XCConfigurationList;
			buildConfigurations = (
				5AF4C56015A81ED00055D1A0 /* Debug */,
				5AF4C56115A81ED00055D1A0 /* Release */,
			);
			defaultConfigurationIsVisible = 0;
			defaultConfigurationName = Release;
		};
		5AF4C56215A81ED00055D1A0 /* Build configuration list for PBXNativeTarget "MegaJam" */ = {
			isa = XCConfigurationList;
			buildConfigurations = (
				5AF4C56315A81ED00055D1A0 /* Debug */,
				5AF4C56415A81ED00055D1A0 /* Release */,
			);
			defaultConfigurationIsVisible = 0;
			defaultConfigurationName = Release;
		};
/* End XCConfigurationList section */
	};
	rootObject = 5AF4C53815A81ED00055D1A0 /* Project object */;
}
