// !$*UTF8*$!
{
	archiveVersion = 1;
	classes = {
	};
	objectVersion = 46;
	objects = {

/* Begin PBXBuildFile section */
		297FD9B915BC838E00150497 /* Icon.png in Resources */ = {isa = PBXBuildFile; fileRef = 297FD9B115BC838E00150497 /* Icon.png */; };
		297FD9BA15BC838E00150497 /* Icon@2x.png in Resources */ = {isa = PBXBuildFile; fileRef = 297FD9B215BC838E00150497 /* Icon@2x.png */; };
		297FD9BB15BC838E00150497 /* mjs-bkg.png in Resources */ = {isa = PBXBuildFile; fileRef = 297FD9B315BC838E00150497 /* mjs-bkg.png */; };
		297FD9BC15BC838E00150497 /* mjs-bkg@2x.png in Resources */ = {isa = PBXBuildFile; fileRef = 297FD9B415BC838E00150497 /* mjs-bkg@2x.png */; };
		297FD9BD15BC838E00150497 /* mjs-rocker-off.png in Resources */ = {isa = PBXBuildFile; fileRef = 297FD9B515BC838E00150497 /* mjs-rocker-off.png */; };
		297FD9BE15BC838E00150497 /* mjs-rocker-off@2x.png in Resources */ = {isa = PBXBuildFile; fileRef = 297FD9B615BC838E00150497 /* mjs-rocker-off@2x.png */; };
		297FD9BF15BC838E00150497 /* mjs-rocker-on.png in Resources */ = {isa = PBXBuildFile; fileRef = 297FD9B715BC838E00150497 /* mjs-rocker-on.png */; };
		297FD9C015BC838E00150497 /* mjs-rocker-on@2x.png in Resources */ = {isa = PBXBuildFile; fileRef = 297FD9B815BC838E00150497 /* mjs-rocker-on@2x.png */; };
		29B9874015BA17770037CF82 /* MJAudio.mm in Sources */ = {isa = PBXBuildFile; fileRef = 29B9873F15BA17770037CF82 /* MJAudio.mm */; };
		29BFA04015BC5852005E1978 /* MJSessionManager.m in Sources */ = {isa = PBXBuildFile; fileRef = 29BFA03F15BC5852005E1978 /* MJSessionManager.m */; };
		29BFA04315BC5D57005E1978 /* MediaPlayer.framework in Frameworks */ = {isa = PBXBuildFile; fileRef = 29BFA04215BC5D57005E1978 /* MediaPlayer.framework */; };
		29BFA05615BC5F81005E1978 /* blue-slider-handle.png in Resources */ = {isa = PBXBuildFile; fileRef = 29BFA04415BC5F81005E1978 /* blue-slider-handle.png */; };
		29BFA05715BC5F81005E1978 /* blue-slider-handle@2x.png in Resources */ = {isa = PBXBuildFile; fileRef = 29BFA04515BC5F81005E1978 /* blue-slider-handle@2x.png */; };
		29BFA05815BC5F81005E1978 /* button-46.mp3 in Resources */ = {isa = PBXBuildFile; fileRef = 29BFA04615BC5F81005E1978 /* button-46.mp3 */; };
		29BFA05915BC5F81005E1978 /* charcoal-slider-handle.png in Resources */ = {isa = PBXBuildFile; fileRef = 29BFA04715BC5F81005E1978 /* charcoal-slider-handle.png */; };
		29BFA05A15BC5F81005E1978 /* charcoal-slider-handle@2x.png in Resources */ = {isa = PBXBuildFile; fileRef = 29BFA04815BC5F81005E1978 /* charcoal-slider-handle@2x.png */; };
		29BFA05B15BC5F81005E1978 /* CinematicBoom.mp3 in Resources */ = {isa = PBXBuildFile; fileRef = 29BFA04915BC5F81005E1978 /* CinematicBoom.mp3 */; };
		29BFA05C15BC5F81005E1978 /* gr-slider-fill.png in Resources */ = {isa = PBXBuildFile; fileRef = 29BFA04A15BC5F81005E1978 /* gr-slider-fill.png */; };
		29BFA05D15BC5F81005E1978 /* gr-slider-fill@2x.png in Resources */ = {isa = PBXBuildFile; fileRef = 29BFA04B15BC5F81005E1978 /* gr-slider-fill@2x.png */; };
		29BFA05E15BC5F81005E1978 /* gr-slider-track.png in Resources */ = {isa = PBXBuildFile; fileRef = 29BFA04C15BC5F81005E1978 /* gr-slider-track.png */; };
		29BFA05F15BC5F81005E1978 /* gr-slider-track@2x.png in Resources */ = {isa = PBXBuildFile; fileRef = 29BFA04D15BC5F81005E1978 /* gr-slider-track@2x.png */; };
		29BFA06015BC5F81005E1978 /* green-slider-handle.png in Resources */ = {isa = PBXBuildFile; fileRef = 29BFA04E15BC5F81005E1978 /* green-slider-handle.png */; };
		29BFA06115BC5F81005E1978 /* green-slider-handle@2x.png in Resources */ = {isa = PBXBuildFile; fileRef = 29BFA04F15BC5F81005E1978 /* green-slider-handle@2x.png */; };
		29BFA06215BC5F81005E1978 /* multimedia_button_click_029.mp3 in Resources */ = {isa = PBXBuildFile; fileRef = 29BFA05015BC5F81005E1978 /* multimedia_button_click_029.mp3 */; };
		29BFA06315BC5F81005E1978 /* quick-blip.mp3 in Resources */ = {isa = PBXBuildFile; fileRef = 29BFA05115BC5F81005E1978 /* quick-blip.mp3 */; };
		29BFA06415BC5F81005E1978 /* red-slider-handle.png in Resources */ = {isa = PBXBuildFile; fileRef = 29BFA05215BC5F81005E1978 /* red-slider-handle.png */; };
		29BFA06515BC5F81005E1978 /* red-slider-handle@2x.png in Resources */ = {isa = PBXBuildFile; fileRef = 29BFA05315BC5F81005E1978 /* red-slider-handle@2x.png */; };
		29BFA06615BC5F81005E1978 /* stone-slider-handle.png in Resources */ = {isa = PBXBuildFile; fileRef = 29BFA05415BC5F81005E1978 /* stone-slider-handle.png */; };
		29BFA06715BC5F81005E1978 /* stone-slider-handle@2x.png in Resources */ = {isa = PBXBuildFile; fileRef = 29BFA05515BC5F81005E1978 /* stone-slider-handle@2x.png */; };
		5A00547815BC8856001FC92E /* MJSwitchView.xib in Resources */ = {isa = PBXBuildFile; fileRef = 5A00547715BC8856001FC92E /* MJSwitchView.xib */; };
		5AA8BFEA15BBE8110090250E /* GameKit.framework in Frameworks */ = {isa = PBXBuildFile; fileRef = 5AA8BFE915BBE8110090250E /* GameKit.framework */; };
		5AA8BFEE15BBE8490090250E /* MJGameKitClient.m in Sources */ = {isa = PBXBuildFile; fileRef = 5AA8BFED15BBE8490090250E /* MJGameKitClient.m */; };
		5AF4C54615A81ED00055D1A0 /* UIKit.framework in Frameworks */ = {isa = PBXBuildFile; fileRef = 5AF4C54515A81ED00055D1A0 /* UIKit.framework */; };
		5AF4C54815A81ED00055D1A0 /* Foundation.framework in Frameworks */ = {isa = PBXBuildFile; fileRef = 5AF4C54715A81ED00055D1A0 /* Foundation.framework */; };
		5AF4C54A15A81ED00055D1A0 /* CoreGraphics.framework in Frameworks */ = {isa = PBXBuildFile; fileRef = 5AF4C54915A81ED00055D1A0 /* CoreGraphics.framework */; };
		5AF4C55015A81ED00055D1A0 /* InfoPlist.strings in Resources */ = {isa = PBXBuildFile; fileRef = 5AF4C54E15A81ED00055D1A0 /* InfoPlist.strings */; };
		5AF4C55215A81ED00055D1A0 /* main.mm in Sources */ = {isa = PBXBuildFile; fileRef = 5AF4C55115A81ED00055D1A0 /* main.mm */; };
		5AF4C55615A81ED00055D1A0 /* MJAppDelegate.m in Sources */ = {isa = PBXBuildFile; fileRef = 5AF4C55515A81ED00055D1A0 /* MJAppDelegate.m */; };
		5AF4C56915A820E00055D1A0 /* AVFoundation.framework in Frameworks */ = {isa = PBXBuildFile; fileRef = 5AF4C56815A820E00055D1A0 /* AVFoundation.framework */; };
		5AF4C56C15A826310055D1A0 /* AudioToolbox.framework in Frameworks */ = {isa = PBXBuildFile; fileRef = 5AF4C56A15A826310055D1A0 /* AudioToolbox.framework */; };
		5AF4C56D15A826310055D1A0 /* CoreAudio.framework in Frameworks */ = {isa = PBXBuildFile; fileRef = 5AF4C56B15A826310055D1A0 /* CoreAudio.framework */; };
		C97D9A7B15B35A65005A6028 /* blue-grill-flat.png in Resources */ = {isa = PBXBuildFile; fileRef = C97D9A7915B35A65005A6028 /* blue-grill-flat.png */; };
		C97D9A7C15B35A65005A6028 /* blue-grill-flat@2x.png in Resources */ = {isa = PBXBuildFile; fileRef = C97D9A7A15B35A65005A6028 /* blue-grill-flat@2x.png */; };
		C9F32FC415ABD78E00B460DE /* QuartzCore.framework in Frameworks */ = {isa = PBXBuildFile; fileRef = C9F32FC315ABD78E00B460DE /* QuartzCore.framework */; };
		F457F15A15BA87F70097FFB9 /* MJNetworkClient.m in Sources */ = {isa = PBXBuildFile; fileRef = F457F15915BA87F70097FFB9 /* MJNetworkClient.m */; };
		F45AE0C015BB809800B980F1 /* AudioFileReader.mm in Sources */ = {isa = PBXBuildFile; fileRef = F45AE0B915BB809800B980F1 /* AudioFileReader.mm */; settings = {COMPILER_FLAGS = "-fno-objc-arc"; }; };
		F45AE0C115BB809800B980F1 /* AudioFileWriter.m in Sources */ = {isa = PBXBuildFile; fileRef = F45AE0BB15BB809800B980F1 /* AudioFileWriter.m */; settings = {COMPILER_FLAGS = "-fno-objc-arc"; }; };
		F45AE0C215BB809800B980F1 /* Novocaine.m in Sources */ = {isa = PBXBuildFile; fileRef = F45AE0BD15BB809800B980F1 /* Novocaine.m */; settings = {COMPILER_FLAGS = "-fno-objc-arc"; }; };
		F45AE0C315BB809800B980F1 /* RingBuffer.mm in Sources */ = {isa = PBXBuildFile; fileRef = F45AE0BF15BB809800B980F1 /* RingBuffer.mm */; settings = {COMPILER_FLAGS = "-fno-objc-arc"; }; };
		F45AE0C715BB80E100B980F1 /* MJAudioIn.mm in Sources */ = {isa = PBXBuildFile; fileRef = F45AE0C615BB80E100B980F1 /* MJAudioIn.mm */; };
		F45AE0C915BB814000B980F1 /* Accelerate.framework in Frameworks */ = {isa = PBXBuildFile; fileRef = F45AE0C815BB814000B980F1 /* Accelerate.framework */; };
		F478BC8015BBB30600EE427E /* MJScrollViewController.m in Sources */ = {isa = PBXBuildFile; fileRef = F478BC7F15BBB30600EE427E /* MJScrollViewController.m */; };
		F478BCCF15BBB48000EE427E /* blue-bkg.png in Resources */ = {isa = PBXBuildFile; fileRef = F478BC8215BBB48000EE427E /* blue-bkg.png */; };
		F478BCD015BBB48000EE427E /* blue-bkg@2x.png in Resources */ = {isa = PBXBuildFile; fileRef = F478BC8315BBB48000EE427E /* blue-bkg@2x.png */; };
		F478BCD115BBB48000EE427E /* blue-pause-down.png in Resources */ = {isa = PBXBuildFile; fileRef = F478BC8415BBB48000EE427E /* blue-pause-down.png */; };
		F478BCD215BBB48000EE427E /* blue-pause-down@2x.png in Resources */ = {isa = PBXBuildFile; fileRef = F478BC8515BBB48000EE427E /* blue-pause-down@2x.png */; };
		F478BCD315BBB48000EE427E /* blue-pause-up.png in Resources */ = {isa = PBXBuildFile; fileRef = F478BC8615BBB48000EE427E /* blue-pause-up.png */; };
		F478BCD415BBB48000EE427E /* blue-pause-up@2x.png in Resources */ = {isa = PBXBuildFile; fileRef = F478BC8715BBB48000EE427E /* blue-pause-up@2x.png */; };
		F478BCD515BBB48000EE427E /* blue-play-down.png in Resources */ = {isa = PBXBuildFile; fileRef = F478BC8815BBB48000EE427E /* blue-play-down.png */; };
		F478BCD615BBB48000EE427E /* blue-play-down@2x.png in Resources */ = {isa = PBXBuildFile; fileRef = F478BC8915BBB48000EE427E /* blue-play-down@2x.png */; };
		F478BCD715BBB48000EE427E /* blue-play-up.png in Resources */ = {isa = PBXBuildFile; fileRef = F478BC8A15BBB48000EE427E /* blue-play-up.png */; };
		F478BCD815BBB48000EE427E /* blue-play-up@2x.png in Resources */ = {isa = PBXBuildFile; fileRef = F478BC8B15BBB48000EE427E /* blue-play-up@2x.png */; };
		F478BCD915BBB48000EE427E /* button.mp3 in Resources */ = {isa = PBXBuildFile; fileRef = F478BC8C15BBB48000EE427E /* button.mp3 */; };
		F478BCDA15BBB48000EE427E /* charcoal-bkg.png in Resources */ = {isa = PBXBuildFile; fileRef = F478BC8D15BBB48000EE427E /* charcoal-bkg.png */; };
		F478BCDB15BBB48000EE427E /* charcoal-bkg@2x.png in Resources */ = {isa = PBXBuildFile; fileRef = F478BC8E15BBB48000EE427E /* charcoal-bkg@2x.png */; };
		F478BCDC15BBB48000EE427E /* charcoal-grill-flat.png in Resources */ = {isa = PBXBuildFile; fileRef = F478BC8F15BBB48000EE427E /* charcoal-grill-flat.png */; };
		F478BCDD15BBB48000EE427E /* charcoal-grill-flat@2x.png in Resources */ = {isa = PBXBuildFile; fileRef = F478BC9015BBB48000EE427E /* charcoal-grill-flat@2x.png */; };
		F478BCDE15BBB48000EE427E /* charcoal-pause-down.png in Resources */ = {isa = PBXBuildFile; fileRef = F478BC9115BBB48000EE427E /* charcoal-pause-down.png */; };
		F478BCDF15BBB48000EE427E /* charcoal-pause-down@2x.png in Resources */ = {isa = PBXBuildFile; fileRef = F478BC9215BBB48000EE427E /* charcoal-pause-down@2x.png */; };
		F478BCE015BBB48000EE427E /* charcoal-pause-up.png in Resources */ = {isa = PBXBuildFile; fileRef = F478BC9315BBB48000EE427E /* charcoal-pause-up.png */; };
		F478BCE115BBB48000EE427E /* charcoal-pause-up@2x.png in Resources */ = {isa = PBXBuildFile; fileRef = F478BC9415BBB48000EE427E /* charcoal-pause-up@2x.png */; };
		F478BCE215BBB48000EE427E /* charcoal-play-down.png in Resources */ = {isa = PBXBuildFile; fileRef = F478BC9515BBB48000EE427E /* charcoal-play-down.png */; };
		F478BCE315BBB48000EE427E /* charcoal-play-down@2x.png in Resources */ = {isa = PBXBuildFile; fileRef = F478BC9615BBB48000EE427E /* charcoal-play-down@2x.png */; };
		F478BCE415BBB48000EE427E /* charcoal-play-up.png in Resources */ = {isa = PBXBuildFile; fileRef = F478BC9715BBB48000EE427E /* charcoal-play-up.png */; };
		F478BCE515BBB48000EE427E /* charcoal-play-up@2x.png in Resources */ = {isa = PBXBuildFile; fileRef = F478BC9815BBB48000EE427E /* charcoal-play-up@2x.png */; };
		F478BCE615BBB48000EE427E /* gr-bluetooth-connected.png in Resources */ = {isa = PBXBuildFile; fileRef = F478BC9915BBB48000EE427E /* gr-bluetooth-connected.png */; };
		F478BCE715BBB48000EE427E /* gr-bluetooth-connected@2x.png in Resources */ = {isa = PBXBuildFile; fileRef = F478BC9A15BBB48000EE427E /* gr-bluetooth-connected@2x.png */; };
		F478BCE815BBB48000EE427E /* gr-bluetooth-disconnected.png in Resources */ = {isa = PBXBuildFile; fileRef = F478BC9B15BBB48000EE427E /* gr-bluetooth-disconnected.png */; };
		F478BCE915BBB48000EE427E /* gr-bluetooth-disconnected@2x.png in Resources */ = {isa = PBXBuildFile; fileRef = F478BC9C15BBB48000EE427E /* gr-bluetooth-disconnected@2x.png */; };
		F478BCEA15BBB48000EE427E /* gr-bluetooth-pulse.png in Resources */ = {isa = PBXBuildFile; fileRef = F478BC9D15BBB48000EE427E /* gr-bluetooth-pulse.png */; };
		F478BCEB15BBB48000EE427E /* gr-bluetooth-pulse@2x.png in Resources */ = {isa = PBXBuildFile; fileRef = F478BC9E15BBB48000EE427E /* gr-bluetooth-pulse@2x.png */; };
		F478BCEC15BBB48000EE427E /* gr-grill-arrows.png in Resources */ = {isa = PBXBuildFile; fileRef = F478BC9F15BBB48000EE427E /* gr-grill-arrows.png */; };
		F478BCED15BBB48000EE427E /* gr-grill-arrows@2x.png in Resources */ = {isa = PBXBuildFile; fileRef = F478BCA015BBB48000EE427E /* gr-grill-arrows@2x.png */; };
		F478BCEE15BBB48000EE427E /* gr-grill-hexagon.png in Resources */ = {isa = PBXBuildFile; fileRef = F478BCA115BBB48000EE427E /* gr-grill-hexagon.png */; };
		F478BCEF15BBB48000EE427E /* gr-grill-hexagon@2x.png in Resources */ = {isa = PBXBuildFile; fileRef = F478BCA215BBB48000EE427E /* gr-grill-hexagon@2x.png */; };
		F478BCF015BBB48000EE427E /* gr-grill-wavy.png in Resources */ = {isa = PBXBuildFile; fileRef = F478BCA315BBB48000EE427E /* gr-grill-wavy.png */; };
		F478BCF115BBB48000EE427E /* gr-grill-wavy@2x.png in Resources */ = {isa = PBXBuildFile; fileRef = F478BCA415BBB48000EE427E /* gr-grill-wavy@2x.png */; };
		F478BCF215BBB48000EE427E /* gr-megajam.png in Resources */ = {isa = PBXBuildFile; fileRef = F478BCA515BBB48000EE427E /* gr-megajam.png */; };
		F478BCF315BBB48000EE427E /* gr-megajam@2x.png in Resources */ = {isa = PBXBuildFile; fileRef = F478BCA615BBB48000EE427E /* gr-megajam@2x.png */; };
		F478BCF415BBB48000EE427E /* gr-volume-high.png in Resources */ = {isa = PBXBuildFile; fileRef = F478BCA715BBB48000EE427E /* gr-volume-high.png */; };
		F478BCF515BBB48000EE427E /* gr-volume-high@2x.png in Resources */ = {isa = PBXBuildFile; fileRef = F478BCA815BBB48000EE427E /* gr-volume-high@2x.png */; };
		F478BCF615BBB48000EE427E /* gr-volume-low.png in Resources */ = {isa = PBXBuildFile; fileRef = F478BCA915BBB48000EE427E /* gr-volume-low.png */; };
		F478BCF715BBB48000EE427E /* gr-volume-low@2x.png in Resources */ = {isa = PBXBuildFile; fileRef = F478BCAA15BBB48000EE427E /* gr-volume-low@2x.png */; };
		F478BCF815BBB48000EE427E /* green-bkg.png in Resources */ = {isa = PBXBuildFile; fileRef = F478BCAB15BBB48000EE427E /* green-bkg.png */; };
		F478BCF915BBB48000EE427E /* green-bkg@2x.png in Resources */ = {isa = PBXBuildFile; fileRef = F478BCAC15BBB48000EE427E /* green-bkg@2x.png */; };
		F478BCFA15BBB48000EE427E /* green-grill-flat.png in Resources */ = {isa = PBXBuildFile; fileRef = F478BCAD15BBB48000EE427E /* green-grill-flat.png */; };
		F478BCFB15BBB48000EE427E /* green-grill-flat@2x.png in Resources */ = {isa = PBXBuildFile; fileRef = F478BCAE15BBB48000EE427E /* green-grill-flat@2x.png */; };
		F478BCFC15BBB48000EE427E /* green-pause-down.png in Resources */ = {isa = PBXBuildFile; fileRef = F478BCAF15BBB48000EE427E /* green-pause-down.png */; };
		F478BCFD15BBB48000EE427E /* green-pause-down@2x.png in Resources */ = {isa = PBXBuildFile; fileRef = F478BCB015BBB48000EE427E /* green-pause-down@2x.png */; };
		F478BCFE15BBB48000EE427E /* green-pause-up.png in Resources */ = {isa = PBXBuildFile; fileRef = F478BCB115BBB48000EE427E /* green-pause-up.png */; };
		F478BCFF15BBB48000EE427E /* green-pause-up@2x.png in Resources */ = {isa = PBXBuildFile; fileRef = F478BCB215BBB48000EE427E /* green-pause-up@2x.png */; };
		F478BD0015BBB48000EE427E /* green-play-down.png in Resources */ = {isa = PBXBuildFile; fileRef = F478BCB315BBB48000EE427E /* green-play-down.png */; };
		F478BD0115BBB48000EE427E /* green-play-down@2x.png in Resources */ = {isa = PBXBuildFile; fileRef = F478BCB415BBB48000EE427E /* green-play-down@2x.png */; };
		F478BD0215BBB48000EE427E /* green-play-up.png in Resources */ = {isa = PBXBuildFile; fileRef = F478BCB515BBB48000EE427E /* green-play-up.png */; };
		F478BD0315BBB48000EE427E /* green-play-up@2x.png in Resources */ = {isa = PBXBuildFile; fileRef = F478BCB615BBB48000EE427E /* green-play-up@2x.png */; };
		F478BD0415BBB48000EE427E /* red-bkg.png in Resources */ = {isa = PBXBuildFile; fileRef = F478BCB715BBB48000EE427E /* red-bkg.png */; };
		F478BD0515BBB48000EE427E /* red-bkg@2x.png in Resources */ = {isa = PBXBuildFile; fileRef = F478BCB815BBB48000EE427E /* red-bkg@2x.png */; };
		F478BD0615BBB48000EE427E /* red-grill-flat.png in Resources */ = {isa = PBXBuildFile; fileRef = F478BCB915BBB48000EE427E /* red-grill-flat.png */; };
		F478BD0715BBB48000EE427E /* red-grill-flat@2x.png in Resources */ = {isa = PBXBuildFile; fileRef = F478BCBA15BBB48000EE427E /* red-grill-flat@2x.png */; };
		F478BD0815BBB48000EE427E /* red-pause-down.png in Resources */ = {isa = PBXBuildFile; fileRef = F478BCBB15BBB48000EE427E /* red-pause-down.png */; };
		F478BD0915BBB48000EE427E /* red-pause-down@2x.png in Resources */ = {isa = PBXBuildFile; fileRef = F478BCBC15BBB48000EE427E /* red-pause-down@2x.png */; };
		F478BD0A15BBB48000EE427E /* red-pause-up.png in Resources */ = {isa = PBXBuildFile; fileRef = F478BCBD15BBB48000EE427E /* red-pause-up.png */; };
		F478BD0B15BBB48000EE427E /* red-pause-up@2x.png in Resources */ = {isa = PBXBuildFile; fileRef = F478BCBE15BBB48000EE427E /* red-pause-up@2x.png */; };
		F478BD0C15BBB48000EE427E /* red-play-down.png in Resources */ = {isa = PBXBuildFile; fileRef = F478BCBF15BBB48000EE427E /* red-play-down.png */; };
		F478BD0D15BBB48000EE427E /* red-play-down@2x.png in Resources */ = {isa = PBXBuildFile; fileRef = F478BCC015BBB48000EE427E /* red-play-down@2x.png */; };
		F478BD0E15BBB48000EE427E /* red-play-up.png in Resources */ = {isa = PBXBuildFile; fileRef = F478BCC115BBB48000EE427E /* red-play-up.png */; };
		F478BD0F15BBB48000EE427E /* red-play-up@2x.png in Resources */ = {isa = PBXBuildFile; fileRef = F478BCC215BBB48000EE427E /* red-play-up@2x.png */; };
		F478BD1015BBB48000EE427E /* stone-bkg.png in Resources */ = {isa = PBXBuildFile; fileRef = F478BCC315BBB48000EE427E /* stone-bkg.png */; };
		F478BD1115BBB48000EE427E /* stone-bkg@2x.png in Resources */ = {isa = PBXBuildFile; fileRef = F478BCC415BBB48000EE427E /* stone-bkg@2x.png */; };
		F478BD1215BBB48000EE427E /* stone-grill-flat.png in Resources */ = {isa = PBXBuildFile; fileRef = F478BCC515BBB48000EE427E /* stone-grill-flat.png */; };
		F478BD1315BBB48000EE427E /* stone-grill-flat@2x.png in Resources */ = {isa = PBXBuildFile; fileRef = F478BCC615BBB48000EE427E /* stone-grill-flat@2x.png */; };
		F478BD1415BBB48000EE427E /* stone-pause-down.png in Resources */ = {isa = PBXBuildFile; fileRef = F478BCC715BBB48000EE427E /* stone-pause-down.png */; };
		F478BD1515BBB48000EE427E /* stone-pause-down@2x.png in Resources */ = {isa = PBXBuildFile; fileRef = F478BCC815BBB48000EE427E /* stone-pause-down@2x.png */; };
		F478BD1615BBB48000EE427E /* stone-pause-up.png in Resources */ = {isa = PBXBuildFile; fileRef = F478BCC915BBB48000EE427E /* stone-pause-up.png */; };
		F478BD1715BBB48000EE427E /* stone-pause-up@2x.png in Resources */ = {isa = PBXBuildFile; fileRef = F478BCCA15BBB48000EE427E /* stone-pause-up@2x.png */; };
		F478BD1815BBB48000EE427E /* stone-play-down.png in Resources */ = {isa = PBXBuildFile; fileRef = F478BCCB15BBB48000EE427E /* stone-play-down.png */; };
		F478BD1915BBB48000EE427E /* stone-play-down@2x.png in Resources */ = {isa = PBXBuildFile; fileRef = F478BCCC15BBB48000EE427E /* stone-play-down@2x.png */; };
		F478BD1A15BBB48000EE427E /* stone-play-up.png in Resources */ = {isa = PBXBuildFile; fileRef = F478BCCD15BBB48000EE427E /* stone-play-up.png */; };
		F478BD1B15BBB48000EE427E /* stone-play-up@2x.png in Resources */ = {isa = PBXBuildFile; fileRef = F478BCCE15BBB48000EE427E /* stone-play-up@2x.png */; };
		F488E31515BA568E007B6A0B /* MJThemedView.m in Sources */ = {isa = PBXBuildFile; fileRef = F488E31415BA568E007B6A0B /* MJThemedView.m */; };
		F488E33D15BA73BC007B6A0B /* CARingBuffer.cpp in Sources */ = {isa = PBXBuildFile; fileRef = F488E33B15BA73BC007B6A0B /* CARingBuffer.cpp */; };
		F489B12A15BB1D0700F954AA /* CFNetwork.framework in Frameworks */ = {isa = PBXBuildFile; fileRef = F489B12915BB1D0700F954AA /* CFNetwork.framework */; };
		F489B13B15BB3F1600F954AA /* GCDAsyncSocket.m in Sources */ = {isa = PBXBuildFile; fileRef = F489B13215BB3F1600F954AA /* GCDAsyncSocket.m */; };
		F489B13C15BB3F1600F954AA /* GCDAsyncUdpSocket.m in Sources */ = {isa = PBXBuildFile; fileRef = F489B13415BB3F1600F954AA /* GCDAsyncUdpSocket.m */; };
		F489B13D15BB3F1600F954AA /* AsyncSocket.m in Sources */ = {isa = PBXBuildFile; fileRef = F489B13615BB3F1600F954AA /* AsyncSocket.m */; };
		F489B13E15BB3F1600F954AA /* AsyncUdpSocket.m in Sources */ = {isa = PBXBuildFile; fileRef = F489B13815BB3F1600F954AA /* AsyncUdpSocket.m */; };
		F489B15215BB3F2A00F954AA /* DDAbstractDatabaseLogger.m in Sources */ = {isa = PBXBuildFile; fileRef = F489B14315BB3F2A00F954AA /* DDAbstractDatabaseLogger.m */; };
		F489B15315BB3F2A00F954AA /* DDASLLogger.m in Sources */ = {isa = PBXBuildFile; fileRef = F489B14515BB3F2A00F954AA /* DDASLLogger.m */; };
		F489B15415BB3F2A00F954AA /* DDFileLogger.m in Sources */ = {isa = PBXBuildFile; fileRef = F489B14715BB3F2A00F954AA /* DDFileLogger.m */; };
		F489B15515BB3F2A00F954AA /* DDLog.m in Sources */ = {isa = PBXBuildFile; fileRef = F489B14915BB3F2A00F954AA /* DDLog.m */; };
		F489B15615BB3F2A00F954AA /* DDTTYLogger.m in Sources */ = {isa = PBXBuildFile; fileRef = F489B14B15BB3F2A00F954AA /* DDTTYLogger.m */; };
		F489B15715BB3F2A00F954AA /* ContextFilterLogFormatter.m in Sources */ = {isa = PBXBuildFile; fileRef = F489B14E15BB3F2A00F954AA /* ContextFilterLogFormatter.m */; };
		F489B15815BB3F2A00F954AA /* DispatchQueueLogFormatter.m in Sources */ = {isa = PBXBuildFile; fileRef = F489B15015BB3F2A00F954AA /* DispatchQueueLogFormatter.m */; };
		F489B15B15BB406700F954AA /* Security.framework in Frameworks */ = {isa = PBXBuildFile; fileRef = F489B15A15BB406700F954AA /* Security.framework */; };
/* End PBXBuildFile section */

/* Begin PBXFileReference section */
		297FD9B115BC838E00150497 /* Icon.png */ = {isa = PBXFileReference; lastKnownFileType = image.png; path = Icon.png; sourceTree = "<group>"; };
		297FD9B215BC838E00150497 /* Icon@2x.png */ = {isa = PBXFileReference; lastKnownFileType = image.png; path = "Icon@2x.png"; sourceTree = "<group>"; };
		297FD9B315BC838E00150497 /* mjs-bkg.png */ = {isa = PBXFileReference; lastKnownFileType = image.png; path = "mjs-bkg.png"; sourceTree = "<group>"; };
		297FD9B415BC838E00150497 /* mjs-bkg@2x.png */ = {isa = PBXFileReference; lastKnownFileType = image.png; path = "mjs-bkg@2x.png"; sourceTree = "<group>"; };
		297FD9B515BC838E00150497 /* mjs-rocker-off.png */ = {isa = PBXFileReference; lastKnownFileType = image.png; path = "mjs-rocker-off.png"; sourceTree = "<group>"; };
		297FD9B615BC838E00150497 /* mjs-rocker-off@2x.png */ = {isa = PBXFileReference; lastKnownFileType = image.png; path = "mjs-rocker-off@2x.png"; sourceTree = "<group>"; };
		297FD9B715BC838E00150497 /* mjs-rocker-on.png */ = {isa = PBXFileReference; lastKnownFileType = image.png; path = "mjs-rocker-on.png"; sourceTree = "<group>"; };
		297FD9B815BC838E00150497 /* mjs-rocker-on@2x.png */ = {isa = PBXFileReference; lastKnownFileType = image.png; path = "mjs-rocker-on@2x.png"; sourceTree = "<group>"; };
		29B9873E15BA17770037CF82 /* MJAudio.h */ = {isa = PBXFileReference; fileEncoding = 4; lastKnownFileType = sourcecode.c.h; path = MJAudio.h; sourceTree = "<group>"; };
		29B9873F15BA17770037CF82 /* MJAudio.mm */ = {isa = PBXFileReference; fileEncoding = 4; lastKnownFileType = sourcecode.cpp.objcpp; path = MJAudio.mm; sourceTree = "<group>"; };
		29BFA03E15BC5852005E1978 /* MJSessionManager.h */ = {isa = PBXFileReference; fileEncoding = 4; lastKnownFileType = sourcecode.c.h; path = MJSessionManager.h; sourceTree = "<group>"; };
		29BFA03F15BC5852005E1978 /* MJSessionManager.m */ = {isa = PBXFileReference; fileEncoding = 4; lastKnownFileType = sourcecode.c.objc; path = MJSessionManager.m; sourceTree = "<group>"; };
		29BFA04215BC5D57005E1978 /* MediaPlayer.framework */ = {isa = PBXFileReference; lastKnownFileType = wrapper.framework; name = MediaPlayer.framework; path = System/Library/Frameworks/MediaPlayer.framework; sourceTree = SDKROOT; };
		29BFA04415BC5F81005E1978 /* blue-slider-handle.png */ = {isa = PBXFileReference; lastKnownFileType = image.png; path = "blue-slider-handle.png"; sourceTree = "<group>"; };
		29BFA04515BC5F81005E1978 /* blue-slider-handle@2x.png */ = {isa = PBXFileReference; lastKnownFileType = image.png; path = "blue-slider-handle@2x.png"; sourceTree = "<group>"; };
		29BFA04615BC5F81005E1978 /* button-46.mp3 */ = {isa = PBXFileReference; lastKnownFileType = audio.mp3; path = "button-46.mp3"; sourceTree = "<group>"; };
		29BFA04715BC5F81005E1978 /* charcoal-slider-handle.png */ = {isa = PBXFileReference; lastKnownFileType = image.png; path = "charcoal-slider-handle.png"; sourceTree = "<group>"; };
		29BFA04815BC5F81005E1978 /* charcoal-slider-handle@2x.png */ = {isa = PBXFileReference; lastKnownFileType = image.png; path = "charcoal-slider-handle@2x.png"; sourceTree = "<group>"; };
		29BFA04915BC5F81005E1978 /* CinematicBoom.mp3 */ = {isa = PBXFileReference; lastKnownFileType = audio.mp3; path = CinematicBoom.mp3; sourceTree = "<group>"; };
		29BFA04A15BC5F81005E1978 /* gr-slider-fill.png */ = {isa = PBXFileReference; lastKnownFileType = image.png; path = "gr-slider-fill.png"; sourceTree = "<group>"; };
		29BFA04B15BC5F81005E1978 /* gr-slider-fill@2x.png */ = {isa = PBXFileReference; lastKnownFileType = image.png; path = "gr-slider-fill@2x.png"; sourceTree = "<group>"; };
		29BFA04C15BC5F81005E1978 /* gr-slider-track.png */ = {isa = PBXFileReference; lastKnownFileType = image.png; path = "gr-slider-track.png"; sourceTree = "<group>"; };
		29BFA04D15BC5F81005E1978 /* gr-slider-track@2x.png */ = {isa = PBXFileReference; lastKnownFileType = image.png; path = "gr-slider-track@2x.png"; sourceTree = "<group>"; };
		29BFA04E15BC5F81005E1978 /* green-slider-handle.png */ = {isa = PBXFileReference; lastKnownFileType = image.png; path = "green-slider-handle.png"; sourceTree = "<group>"; };
		29BFA04F15BC5F81005E1978 /* green-slider-handle@2x.png */ = {isa = PBXFileReference; lastKnownFileType = image.png; path = "green-slider-handle@2x.png"; sourceTree = "<group>"; };
		29BFA05015BC5F81005E1978 /* multimedia_button_click_029.mp3 */ = {isa = PBXFileReference; lastKnownFileType = audio.mp3; path = multimedia_button_click_029.mp3; sourceTree = "<group>"; };
		29BFA05115BC5F81005E1978 /* quick-blip.mp3 */ = {isa = PBXFileReference; lastKnownFileType = audio.mp3; path = "quick-blip.mp3"; sourceTree = "<group>"; };
		29BFA05215BC5F81005E1978 /* red-slider-handle.png */ = {isa = PBXFileReference; lastKnownFileType = image.png; path = "red-slider-handle.png"; sourceTree = "<group>"; };
		29BFA05315BC5F81005E1978 /* red-slider-handle@2x.png */ = {isa = PBXFileReference; lastKnownFileType = image.png; path = "red-slider-handle@2x.png"; sourceTree = "<group>"; };
		29BFA05415BC5F81005E1978 /* stone-slider-handle.png */ = {isa = PBXFileReference; lastKnownFileType = image.png; path = "stone-slider-handle.png"; sourceTree = "<group>"; };
		29BFA05515BC5F81005E1978 /* stone-slider-handle@2x.png */ = {isa = PBXFileReference; lastKnownFileType = image.png; path = "stone-slider-handle@2x.png"; sourceTree = "<group>"; };
		5A00547715BC8856001FC92E /* MJSwitchView.xib */ = {isa = PBXFileReference; fileEncoding = 4; lastKnownFileType = file.xib; path = MJSwitchView.xib; sourceTree = "<group>"; };
		5AA8BFE915BBE8110090250E /* GameKit.framework */ = {isa = PBXFileReference; lastKnownFileType = wrapper.framework; name = GameKit.framework; path = System/Library/Frameworks/GameKit.framework; sourceTree = SDKROOT; };
		5AA8BFEC15BBE8490090250E /* MJGameKitClient.h */ = {isa = PBXFileReference; fileEncoding = 4; lastKnownFileType = sourcecode.c.h; path = MJGameKitClient.h; sourceTree = "<group>"; };
		5AA8BFED15BBE8490090250E /* MJGameKitClient.m */ = {isa = PBXFileReference; fileEncoding = 4; lastKnownFileType = sourcecode.c.objc; path = MJGameKitClient.m; sourceTree = "<group>"; };
		5AF4C54115A81ED00055D1A0 /* MegaJam.app */ = {isa = PBXFileReference; explicitFileType = wrapper.application; includeInIndex = 0; path = MegaJam.app; sourceTree = BUILT_PRODUCTS_DIR; };
		5AF4C54515A81ED00055D1A0 /* UIKit.framework */ = {isa = PBXFileReference; lastKnownFileType = wrapper.framework; name = UIKit.framework; path = System/Library/Frameworks/UIKit.framework; sourceTree = SDKROOT; };
		5AF4C54715A81ED00055D1A0 /* Foundation.framework */ = {isa = PBXFileReference; lastKnownFileType = wrapper.framework; name = Foundation.framework; path = System/Library/Frameworks/Foundation.framework; sourceTree = SDKROOT; };
		5AF4C54915A81ED00055D1A0 /* CoreGraphics.framework */ = {isa = PBXFileReference; lastKnownFileType = wrapper.framework; name = CoreGraphics.framework; path = System/Library/Frameworks/CoreGraphics.framework; sourceTree = SDKROOT; };
		5AF4C54D15A81ED00055D1A0 /* MegaJam-Info.plist */ = {isa = PBXFileReference; lastKnownFileType = text.plist.xml; path = "MegaJam-Info.plist"; sourceTree = "<group>"; };
		5AF4C54F15A81ED00055D1A0 /* en */ = {isa = PBXFileReference; lastKnownFileType = text.plist.strings; name = en; path = en.lproj/InfoPlist.strings; sourceTree = "<group>"; };
		5AF4C55115A81ED00055D1A0 /* main.mm */ = {isa = PBXFileReference; lastKnownFileType = sourcecode.cpp.objcpp; path = main.mm; sourceTree = "<group>"; };
		5AF4C55315A81ED00055D1A0 /* MegaJam-Prefix.pch */ = {isa = PBXFileReference; lastKnownFileType = sourcecode.c.h; path = "MegaJam-Prefix.pch"; sourceTree = "<group>"; };
		5AF4C55415A81ED00055D1A0 /* MJAppDelegate.h */ = {isa = PBXFileReference; lastKnownFileType = sourcecode.c.h; path = MJAppDelegate.h; sourceTree = "<group>"; };
		5AF4C55515A81ED00055D1A0 /* MJAppDelegate.m */ = {isa = PBXFileReference; lastKnownFileType = sourcecode.c.objc; path = MJAppDelegate.m; sourceTree = "<group>"; };
		5AF4C56815A820E00055D1A0 /* AVFoundation.framework */ = {isa = PBXFileReference; lastKnownFileType = wrapper.framework; name = AVFoundation.framework; path = System/Library/Frameworks/AVFoundation.framework; sourceTree = SDKROOT; };
		5AF4C56A15A826310055D1A0 /* AudioToolbox.framework */ = {isa = PBXFileReference; lastKnownFileType = wrapper.framework; name = AudioToolbox.framework; path = System/Library/Frameworks/AudioToolbox.framework; sourceTree = SDKROOT; };
		5AF4C56B15A826310055D1A0 /* CoreAudio.framework */ = {isa = PBXFileReference; lastKnownFileType = wrapper.framework; name = CoreAudio.framework; path = System/Library/Frameworks/CoreAudio.framework; sourceTree = SDKROOT; };
		C97D9A7915B35A65005A6028 /* blue-grill-flat.png */ = {isa = PBXFileReference; lastKnownFileType = image.png; path = "blue-grill-flat.png"; sourceTree = "<group>"; };
		C97D9A7A15B35A65005A6028 /* blue-grill-flat@2x.png */ = {isa = PBXFileReference; lastKnownFileType = image.png; path = "blue-grill-flat@2x.png"; sourceTree = "<group>"; };
		C9F32FC315ABD78E00B460DE /* QuartzCore.framework */ = {isa = PBXFileReference; lastKnownFileType = wrapper.framework; name = QuartzCore.framework; path = System/Library/Frameworks/QuartzCore.framework; sourceTree = SDKROOT; };
		F457F15415BA854A0097FFB9 /* CABitOperations.h */ = {isa = PBXFileReference; fileEncoding = 4; lastKnownFileType = sourcecode.c.h; path = CABitOperations.h; sourceTree = "<group>"; };
		F457F15615BA85950097FFB9 /* CAAutoDisposer.h */ = {isa = PBXFileReference; fileEncoding = 4; lastKnownFileType = sourcecode.c.h; path = CAAutoDisposer.h; sourceTree = "<group>"; };
		F457F15715BA85E30097FFB9 /* CAAtomic.h */ = {isa = PBXFileReference; fileEncoding = 4; lastKnownFileType = sourcecode.c.h; path = CAAtomic.h; sourceTree = "<group>"; };
		F457F15815BA87F70097FFB9 /* MJNetworkClient.h */ = {isa = PBXFileReference; fileEncoding = 4; lastKnownFileType = sourcecode.c.h; path = MJNetworkClient.h; sourceTree = "<group>"; };
		F457F15915BA87F70097FFB9 /* MJNetworkClient.m */ = {isa = PBXFileReference; fileEncoding = 4; lastKnownFileType = sourcecode.c.objc; path = MJNetworkClient.m; sourceTree = "<group>"; };
		F45AE0B815BB809800B980F1 /* AudioFileReader.h */ = {isa = PBXFileReference; fileEncoding = 4; lastKnownFileType = sourcecode.c.h; path = AudioFileReader.h; sourceTree = "<group>"; };
		F45AE0B915BB809800B980F1 /* AudioFileReader.mm */ = {isa = PBXFileReference; fileEncoding = 4; lastKnownFileType = sourcecode.cpp.objcpp; path = AudioFileReader.mm; sourceTree = "<group>"; };
		F45AE0BA15BB809800B980F1 /* AudioFileWriter.h */ = {isa = PBXFileReference; fileEncoding = 4; lastKnownFileType = sourcecode.c.h; path = AudioFileWriter.h; sourceTree = "<group>"; };
		F45AE0BB15BB809800B980F1 /* AudioFileWriter.m */ = {isa = PBXFileReference; fileEncoding = 4; lastKnownFileType = sourcecode.c.objc; path = AudioFileWriter.m; sourceTree = "<group>"; };
		F45AE0BC15BB809800B980F1 /* Novocaine.h */ = {isa = PBXFileReference; fileEncoding = 4; lastKnownFileType = sourcecode.c.h; path = Novocaine.h; sourceTree = "<group>"; };
		F45AE0BD15BB809800B980F1 /* Novocaine.m */ = {isa = PBXFileReference; fileEncoding = 4; lastKnownFileType = sourcecode.c.objc; path = Novocaine.m; sourceTree = "<group>"; };
		F45AE0BE15BB809800B980F1 /* RingBuffer.h */ = {isa = PBXFileReference; fileEncoding = 4; lastKnownFileType = sourcecode.c.h; path = RingBuffer.h; sourceTree = "<group>"; };
		F45AE0BF15BB809800B980F1 /* RingBuffer.mm */ = {isa = PBXFileReference; fileEncoding = 4; lastKnownFileType = sourcecode.cpp.objcpp; path = RingBuffer.mm; sourceTree = "<group>"; };
		F45AE0C515BB80E100B980F1 /* MJAudioIn.h */ = {isa = PBXFileReference; fileEncoding = 4; lastKnownFileType = sourcecode.c.h; path = MJAudioIn.h; sourceTree = "<group>"; };
		F45AE0C615BB80E100B980F1 /* MJAudioIn.mm */ = {isa = PBXFileReference; fileEncoding = 4; lastKnownFileType = sourcecode.cpp.objcpp; path = MJAudioIn.mm; sourceTree = "<group>"; };
		F45AE0C815BB814000B980F1 /* Accelerate.framework */ = {isa = PBXFileReference; lastKnownFileType = wrapper.framework; name = Accelerate.framework; path = System/Library/Frameworks/Accelerate.framework; sourceTree = SDKROOT; };
		F478BC7E15BBB30600EE427E /* MJScrollViewController.h */ = {isa = PBXFileReference; fileEncoding = 4; lastKnownFileType = sourcecode.c.h; path = MJScrollViewController.h; sourceTree = "<group>"; };
		F478BC7F15BBB30600EE427E /* MJScrollViewController.m */ = {isa = PBXFileReference; fileEncoding = 4; lastKnownFileType = sourcecode.c.objc; path = MJScrollViewController.m; sourceTree = "<group>"; };
		F478BC8215BBB48000EE427E /* blue-bkg.png */ = {isa = PBXFileReference; lastKnownFileType = image.png; path = "blue-bkg.png"; sourceTree = "<group>"; };
		F478BC8315BBB48000EE427E /* blue-bkg@2x.png */ = {isa = PBXFileReference; lastKnownFileType = image.png; path = "blue-bkg@2x.png"; sourceTree = "<group>"; };
		F478BC8415BBB48000EE427E /* blue-pause-down.png */ = {isa = PBXFileReference; lastKnownFileType = image.png; path = "blue-pause-down.png"; sourceTree = "<group>"; };
		F478BC8515BBB48000EE427E /* blue-pause-down@2x.png */ = {isa = PBXFileReference; lastKnownFileType = image.png; path = "blue-pause-down@2x.png"; sourceTree = "<group>"; };
		F478BC8615BBB48000EE427E /* blue-pause-up.png */ = {isa = PBXFileReference; lastKnownFileType = image.png; path = "blue-pause-up.png"; sourceTree = "<group>"; };
		F478BC8715BBB48000EE427E /* blue-pause-up@2x.png */ = {isa = PBXFileReference; lastKnownFileType = image.png; path = "blue-pause-up@2x.png"; sourceTree = "<group>"; };
		F478BC8815BBB48000EE427E /* blue-play-down.png */ = {isa = PBXFileReference; lastKnownFileType = image.png; path = "blue-play-down.png"; sourceTree = "<group>"; };
		F478BC8915BBB48000EE427E /* blue-play-down@2x.png */ = {isa = PBXFileReference; lastKnownFileType = image.png; path = "blue-play-down@2x.png"; sourceTree = "<group>"; };
		F478BC8A15BBB48000EE427E /* blue-play-up.png */ = {isa = PBXFileReference; lastKnownFileType = image.png; path = "blue-play-up.png"; sourceTree = "<group>"; };
		F478BC8B15BBB48000EE427E /* blue-play-up@2x.png */ = {isa = PBXFileReference; lastKnownFileType = image.png; path = "blue-play-up@2x.png"; sourceTree = "<group>"; };
		F478BC8C15BBB48000EE427E /* button.mp3 */ = {isa = PBXFileReference; lastKnownFileType = audio.mp3; path = button.mp3; sourceTree = "<group>"; };
		F478BC8D15BBB48000EE427E /* charcoal-bkg.png */ = {isa = PBXFileReference; lastKnownFileType = image.png; path = "charcoal-bkg.png"; sourceTree = "<group>"; };
		F478BC8E15BBB48000EE427E /* charcoal-bkg@2x.png */ = {isa = PBXFileReference; lastKnownFileType = image.png; path = "charcoal-bkg@2x.png"; sourceTree = "<group>"; };
		F478BC8F15BBB48000EE427E /* charcoal-grill-flat.png */ = {isa = PBXFileReference; lastKnownFileType = image.png; path = "charcoal-grill-flat.png"; sourceTree = "<group>"; };
		F478BC9015BBB48000EE427E /* charcoal-grill-flat@2x.png */ = {isa = PBXFileReference; lastKnownFileType = image.png; path = "charcoal-grill-flat@2x.png"; sourceTree = "<group>"; };
		F478BC9115BBB48000EE427E /* charcoal-pause-down.png */ = {isa = PBXFileReference; lastKnownFileType = image.png; path = "charcoal-pause-down.png"; sourceTree = "<group>"; };
		F478BC9215BBB48000EE427E /* charcoal-pause-down@2x.png */ = {isa = PBXFileReference; lastKnownFileType = image.png; path = "charcoal-pause-down@2x.png"; sourceTree = "<group>"; };
		F478BC9315BBB48000EE427E /* charcoal-pause-up.png */ = {isa = PBXFileReference; lastKnownFileType = image.png; path = "charcoal-pause-up.png"; sourceTree = "<group>"; };
		F478BC9415BBB48000EE427E /* charcoal-pause-up@2x.png */ = {isa = PBXFileReference; lastKnownFileType = image.png; path = "charcoal-pause-up@2x.png"; sourceTree = "<group>"; };
		F478BC9515BBB48000EE427E /* charcoal-play-down.png */ = {isa = PBXFileReference; lastKnownFileType = image.png; path = "charcoal-play-down.png"; sourceTree = "<group>"; };
		F478BC9615BBB48000EE427E /* charcoal-play-down@2x.png */ = {isa = PBXFileReference; lastKnownFileType = image.png; path = "charcoal-play-down@2x.png"; sourceTree = "<group>"; };
		F478BC9715BBB48000EE427E /* charcoal-play-up.png */ = {isa = PBXFileReference; lastKnownFileType = image.png; path = "charcoal-play-up.png"; sourceTree = "<group>"; };
		F478BC9815BBB48000EE427E /* charcoal-play-up@2x.png */ = {isa = PBXFileReference; lastKnownFileType = image.png; path = "charcoal-play-up@2x.png"; sourceTree = "<group>"; };
		F478BC9915BBB48000EE427E /* gr-bluetooth-connected.png */ = {isa = PBXFileReference; lastKnownFileType = image.png; path = "gr-bluetooth-connected.png"; sourceTree = "<group>"; };
		F478BC9A15BBB48000EE427E /* gr-bluetooth-connected@2x.png */ = {isa = PBXFileReference; lastKnownFileType = image.png; path = "gr-bluetooth-connected@2x.png"; sourceTree = "<group>"; };
		F478BC9B15BBB48000EE427E /* gr-bluetooth-disconnected.png */ = {isa = PBXFileReference; lastKnownFileType = image.png; path = "gr-bluetooth-disconnected.png"; sourceTree = "<group>"; };
		F478BC9C15BBB48000EE427E /* gr-bluetooth-disconnected@2x.png */ = {isa = PBXFileReference; lastKnownFileType = image.png; path = "gr-bluetooth-disconnected@2x.png"; sourceTree = "<group>"; };
		F478BC9D15BBB48000EE427E /* gr-bluetooth-pulse.png */ = {isa = PBXFileReference; lastKnownFileType = image.png; path = "gr-bluetooth-pulse.png"; sourceTree = "<group>"; };
		F478BC9E15BBB48000EE427E /* gr-bluetooth-pulse@2x.png */ = {isa = PBXFileReference; lastKnownFileType = image.png; path = "gr-bluetooth-pulse@2x.png"; sourceTree = "<group>"; };
		F478BC9F15BBB48000EE427E /* gr-grill-arrows.png */ = {isa = PBXFileReference; lastKnownFileType = image.png; path = "gr-grill-arrows.png"; sourceTree = "<group>"; };
		F478BCA015BBB48000EE427E /* gr-grill-arrows@2x.png */ = {isa = PBXFileReference; lastKnownFileType = image.png; path = "gr-grill-arrows@2x.png"; sourceTree = "<group>"; };
		F478BCA115BBB48000EE427E /* gr-grill-hexagon.png */ = {isa = PBXFileReference; lastKnownFileType = image.png; path = "gr-grill-hexagon.png"; sourceTree = "<group>"; };
		F478BCA215BBB48000EE427E /* gr-grill-hexagon@2x.png */ = {isa = PBXFileReference; lastKnownFileType = image.png; path = "gr-grill-hexagon@2x.png"; sourceTree = "<group>"; };
		F478BCA315BBB48000EE427E /* gr-grill-wavy.png */ = {isa = PBXFileReference; lastKnownFileType = image.png; path = "gr-grill-wavy.png"; sourceTree = "<group>"; };
		F478BCA415BBB48000EE427E /* gr-grill-wavy@2x.png */ = {isa = PBXFileReference; lastKnownFileType = image.png; path = "gr-grill-wavy@2x.png"; sourceTree = "<group>"; };
		F478BCA515BBB48000EE427E /* gr-megajam.png */ = {isa = PBXFileReference; lastKnownFileType = image.png; path = "gr-megajam.png"; sourceTree = "<group>"; };
		F478BCA615BBB48000EE427E /* gr-megajam@2x.png */ = {isa = PBXFileReference; lastKnownFileType = image.png; path = "gr-megajam@2x.png"; sourceTree = "<group>"; };
		F478BCA715BBB48000EE427E /* gr-volume-high.png */ = {isa = PBXFileReference; lastKnownFileType = image.png; path = "gr-volume-high.png"; sourceTree = "<group>"; };
		F478BCA815BBB48000EE427E /* gr-volume-high@2x.png */ = {isa = PBXFileReference; lastKnownFileType = image.png; path = "gr-volume-high@2x.png"; sourceTree = "<group>"; };
		F478BCA915BBB48000EE427E /* gr-volume-low.png */ = {isa = PBXFileReference; lastKnownFileType = image.png; path = "gr-volume-low.png"; sourceTree = "<group>"; };
		F478BCAA15BBB48000EE427E /* gr-volume-low@2x.png */ = {isa = PBXFileReference; lastKnownFileType = image.png; path = "gr-volume-low@2x.png"; sourceTree = "<group>"; };
		F478BCAB15BBB48000EE427E /* green-bkg.png */ = {isa = PBXFileReference; lastKnownFileType = image.png; path = "green-bkg.png"; sourceTree = "<group>"; };
		F478BCAC15BBB48000EE427E /* green-bkg@2x.png */ = {isa = PBXFileReference; lastKnownFileType = image.png; path = "green-bkg@2x.png"; sourceTree = "<group>"; };
		F478BCAD15BBB48000EE427E /* green-grill-flat.png */ = {isa = PBXFileReference; lastKnownFileType = image.png; path = "green-grill-flat.png"; sourceTree = "<group>"; };
		F478BCAE15BBB48000EE427E /* green-grill-flat@2x.png */ = {isa = PBXFileReference; lastKnownFileType = image.png; path = "green-grill-flat@2x.png"; sourceTree = "<group>"; };
		F478BCAF15BBB48000EE427E /* green-pause-down.png */ = {isa = PBXFileReference; lastKnownFileType = image.png; path = "green-pause-down.png"; sourceTree = "<group>"; };
		F478BCB015BBB48000EE427E /* green-pause-down@2x.png */ = {isa = PBXFileReference; lastKnownFileType = image.png; path = "green-pause-down@2x.png"; sourceTree = "<group>"; };
		F478BCB115BBB48000EE427E /* green-pause-up.png */ = {isa = PBXFileReference; lastKnownFileType = image.png; path = "green-pause-up.png"; sourceTree = "<group>"; };
		F478BCB215BBB48000EE427E /* green-pause-up@2x.png */ = {isa = PBXFileReference; lastKnownFileType = image.png; path = "green-pause-up@2x.png"; sourceTree = "<group>"; };
		F478BCB315BBB48000EE427E /* green-play-down.png */ = {isa = PBXFileReference; lastKnownFileType = image.png; path = "green-play-down.png"; sourceTree = "<group>"; };
		F478BCB415BBB48000EE427E /* green-play-down@2x.png */ = {isa = PBXFileReference; lastKnownFileType = image.png; path = "green-play-down@2x.png"; sourceTree = "<group>"; };
		F478BCB515BBB48000EE427E /* green-play-up.png */ = {isa = PBXFileReference; lastKnownFileType = image.png; path = "green-play-up.png"; sourceTree = "<group>"; };
		F478BCB615BBB48000EE427E /* green-play-up@2x.png */ = {isa = PBXFileReference; lastKnownFileType = image.png; path = "green-play-up@2x.png"; sourceTree = "<group>"; };
		F478BCB715BBB48000EE427E /* red-bkg.png */ = {isa = PBXFileReference; lastKnownFileType = image.png; path = "red-bkg.png"; sourceTree = "<group>"; };
		F478BCB815BBB48000EE427E /* red-bkg@2x.png */ = {isa = PBXFileReference; lastKnownFileType = image.png; path = "red-bkg@2x.png"; sourceTree = "<group>"; };
		F478BCB915BBB48000EE427E /* red-grill-flat.png */ = {isa = PBXFileReference; lastKnownFileType = image.png; path = "red-grill-flat.png"; sourceTree = "<group>"; };
		F478BCBA15BBB48000EE427E /* red-grill-flat@2x.png */ = {isa = PBXFileReference; lastKnownFileType = image.png; path = "red-grill-flat@2x.png"; sourceTree = "<group>"; };
		F478BCBB15BBB48000EE427E /* red-pause-down.png */ = {isa = PBXFileReference; lastKnownFileType = image.png; path = "red-pause-down.png"; sourceTree = "<group>"; };
		F478BCBC15BBB48000EE427E /* red-pause-down@2x.png */ = {isa = PBXFileReference; lastKnownFileType = image.png; path = "red-pause-down@2x.png"; sourceTree = "<group>"; };
		F478BCBD15BBB48000EE427E /* red-pause-up.png */ = {isa = PBXFileReference; lastKnownFileType = image.png; path = "red-pause-up.png"; sourceTree = "<group>"; };
		F478BCBE15BBB48000EE427E /* red-pause-up@2x.png */ = {isa = PBXFileReference; lastKnownFileType = image.png; path = "red-pause-up@2x.png"; sourceTree = "<group>"; };
		F478BCBF15BBB48000EE427E /* red-play-down.png */ = {isa = PBXFileReference; lastKnownFileType = image.png; path = "red-play-down.png"; sourceTree = "<group>"; };
		F478BCC015BBB48000EE427E /* red-play-down@2x.png */ = {isa = PBXFileReference; lastKnownFileType = image.png; path = "red-play-down@2x.png"; sourceTree = "<group>"; };
		F478BCC115BBB48000EE427E /* red-play-up.png */ = {isa = PBXFileReference; lastKnownFileType = image.png; path = "red-play-up.png"; sourceTree = "<group>"; };
		F478BCC215BBB48000EE427E /* red-play-up@2x.png */ = {isa = PBXFileReference; lastKnownFileType = image.png; path = "red-play-up@2x.png"; sourceTree = "<group>"; };
		F478BCC315BBB48000EE427E /* stone-bkg.png */ = {isa = PBXFileReference; lastKnownFileType = image.png; path = "stone-bkg.png"; sourceTree = "<group>"; };
		F478BCC415BBB48000EE427E /* stone-bkg@2x.png */ = {isa = PBXFileReference; lastKnownFileType = image.png; path = "stone-bkg@2x.png"; sourceTree = "<group>"; };
		F478BCC515BBB48000EE427E /* stone-grill-flat.png */ = {isa = PBXFileReference; lastKnownFileType = image.png; path = "stone-grill-flat.png"; sourceTree = "<group>"; };
		F478BCC615BBB48000EE427E /* stone-grill-flat@2x.png */ = {isa = PBXFileReference; lastKnownFileType = image.png; path = "stone-grill-flat@2x.png"; sourceTree = "<group>"; };
		F478BCC715BBB48000EE427E /* stone-pause-down.png */ = {isa = PBXFileReference; lastKnownFileType = image.png; path = "stone-pause-down.png"; sourceTree = "<group>"; };
		F478BCC815BBB48000EE427E /* stone-pause-down@2x.png */ = {isa = PBXFileReference; lastKnownFileType = image.png; path = "stone-pause-down@2x.png"; sourceTree = "<group>"; };
		F478BCC915BBB48000EE427E /* stone-pause-up.png */ = {isa = PBXFileReference; lastKnownFileType = image.png; path = "stone-pause-up.png"; sourceTree = "<group>"; };
		F478BCCA15BBB48000EE427E /* stone-pause-up@2x.png */ = {isa = PBXFileReference; lastKnownFileType = image.png; path = "stone-pause-up@2x.png"; sourceTree = "<group>"; };
		F478BCCB15BBB48000EE427E /* stone-play-down.png */ = {isa = PBXFileReference; lastKnownFileType = image.png; path = "stone-play-down.png"; sourceTree = "<group>"; };
		F478BCCC15BBB48000EE427E /* stone-play-down@2x.png */ = {isa = PBXFileReference; lastKnownFileType = image.png; path = "stone-play-down@2x.png"; sourceTree = "<group>"; };
		F478BCCD15BBB48000EE427E /* stone-play-up.png */ = {isa = PBXFileReference; lastKnownFileType = image.png; path = "stone-play-up.png"; sourceTree = "<group>"; };
		F478BCCE15BBB48000EE427E /* stone-play-up@2x.png */ = {isa = PBXFileReference; lastKnownFileType = image.png; path = "stone-play-up@2x.png"; sourceTree = "<group>"; };
		F478BD4915BBBDF900EE427E /* MJPlayPauseDelegate.h */ = {isa = PBXFileReference; fileEncoding = 4; lastKnownFileType = sourcecode.c.h; path = MJPlayPauseDelegate.h; sourceTree = "<group>"; };
		F488E31215BA568E007B6A0B /* MJConstants.h */ = {isa = PBXFileReference; fileEncoding = 4; lastKnownFileType = sourcecode.c.h; path = MJConstants.h; sourceTree = "<group>"; };
		F488E31315BA568E007B6A0B /* MJThemedView.h */ = {isa = PBXFileReference; fileEncoding = 4; lastKnownFileType = sourcecode.c.h; path = MJThemedView.h; sourceTree = "<group>"; };
		F488E31415BA568E007B6A0B /* MJThemedView.m */ = {isa = PBXFileReference; fileEncoding = 4; lastKnownFileType = sourcecode.c.objc; path = MJThemedView.m; sourceTree = "<group>"; };
		F488E33B15BA73BC007B6A0B /* CARingBuffer.cpp */ = {isa = PBXFileReference; fileEncoding = 4; lastKnownFileType = sourcecode.cpp.cpp; path = CARingBuffer.cpp; sourceTree = "<group>"; };
		F488E33C15BA73BC007B6A0B /* CARingBuffer.h */ = {isa = PBXFileReference; fileEncoding = 4; lastKnownFileType = sourcecode.c.h; path = CARingBuffer.h; sourceTree = "<group>"; };
		F489B12915BB1D0700F954AA /* CFNetwork.framework */ = {isa = PBXFileReference; lastKnownFileType = wrapper.framework; name = CFNetwork.framework; path = System/Library/Frameworks/CFNetwork.framework; sourceTree = SDKROOT; };
		F489B13015BB3F1600F954AA /* Documentation.html */ = {isa = PBXFileReference; fileEncoding = 4; lastKnownFileType = text.html; name = Documentation.html; path = lib/asyncSocket/GCD/Documentation.html; sourceTree = SOURCE_ROOT; };
		F489B13115BB3F1600F954AA /* GCDAsyncSocket.h */ = {isa = PBXFileReference; fileEncoding = 4; lastKnownFileType = sourcecode.c.h; name = GCDAsyncSocket.h; path = lib/asyncSocket/GCD/GCDAsyncSocket.h; sourceTree = SOURCE_ROOT; };
		F489B13215BB3F1600F954AA /* GCDAsyncSocket.m */ = {isa = PBXFileReference; fileEncoding = 4; lastKnownFileType = sourcecode.c.objc; name = GCDAsyncSocket.m; path = lib/asyncSocket/GCD/GCDAsyncSocket.m; sourceTree = SOURCE_ROOT; };
		F489B13315BB3F1600F954AA /* GCDAsyncUdpSocket.h */ = {isa = PBXFileReference; fileEncoding = 4; lastKnownFileType = sourcecode.c.h; name = GCDAsyncUdpSocket.h; path = lib/asyncSocket/GCD/GCDAsyncUdpSocket.h; sourceTree = SOURCE_ROOT; };
		F489B13415BB3F1600F954AA /* GCDAsyncUdpSocket.m */ = {isa = PBXFileReference; fileEncoding = 4; lastKnownFileType = sourcecode.c.objc; name = GCDAsyncUdpSocket.m; path = lib/asyncSocket/GCD/GCDAsyncUdpSocket.m; sourceTree = SOURCE_ROOT; };
		F489B13515BB3F1600F954AA /* AsyncSocket.h */ = {isa = PBXFileReference; fileEncoding = 4; lastKnownFileType = sourcecode.c.h; name = AsyncSocket.h; path = lib/asyncSocket/RunLoop/AsyncSocket.h; sourceTree = SOURCE_ROOT; };
		F489B13615BB3F1600F954AA /* AsyncSocket.m */ = {isa = PBXFileReference; fileEncoding = 4; lastKnownFileType = sourcecode.c.objc; name = AsyncSocket.m; path = lib/asyncSocket/RunLoop/AsyncSocket.m; sourceTree = SOURCE_ROOT; };
		F489B13715BB3F1600F954AA /* AsyncUdpSocket.h */ = {isa = PBXFileReference; fileEncoding = 4; lastKnownFileType = sourcecode.c.h; name = AsyncUdpSocket.h; path = lib/asyncSocket/RunLoop/AsyncUdpSocket.h; sourceTree = SOURCE_ROOT; };
		F489B13815BB3F1600F954AA /* AsyncUdpSocket.m */ = {isa = PBXFileReference; fileEncoding = 4; lastKnownFileType = sourcecode.c.objc; name = AsyncUdpSocket.m; path = lib/asyncSocket/RunLoop/AsyncUdpSocket.m; sourceTree = SOURCE_ROOT; };
		F489B13915BB3F1600F954AA /* Documentation.html */ = {isa = PBXFileReference; fileEncoding = 4; lastKnownFileType = text.html; name = Documentation.html; path = lib/asyncSocket/RunLoop/Documentation.html; sourceTree = SOURCE_ROOT; };
		F489B14215BB3F2A00F954AA /* DDAbstractDatabaseLogger.h */ = {isa = PBXFileReference; fileEncoding = 4; lastKnownFileType = sourcecode.c.h; path = DDAbstractDatabaseLogger.h; sourceTree = "<group>"; };
		F489B14315BB3F2A00F954AA /* DDAbstractDatabaseLogger.m */ = {isa = PBXFileReference; fileEncoding = 4; lastKnownFileType = sourcecode.c.objc; path = DDAbstractDatabaseLogger.m; sourceTree = "<group>"; };
		F489B14415BB3F2A00F954AA /* DDASLLogger.h */ = {isa = PBXFileReference; fileEncoding = 4; lastKnownFileType = sourcecode.c.h; path = DDASLLogger.h; sourceTree = "<group>"; };
		F489B14515BB3F2A00F954AA /* DDASLLogger.m */ = {isa = PBXFileReference; fileEncoding = 4; lastKnownFileType = sourcecode.c.objc; path = DDASLLogger.m; sourceTree = "<group>"; };
		F489B14615BB3F2A00F954AA /* DDFileLogger.h */ = {isa = PBXFileReference; fileEncoding = 4; lastKnownFileType = sourcecode.c.h; path = DDFileLogger.h; sourceTree = "<group>"; };
		F489B14715BB3F2A00F954AA /* DDFileLogger.m */ = {isa = PBXFileReference; fileEncoding = 4; lastKnownFileType = sourcecode.c.objc; path = DDFileLogger.m; sourceTree = "<group>"; };
		F489B14815BB3F2A00F954AA /* DDLog.h */ = {isa = PBXFileReference; fileEncoding = 4; lastKnownFileType = sourcecode.c.h; path = DDLog.h; sourceTree = "<group>"; };
		F489B14915BB3F2A00F954AA /* DDLog.m */ = {isa = PBXFileReference; fileEncoding = 4; lastKnownFileType = sourcecode.c.objc; path = DDLog.m; sourceTree = "<group>"; };
		F489B14A15BB3F2A00F954AA /* DDTTYLogger.h */ = {isa = PBXFileReference; fileEncoding = 4; lastKnownFileType = sourcecode.c.h; path = DDTTYLogger.h; sourceTree = "<group>"; };
		F489B14B15BB3F2A00F954AA /* DDTTYLogger.m */ = {isa = PBXFileReference; fileEncoding = 4; lastKnownFileType = sourcecode.c.objc; path = DDTTYLogger.m; sourceTree = "<group>"; };
		F489B14D15BB3F2A00F954AA /* ContextFilterLogFormatter.h */ = {isa = PBXFileReference; fileEncoding = 4; lastKnownFileType = sourcecode.c.h; path = ContextFilterLogFormatter.h; sourceTree = "<group>"; };
		F489B14E15BB3F2A00F954AA /* ContextFilterLogFormatter.m */ = {isa = PBXFileReference; fileEncoding = 4; lastKnownFileType = sourcecode.c.objc; path = ContextFilterLogFormatter.m; sourceTree = "<group>"; };
		F489B14F15BB3F2A00F954AA /* DispatchQueueLogFormatter.h */ = {isa = PBXFileReference; fileEncoding = 4; lastKnownFileType = sourcecode.c.h; path = DispatchQueueLogFormatter.h; sourceTree = "<group>"; };
		F489B15015BB3F2A00F954AA /* DispatchQueueLogFormatter.m */ = {isa = PBXFileReference; fileEncoding = 4; lastKnownFileType = sourcecode.c.objc; path = DispatchQueueLogFormatter.m; sourceTree = "<group>"; };
		F489B15115BB3F2A00F954AA /* README.txt */ = {isa = PBXFileReference; fileEncoding = 4; lastKnownFileType = text; path = README.txt; sourceTree = "<group>"; };
		F489B15A15BB406700F954AA /* Security.framework */ = {isa = PBXFileReference; lastKnownFileType = wrapper.framework; name = Security.framework; path = System/Library/Frameworks/Security.framework; sourceTree = SDKROOT; };
/* End PBXFileReference section */

/* Begin PBXFrameworksBuildPhase section */
		5AF4C53E15A81ED00055D1A0 /* Frameworks */ = {
			isa = PBXFrameworksBuildPhase;
			buildActionMask = 2147483647;
			files = (
				29BFA04315BC5D57005E1978 /* MediaPlayer.framework in Frameworks */,
				5AA8BFEA15BBE8110090250E /* GameKit.framework in Frameworks */,
				F45AE0C915BB814000B980F1 /* Accelerate.framework in Frameworks */,
				F489B15B15BB406700F954AA /* Security.framework in Frameworks */,
				F489B12A15BB1D0700F954AA /* CFNetwork.framework in Frameworks */,
				C9F32FC415ABD78E00B460DE /* QuartzCore.framework in Frameworks */,
				5AF4C56C15A826310055D1A0 /* AudioToolbox.framework in Frameworks */,
				5AF4C56D15A826310055D1A0 /* CoreAudio.framework in Frameworks */,
				5AF4C56915A820E00055D1A0 /* AVFoundation.framework in Frameworks */,
				5AF4C54615A81ED00055D1A0 /* UIKit.framework in Frameworks */,
				5AF4C54815A81ED00055D1A0 /* Foundation.framework in Frameworks */,
				5AF4C54A15A81ED00055D1A0 /* CoreGraphics.framework in Frameworks */,
			);
			runOnlyForDeploymentPostprocessing = 0;
		};
/* End PBXFrameworksBuildPhase section */

/* Begin PBXGroup section */
		5AF4C53615A81ED00055D1A0 = {
			isa = PBXGroup;
			children = (
				29BFA04215BC5D57005E1978 /* MediaPlayer.framework */,
				5AF4C54B15A81ED00055D1A0 /* MegaJam */,
				5AF4C54415A81ED00055D1A0 /* Frameworks */,
				5AF4C54215A81ED00055D1A0 /* Products */,
			);
			sourceTree = "<group>";
		};
		5AF4C54215A81ED00055D1A0 /* Products */ = {
			isa = PBXGroup;
			children = (
				5AF4C54115A81ED00055D1A0 /* MegaJam.app */,
			);
			name = Products;
			sourceTree = "<group>";
		};
		5AF4C54415A81ED00055D1A0 /* Frameworks */ = {
			isa = PBXGroup;
			children = (
				5AA8BFE915BBE8110090250E /* GameKit.framework */,
				F45AE0C815BB814000B980F1 /* Accelerate.framework */,
				F489B15A15BB406700F954AA /* Security.framework */,
				F489B12915BB1D0700F954AA /* CFNetwork.framework */,
				C9F32FC315ABD78E00B460DE /* QuartzCore.framework */,
				5AF4C56A15A826310055D1A0 /* AudioToolbox.framework */,
				5AF4C56B15A826310055D1A0 /* CoreAudio.framework */,
				5AF4C56815A820E00055D1A0 /* AVFoundation.framework */,
				5AF4C54515A81ED00055D1A0 /* UIKit.framework */,
				5AF4C54715A81ED00055D1A0 /* Foundation.framework */,
				5AF4C54915A81ED00055D1A0 /* CoreGraphics.framework */,
			);
			name = Frameworks;
			sourceTree = "<group>";
		};
		5AF4C54B15A81ED00055D1A0 /* MegaJam */ = {
			isa = PBXGroup;
			children = (
				5A00547715BC8856001FC92E /* MJSwitchView.xib */,
				F488E33815BA73A0007B6A0B /* external_source */,
				F478BD4915BBBDF900EE427E /* MJPlayPauseDelegate.h */,
				F488E31215BA568E007B6A0B /* MJConstants.h */,
				F488E31315BA568E007B6A0B /* MJThemedView.h */,
				F488E31415BA568E007B6A0B /* MJThemedView.m */,
				29B9873E15BA17770037CF82 /* MJAudio.h */,
				29B9873F15BA17770037CF82 /* MJAudio.mm */,
				5AF4C55415A81ED00055D1A0 /* MJAppDelegate.h */,
				5AF4C55515A81ED00055D1A0 /* MJAppDelegate.m */,
				F457F15815BA87F70097FFB9 /* MJNetworkClient.h */,
				F457F15915BA87F70097FFB9 /* MJNetworkClient.m */,
				F45AE0C515BB80E100B980F1 /* MJAudioIn.h */,
				F45AE0C615BB80E100B980F1 /* MJAudioIn.mm */,
				F478BC7E15BBB30600EE427E /* MJScrollViewController.h */,
				F478BC7F15BBB30600EE427E /* MJScrollViewController.m */,
				5AF4C56515A820A20055D1A0 /* Resources */,
				5AF4C54C15A81ED00055D1A0 /* Supporting Files */,
				5AA8BFEC15BBE8490090250E /* MJGameKitClient.h */,
				5AA8BFED15BBE8490090250E /* MJGameKitClient.m */,
				29BFA03E15BC5852005E1978 /* MJSessionManager.h */,
				29BFA03F15BC5852005E1978 /* MJSessionManager.m */,
			);
			path = MegaJam;
			sourceTree = "<group>";
		};
		5AF4C54C15A81ED00055D1A0 /* Supporting Files */ = {
			isa = PBXGroup;
			children = (
				5AF4C54D15A81ED00055D1A0 /* MegaJam-Info.plist */,
				5AF4C54E15A81ED00055D1A0 /* InfoPlist.strings */,
				5AF4C55115A81ED00055D1A0 /* main.mm */,
				5AF4C55315A81ED00055D1A0 /* MegaJam-Prefix.pch */,
			);
			name = "Supporting Files";
			sourceTree = "<group>";
		};
		5AF4C56515A820A20055D1A0 /* Resources */ = {
			isa = PBXGroup;
			children = (
				297FD9B115BC838E00150497 /* Icon.png */,
				297FD9B215BC838E00150497 /* Icon@2x.png */,
				297FD9B315BC838E00150497 /* mjs-bkg.png */,
				297FD9B415BC838E00150497 /* mjs-bkg@2x.png */,
				297FD9B515BC838E00150497 /* mjs-rocker-off.png */,
				297FD9B615BC838E00150497 /* mjs-rocker-off@2x.png */,
				297FD9B715BC838E00150497 /* mjs-rocker-on.png */,
				297FD9B815BC838E00150497 /* mjs-rocker-on@2x.png */,
				29BFA04415BC5F81005E1978 /* blue-slider-handle.png */,
				29BFA04515BC5F81005E1978 /* blue-slider-handle@2x.png */,
				29BFA04615BC5F81005E1978 /* button-46.mp3 */,
				29BFA04715BC5F81005E1978 /* charcoal-slider-handle.png */,
				29BFA04815BC5F81005E1978 /* charcoal-slider-handle@2x.png */,
				29BFA04915BC5F81005E1978 /* CinematicBoom.mp3 */,
				29BFA04A15BC5F81005E1978 /* gr-slider-fill.png */,
				29BFA04B15BC5F81005E1978 /* gr-slider-fill@2x.png */,
				29BFA04C15BC5F81005E1978 /* gr-slider-track.png */,
				29BFA04D15BC5F81005E1978 /* gr-slider-track@2x.png */,
				29BFA04E15BC5F81005E1978 /* green-slider-handle.png */,
				29BFA04F15BC5F81005E1978 /* green-slider-handle@2x.png */,
				29BFA05015BC5F81005E1978 /* multimedia_button_click_029.mp3 */,
				29BFA05115BC5F81005E1978 /* quick-blip.mp3 */,
				29BFA05215BC5F81005E1978 /* red-slider-handle.png */,
				29BFA05315BC5F81005E1978 /* red-slider-handle@2x.png */,
				29BFA05415BC5F81005E1978 /* stone-slider-handle.png */,
				29BFA05515BC5F81005E1978 /* stone-slider-handle@2x.png */,
				F478BC8215BBB48000EE427E /* blue-bkg.png */,
				F478BC8315BBB48000EE427E /* blue-bkg@2x.png */,
				F478BC8415BBB48000EE427E /* blue-pause-down.png */,
				F478BC8515BBB48000EE427E /* blue-pause-down@2x.png */,
				F478BC8615BBB48000EE427E /* blue-pause-up.png */,
				F478BC8715BBB48000EE427E /* blue-pause-up@2x.png */,
				F478BC8815BBB48000EE427E /* blue-play-down.png */,
				F478BC8915BBB48000EE427E /* blue-play-down@2x.png */,
				F478BC8A15BBB48000EE427E /* blue-play-up.png */,
				F478BC8B15BBB48000EE427E /* blue-play-up@2x.png */,
				F478BC8C15BBB48000EE427E /* button.mp3 */,
				F478BC8D15BBB48000EE427E /* charcoal-bkg.png */,
				F478BC8E15BBB48000EE427E /* charcoal-bkg@2x.png */,
				F478BC8F15BBB48000EE427E /* charcoal-grill-flat.png */,
				F478BC9015BBB48000EE427E /* charcoal-grill-flat@2x.png */,
				F478BC9115BBB48000EE427E /* charcoal-pause-down.png */,
				F478BC9215BBB48000EE427E /* charcoal-pause-down@2x.png */,
				F478BC9315BBB48000EE427E /* charcoal-pause-up.png */,
				F478BC9415BBB48000EE427E /* charcoal-pause-up@2x.png */,
				F478BC9515BBB48000EE427E /* charcoal-play-down.png */,
				F478BC9615BBB48000EE427E /* charcoal-play-down@2x.png */,
				F478BC9715BBB48000EE427E /* charcoal-play-up.png */,
				F478BC9815BBB48000EE427E /* charcoal-play-up@2x.png */,
				F478BC9915BBB48000EE427E /* gr-bluetooth-connected.png */,
				F478BC9A15BBB48000EE427E /* gr-bluetooth-connected@2x.png */,
				F478BC9B15BBB48000EE427E /* gr-bluetooth-disconnected.png */,
				F478BC9C15BBB48000EE427E /* gr-bluetooth-disconnected@2x.png */,
				F478BC9D15BBB48000EE427E /* gr-bluetooth-pulse.png */,
				F478BC9E15BBB48000EE427E /* gr-bluetooth-pulse@2x.png */,
				F478BC9F15BBB48000EE427E /* gr-grill-arrows.png */,
				F478BCA015BBB48000EE427E /* gr-grill-arrows@2x.png */,
				F478BCA115BBB48000EE427E /* gr-grill-hexagon.png */,
				F478BCA215BBB48000EE427E /* gr-grill-hexagon@2x.png */,
				F478BCA315BBB48000EE427E /* gr-grill-wavy.png */,
				F478BCA415BBB48000EE427E /* gr-grill-wavy@2x.png */,
				F478BCA515BBB48000EE427E /* gr-megajam.png */,
				F478BCA615BBB48000EE427E /* gr-megajam@2x.png */,
				F478BCA715BBB48000EE427E /* gr-volume-high.png */,
				F478BCA815BBB48000EE427E /* gr-volume-high@2x.png */,
				F478BCA915BBB48000EE427E /* gr-volume-low.png */,
				F478BCAA15BBB48000EE427E /* gr-volume-low@2x.png */,
				F478BCAB15BBB48000EE427E /* green-bkg.png */,
				F478BCAC15BBB48000EE427E /* green-bkg@2x.png */,
				F478BCAD15BBB48000EE427E /* green-grill-flat.png */,
				F478BCAE15BBB48000EE427E /* green-grill-flat@2x.png */,
				F478BCAF15BBB48000EE427E /* green-pause-down.png */,
				F478BCB015BBB48000EE427E /* green-pause-down@2x.png */,
				F478BCB115BBB48000EE427E /* green-pause-up.png */,
				F478BCB215BBB48000EE427E /* green-pause-up@2x.png */,
				F478BCB315BBB48000EE427E /* green-play-down.png */,
				F478BCB415BBB48000EE427E /* green-play-down@2x.png */,
				F478BCB515BBB48000EE427E /* green-play-up.png */,
				F478BCB615BBB48000EE427E /* green-play-up@2x.png */,
				F478BCB715BBB48000EE427E /* red-bkg.png */,
				F478BCB815BBB48000EE427E /* red-bkg@2x.png */,
				F478BCB915BBB48000EE427E /* red-grill-flat.png */,
				F478BCBA15BBB48000EE427E /* red-grill-flat@2x.png */,
				F478BCBB15BBB48000EE427E /* red-pause-down.png */,
				F478BCBC15BBB48000EE427E /* red-pause-down@2x.png */,
				F478BCBD15BBB48000EE427E /* red-pause-up.png */,
				F478BCBE15BBB48000EE427E /* red-pause-up@2x.png */,
				F478BCBF15BBB48000EE427E /* red-play-down.png */,
				F478BCC015BBB48000EE427E /* red-play-down@2x.png */,
				F478BCC115BBB48000EE427E /* red-play-up.png */,
				F478BCC215BBB48000EE427E /* red-play-up@2x.png */,
				F478BCC315BBB48000EE427E /* stone-bkg.png */,
				F478BCC415BBB48000EE427E /* stone-bkg@2x.png */,
				F478BCC515BBB48000EE427E /* stone-grill-flat.png */,
				F478BCC615BBB48000EE427E /* stone-grill-flat@2x.png */,
				F478BCC715BBB48000EE427E /* stone-pause-down.png */,
				F478BCC815BBB48000EE427E /* stone-pause-down@2x.png */,
				F478BCC915BBB48000EE427E /* stone-pause-up.png */,
				F478BCCA15BBB48000EE427E /* stone-pause-up@2x.png */,
				F478BCCB15BBB48000EE427E /* stone-play-down.png */,
				F478BCCC15BBB48000EE427E /* stone-play-down@2x.png */,
				F478BCCD15BBB48000EE427E /* stone-play-up.png */,
				F478BCCE15BBB48000EE427E /* stone-play-up@2x.png */,
				C97D9A7915B35A65005A6028 /* blue-grill-flat.png */,
				C97D9A7A15B35A65005A6028 /* blue-grill-flat@2x.png */,
			);
			path = Resources;
			sourceTree = SOURCE_ROOT;
		};
		F45AE0B715BB809800B980F1 /* novocaine */ = {
			isa = PBXGroup;
			children = (
				F45AE0B815BB809800B980F1 /* AudioFileReader.h */,
				F45AE0B915BB809800B980F1 /* AudioFileReader.mm */,
				F45AE0BA15BB809800B980F1 /* AudioFileWriter.h */,
				F45AE0BB15BB809800B980F1 /* AudioFileWriter.m */,
				F45AE0BC15BB809800B980F1 /* Novocaine.h */,
				F45AE0BD15BB809800B980F1 /* Novocaine.m */,
				F45AE0BE15BB809800B980F1 /* RingBuffer.h */,
				F45AE0BF15BB809800B980F1 /* RingBuffer.mm */,
			);
			name = novocaine;
			path = external_src/novocaine;
			sourceTree = "<group>";
		};
		F488E33815BA73A0007B6A0B /* external_source */ = {
			isa = PBXGroup;
			children = (
				F489B12F15BB3ED800F954AA /* async_socket */,
				F45AE0B715BB809800B980F1 /* novocaine */,
				F488E33A15BA73BC007B6A0B /* apple */,
			);
			name = external_source;
			sourceTree = "<group>";
		};
		F488E33A15BA73BC007B6A0B /* apple */ = {
			isa = PBXGroup;
			children = (
				F457F15715BA85E30097FFB9 /* CAAtomic.h */,
				F457F15615BA85950097FFB9 /* CAAutoDisposer.h */,
				F457F15415BA854A0097FFB9 /* CABitOperations.h */,
				F488E33B15BA73BC007B6A0B /* CARingBuffer.cpp */,
				F488E33C15BA73BC007B6A0B /* CARingBuffer.h */,
			);
			name = apple;
			path = external_src/apple;
			sourceTree = "<group>";
		};
		F489B12F15BB3ED800F954AA /* async_socket */ = {
			isa = PBXGroup;
			children = (
				F489B14015BB3F2A00F954AA /* Vendor */,
				F489B13015BB3F1600F954AA /* Documentation.html */,
				F489B13115BB3F1600F954AA /* GCDAsyncSocket.h */,
				F489B13215BB3F1600F954AA /* GCDAsyncSocket.m */,
				F489B13315BB3F1600F954AA /* GCDAsyncUdpSocket.h */,
				F489B13415BB3F1600F954AA /* GCDAsyncUdpSocket.m */,
				F489B13515BB3F1600F954AA /* AsyncSocket.h */,
				F489B13615BB3F1600F954AA /* AsyncSocket.m */,
				F489B13715BB3F1600F954AA /* AsyncUdpSocket.h */,
				F489B13815BB3F1600F954AA /* AsyncUdpSocket.m */,
				F489B13915BB3F1600F954AA /* Documentation.html */,
			);
			name = async_socket;
			sourceTree = "<group>";
		};
		F489B14015BB3F2A00F954AA /* Vendor */ = {
			isa = PBXGroup;
			children = (
				F489B14115BB3F2A00F954AA /* CocoaLumberjack */,
			);
			name = Vendor;
			path = lib/asyncSocket/Vendor;
			sourceTree = SOURCE_ROOT;
		};
		F489B14115BB3F2A00F954AA /* CocoaLumberjack */ = {
			isa = PBXGroup;
			children = (
				F489B14215BB3F2A00F954AA /* DDAbstractDatabaseLogger.h */,
				F489B14315BB3F2A00F954AA /* DDAbstractDatabaseLogger.m */,
				F489B14415BB3F2A00F954AA /* DDASLLogger.h */,
				F489B14515BB3F2A00F954AA /* DDASLLogger.m */,
				F489B14615BB3F2A00F954AA /* DDFileLogger.h */,
				F489B14715BB3F2A00F954AA /* DDFileLogger.m */,
				F489B14815BB3F2A00F954AA /* DDLog.h */,
				F489B14915BB3F2A00F954AA /* DDLog.m */,
				F489B14A15BB3F2A00F954AA /* DDTTYLogger.h */,
				F489B14B15BB3F2A00F954AA /* DDTTYLogger.m */,
				F489B14C15BB3F2A00F954AA /* Extensions */,
			);
			path = CocoaLumberjack;
			sourceTree = "<group>";
		};
		F489B14C15BB3F2A00F954AA /* Extensions */ = {
			isa = PBXGroup;
			children = (
				F489B14D15BB3F2A00F954AA /* ContextFilterLogFormatter.h */,
				F489B14E15BB3F2A00F954AA /* ContextFilterLogFormatter.m */,
				F489B14F15BB3F2A00F954AA /* DispatchQueueLogFormatter.h */,
				F489B15015BB3F2A00F954AA /* DispatchQueueLogFormatter.m */,
				F489B15115BB3F2A00F954AA /* README.txt */,
			);
			path = Extensions;
			sourceTree = "<group>";
		};
/* End PBXGroup section */

/* Begin PBXNativeTarget section */
		5AF4C54015A81ED00055D1A0 /* MegaJam */ = {
			isa = PBXNativeTarget;
			buildConfigurationList = 5AF4C56215A81ED00055D1A0 /* Build configuration list for PBXNativeTarget "MegaJam" */;
			buildPhases = (
				5AF4C53D15A81ED00055D1A0 /* Sources */,
				5AF4C53E15A81ED00055D1A0 /* Frameworks */,
				5AF4C53F15A81ED00055D1A0 /* Resources */,
			);
			buildRules = (
			);
			dependencies = (
			);
			name = MegaJam;
			productName = MegaJam;
			productReference = 5AF4C54115A81ED00055D1A0 /* MegaJam.app */;
			productType = "com.apple.product-type.application";
		};
/* End PBXNativeTarget section */

/* Begin PBXProject section */
		5AF4C53815A81ED00055D1A0 /* Project object */ = {
			isa = PBXProject;
			attributes = {
				CLASSPREFIX = NXW;
				LastUpgradeCheck = 0450;
				ORGANIZATIONNAME = CrowdComapss;
			};
			buildConfigurationList = 5AF4C53B15A81ED00055D1A0 /* Build configuration list for PBXProject "MegaJam" */;
			compatibilityVersion = "Xcode 3.2";
			developmentRegion = English;
			hasScannedForEncodings = 0;
			knownRegions = (
				en,
			);
			mainGroup = 5AF4C53615A81ED00055D1A0;
			productRefGroup = 5AF4C54215A81ED00055D1A0 /* Products */;
			projectDirPath = "";
			projectRoot = "";
			targets = (
				5AF4C54015A81ED00055D1A0 /* MegaJam */,
			);
		};
/* End PBXProject section */

/* Begin PBXResourcesBuildPhase section */
		5AF4C53F15A81ED00055D1A0 /* Resources */ = {
			isa = PBXResourcesBuildPhase;
			buildActionMask = 2147483647;
			files = (
				5AF4C55015A81ED00055D1A0 /* InfoPlist.strings in Resources */,
				C97D9A7B15B35A65005A6028 /* blue-grill-flat.png in Resources */,
				C97D9A7C15B35A65005A6028 /* blue-grill-flat@2x.png in Resources */,
				F478BCCF15BBB48000EE427E /* blue-bkg.png in Resources */,
				F478BCD015BBB48000EE427E /* blue-bkg@2x.png in Resources */,
				F478BCD115BBB48000EE427E /* blue-pause-down.png in Resources */,
				F478BCD215BBB48000EE427E /* blue-pause-down@2x.png in Resources */,
				F478BCD315BBB48000EE427E /* blue-pause-up.png in Resources */,
				F478BCD415BBB48000EE427E /* blue-pause-up@2x.png in Resources */,
				F478BCD515BBB48000EE427E /* blue-play-down.png in Resources */,
				F478BCD615BBB48000EE427E /* blue-play-down@2x.png in Resources */,
				F478BCD715BBB48000EE427E /* blue-play-up.png in Resources */,
				F478BCD815BBB48000EE427E /* blue-play-up@2x.png in Resources */,
				F478BCD915BBB48000EE427E /* button.mp3 in Resources */,
				F478BCDA15BBB48000EE427E /* charcoal-bkg.png in Resources */,
				F478BCDB15BBB48000EE427E /* charcoal-bkg@2x.png in Resources */,
				F478BCDC15BBB48000EE427E /* charcoal-grill-flat.png in Resources */,
				F478BCDD15BBB48000EE427E /* charcoal-grill-flat@2x.png in Resources */,
				F478BCDE15BBB48000EE427E /* charcoal-pause-down.png in Resources */,
				F478BCDF15BBB48000EE427E /* charcoal-pause-down@2x.png in Resources */,
				F478BCE015BBB48000EE427E /* charcoal-pause-up.png in Resources */,
				F478BCE115BBB48000EE427E /* charcoal-pause-up@2x.png in Resources */,
				F478BCE215BBB48000EE427E /* charcoal-play-down.png in Resources */,
				F478BCE315BBB48000EE427E /* charcoal-play-down@2x.png in Resources */,
				F478BCE415BBB48000EE427E /* charcoal-play-up.png in Resources */,
				F478BCE515BBB48000EE427E /* charcoal-play-up@2x.png in Resources */,
				F478BCE615BBB48000EE427E /* gr-bluetooth-connected.png in Resources */,
				F478BCE715BBB48000EE427E /* gr-bluetooth-connected@2x.png in Resources */,
				F478BCE815BBB48000EE427E /* gr-bluetooth-disconnected.png in Resources */,
				F478BCE915BBB48000EE427E /* gr-bluetooth-disconnected@2x.png in Resources */,
				F478BCEA15BBB48000EE427E /* gr-bluetooth-pulse.png in Resources */,
				F478BCEB15BBB48000EE427E /* gr-bluetooth-pulse@2x.png in Resources */,
				F478BCEC15BBB48000EE427E /* gr-grill-arrows.png in Resources */,
				F478BCED15BBB48000EE427E /* gr-grill-arrows@2x.png in Resources */,
				F478BCEE15BBB48000EE427E /* gr-grill-hexagon.png in Resources */,
				F478BCEF15BBB48000EE427E /* gr-grill-hexagon@2x.png in Resources */,
				F478BCF015BBB48000EE427E /* gr-grill-wavy.png in Resources */,
				F478BCF115BBB48000EE427E /* gr-grill-wavy@2x.png in Resources */,
				F478BCF215BBB48000EE427E /* gr-megajam.png in Resources */,
				F478BCF315BBB48000EE427E /* gr-megajam@2x.png in Resources */,
				F478BCF415BBB48000EE427E /* gr-volume-high.png in Resources */,
				F478BCF515BBB48000EE427E /* gr-volume-high@2x.png in Resources */,
				F478BCF615BBB48000EE427E /* gr-volume-low.png in Resources */,
				F478BCF715BBB48000EE427E /* gr-volume-low@2x.png in Resources */,
				F478BCF815BBB48000EE427E /* green-bkg.png in Resources */,
				F478BCF915BBB48000EE427E /* green-bkg@2x.png in Resources */,
				F478BCFA15BBB48000EE427E /* green-grill-flat.png in Resources */,
				F478BCFB15BBB48000EE427E /* green-grill-flat@2x.png in Resources */,
				F478BCFC15BBB48000EE427E /* green-pause-down.png in Resources */,
				F478BCFD15BBB48000EE427E /* green-pause-down@2x.png in Resources */,
				F478BCFE15BBB48000EE427E /* green-pause-up.png in Resources */,
				F478BCFF15BBB48000EE427E /* green-pause-up@2x.png in Resources */,
				F478BD0015BBB48000EE427E /* green-play-down.png in Resources */,
				F478BD0115BBB48000EE427E /* green-play-down@2x.png in Resources */,
				F478BD0215BBB48000EE427E /* green-play-up.png in Resources */,
				F478BD0315BBB48000EE427E /* green-play-up@2x.png in Resources */,
				F478BD0415BBB48000EE427E /* red-bkg.png in Resources */,
				F478BD0515BBB48000EE427E /* red-bkg@2x.png in Resources */,
				F478BD0615BBB48000EE427E /* red-grill-flat.png in Resources */,
				F478BD0715BBB48000EE427E /* red-grill-flat@2x.png in Resources */,
				F478BD0815BBB48000EE427E /* red-pause-down.png in Resources */,
				F478BD0915BBB48000EE427E /* red-pause-down@2x.png in Resources */,
				F478BD0A15BBB48000EE427E /* red-pause-up.png in Resources */,
				F478BD0B15BBB48000EE427E /* red-pause-up@2x.png in Resources */,
				F478BD0C15BBB48000EE427E /* red-play-down.png in Resources */,
				F478BD0D15BBB48000EE427E /* red-play-down@2x.png in Resources */,
				F478BD0E15BBB48000EE427E /* red-play-up.png in Resources */,
				F478BD0F15BBB48000EE427E /* red-play-up@2x.png in Resources */,
				F478BD1015BBB48000EE427E /* stone-bkg.png in Resources */,
				F478BD1115BBB48000EE427E /* stone-bkg@2x.png in Resources */,
				F478BD1215BBB48000EE427E /* stone-grill-flat.png in Resources */,
				F478BD1315BBB48000EE427E /* stone-grill-flat@2x.png in Resources */,
				F478BD1415BBB48000EE427E /* stone-pause-down.png in Resources */,
				F478BD1515BBB48000EE427E /* stone-pause-down@2x.png in Resources */,
				F478BD1615BBB48000EE427E /* stone-pause-up.png in Resources */,
				F478BD1715BBB48000EE427E /* stone-pause-up@2x.png in Resources */,
				F478BD1815BBB48000EE427E /* stone-play-down.png in Resources */,
				F478BD1915BBB48000EE427E /* stone-play-down@2x.png in Resources */,
				F478BD1A15BBB48000EE427E /* stone-play-up.png in Resources */,
				F478BD1B15BBB48000EE427E /* stone-play-up@2x.png in Resources */,
				29BFA05615BC5F81005E1978 /* blue-slider-handle.png in Resources */,
				29BFA05715BC5F81005E1978 /* blue-slider-handle@2x.png in Resources */,
				29BFA05815BC5F81005E1978 /* button-46.mp3 in Resources */,
				29BFA05915BC5F81005E1978 /* charcoal-slider-handle.png in Resources */,
				29BFA05A15BC5F81005E1978 /* charcoal-slider-handle@2x.png in Resources */,
				29BFA05B15BC5F81005E1978 /* CinematicBoom.mp3 in Resources */,
				29BFA05C15BC5F81005E1978 /* gr-slider-fill.png in Resources */,
				29BFA05D15BC5F81005E1978 /* gr-slider-fill@2x.png in Resources */,
				29BFA05E15BC5F81005E1978 /* gr-slider-track.png in Resources */,
				29BFA05F15BC5F81005E1978 /* gr-slider-track@2x.png in Resources */,
				29BFA06015BC5F81005E1978 /* green-slider-handle.png in Resources */,
				29BFA06115BC5F81005E1978 /* green-slider-handle@2x.png in Resources */,
				29BFA06215BC5F81005E1978 /* multimedia_button_click_029.mp3 in Resources */,
				29BFA06315BC5F81005E1978 /* quick-blip.mp3 in Resources */,
				29BFA06415BC5F81005E1978 /* red-slider-handle.png in Resources */,
				29BFA06515BC5F81005E1978 /* red-slider-handle@2x.png in Resources */,
				29BFA06615BC5F81005E1978 /* stone-slider-handle.png in Resources */,
				29BFA06715BC5F81005E1978 /* stone-slider-handle@2x.png in Resources */,
				297FD9B915BC838E00150497 /* Icon.png in Resources */,
				297FD9BA15BC838E00150497 /* Icon@2x.png in Resources */,
				297FD9BB15BC838E00150497 /* mjs-bkg.png in Resources */,
				297FD9BC15BC838E00150497 /* mjs-bkg@2x.png in Resources */,
				297FD9BD15BC838E00150497 /* mjs-rocker-off.png in Resources */,
				297FD9BE15BC838E00150497 /* mjs-rocker-off@2x.png in Resources */,
				297FD9BF15BC838E00150497 /* mjs-rocker-on.png in Resources */,
				297FD9C015BC838E00150497 /* mjs-rocker-on@2x.png in Resources */,
				5A00547815BC8856001FC92E /* MJSwitchView.xib in Resources */,
			);
			runOnlyForDeploymentPostprocessing = 0;
		};
/* End PBXResourcesBuildPhase section */

/* Begin PBXSourcesBuildPhase section */
		5AF4C53D15A81ED00055D1A0 /* Sources */ = {
			isa = PBXSourcesBuildPhase;
			buildActionMask = 2147483647;
			files = (
				5AF4C55215A81ED00055D1A0 /* main.mm in Sources */,
				5AF4C55615A81ED00055D1A0 /* MJAppDelegate.m in Sources */,
				29B9874015BA17770037CF82 /* MJAudio.mm in Sources */,
				F488E31515BA568E007B6A0B /* MJThemedView.m in Sources */,
				F488E33D15BA73BC007B6A0B /* CARingBuffer.cpp in Sources */,
				F457F15A15BA87F70097FFB9 /* MJNetworkClient.m in Sources */,
				F489B13B15BB3F1600F954AA /* GCDAsyncSocket.m in Sources */,
				F489B13C15BB3F1600F954AA /* GCDAsyncUdpSocket.m in Sources */,
				F489B13D15BB3F1600F954AA /* AsyncSocket.m in Sources */,
				F489B13E15BB3F1600F954AA /* AsyncUdpSocket.m in Sources */,
				F489B15215BB3F2A00F954AA /* DDAbstractDatabaseLogger.m in Sources */,
				F489B15315BB3F2A00F954AA /* DDASLLogger.m in Sources */,
				F489B15415BB3F2A00F954AA /* DDFileLogger.m in Sources */,
				F489B15515BB3F2A00F954AA /* DDLog.m in Sources */,
				F489B15615BB3F2A00F954AA /* DDTTYLogger.m in Sources */,
				F489B15715BB3F2A00F954AA /* ContextFilterLogFormatter.m in Sources */,
				F489B15815BB3F2A00F954AA /* DispatchQueueLogFormatter.m in Sources */,
				F45AE0C015BB809800B980F1 /* AudioFileReader.mm in Sources */,
				F45AE0C115BB809800B980F1 /* AudioFileWriter.m in Sources */,
				F45AE0C215BB809800B980F1 /* Novocaine.m in Sources */,
				F45AE0C315BB809800B980F1 /* RingBuffer.mm in Sources */,
				F45AE0C715BB80E100B980F1 /* MJAudioIn.mm in Sources */,
				F478BC8015BBB30600EE427E /* MJScrollViewController.m in Sources */,
				5AA8BFEE15BBE8490090250E /* MJGameKitClient.m in Sources */,
				29BFA04015BC5852005E1978 /* MJSessionManager.m in Sources */,
			);
			runOnlyForDeploymentPostprocessing = 0;
		};
/* End PBXSourcesBuildPhase section */

/* Begin PBXVariantGroup section */
		5AF4C54E15A81ED00055D1A0 /* InfoPlist.strings */ = {
			isa = PBXVariantGroup;
			children = (
				5AF4C54F15A81ED00055D1A0 /* en */,
			);
			name = InfoPlist.strings;
			sourceTree = "<group>";
		};
/* End PBXVariantGroup section */

/* Begin XCBuildConfiguration section */
		5AF4C56015A81ED00055D1A0 /* Debug */ = {
			isa = XCBuildConfiguration;
			buildSettings = {
				ALWAYS_SEARCH_USER_PATHS = NO;
				CLANG_CXX_LANGUAGE_STANDARD = "gnu++0x";
				CLANG_ENABLE_OBJC_ARC = YES;
				CLANG_WARN__DUPLICATE_METHOD_MATCH = YES;
				"CODE_SIGN_IDENTITY[sdk=iphoneos*]" = "iPhone Developer";
				COPY_PHASE_STRIP = NO;
				GCC_C_LANGUAGE_STANDARD = gnu99;
				GCC_DYNAMIC_NO_PIC = NO;
				GCC_OPTIMIZATION_LEVEL = 0;
				GCC_PREPROCESSOR_DEFINITIONS = (
					"DEBUG=1",
					"$(inherited)",
				);
				GCC_SYMBOLS_PRIVATE_EXTERN = NO;
				GCC_WARN_ABOUT_RETURN_TYPE = YES;
				GCC_WARN_UNINITIALIZED_AUTOS = YES;
				GCC_WARN_UNUSED_VARIABLE = YES;
				IPHONEOS_DEPLOYMENT_TARGET = 5.0;
				SDKROOT = iphoneos;
				TARGETED_DEVICE_FAMILY = "1,2";
			};
			name = Debug;
		};
		5AF4C56115A81ED00055D1A0 /* Release */ = {
			isa = XCBuildConfiguration;
			buildSettings = {
				ALWAYS_SEARCH_USER_PATHS = NO;
				CLANG_CXX_LANGUAGE_STANDARD = "gnu++0x";
				CLANG_ENABLE_OBJC_ARC = YES;
				CLANG_WARN__DUPLICATE_METHOD_MATCH = YES;
				"CODE_SIGN_IDENTITY[sdk=iphoneos*]" = "iPhone Developer";
				COPY_PHASE_STRIP = YES;
				GCC_C_LANGUAGE_STANDARD = gnu99;
				GCC_WARN_ABOUT_RETURN_TYPE = YES;
				GCC_WARN_UNINITIALIZED_AUTOS = YES;
				GCC_WARN_UNUSED_VARIABLE = YES;
				IPHONEOS_DEPLOYMENT_TARGET = 5.0;
				OTHER_CFLAGS = "-DNS_BLOCK_ASSERTIONS=1";
				SDKROOT = iphoneos;
				TARGETED_DEVICE_FAMILY = "1,2";
				VALIDATE_PRODUCT = YES;
			};
			name = Release;
		};
		5AF4C56315A81ED00055D1A0 /* Debug */ = {
			isa = XCBuildConfiguration;
			buildSettings = {
				CLANG_CXX_LANGUAGE_STANDARD = "gnu++0x";
				GCC_PRECOMPILE_PREFIX_HEADER = YES;
				GCC_PREFIX_HEADER = "MegaJam/MegaJam-Prefix.pch";
				INFOPLIST_FILE = "MegaJam/MegaJam-Info.plist";
				IPHONEOS_DEPLOYMENT_TARGET = 5.0;
				PRODUCT_NAME = "$(TARGET_NAME)";
				WRAPPER_EXTENSION = app;
			};
			name = Debug;
		};
		5AF4C56415A81ED00055D1A0 /* Release */ = {
			isa = XCBuildConfiguration;
			buildSettings = {
				CLANG_CXX_LANGUAGE_STANDARD = "gnu++0x";
				GCC_PRECOMPILE_PREFIX_HEADER = YES;
				GCC_PREFIX_HEADER = "MegaJam/MegaJam-Prefix.pch";
				INFOPLIST_FILE = "MegaJam/MegaJam-Info.plist";
				IPHONEOS_DEPLOYMENT_TARGET = 5.0;
				PRODUCT_NAME = "$(TARGET_NAME)";
				WRAPPER_EXTENSION = app;
			};
			name = Release;
		};
/* End XCBuildConfiguration section */

/* Begin XCConfigurationList section */
		5AF4C53B15A81ED00055D1A0 /* Build configuration list for PBXProject "MegaJam" */ = {
			isa = XCConfigurationList;
			buildConfigurations = (
				5AF4C56015A81ED00055D1A0 /* Debug */,
				5AF4C56115A81ED00055D1A0 /* Release */,
			);
			defaultConfigurationIsVisible = 0;
			defaultConfigurationName = Release;
		};
		5AF4C56215A81ED00055D1A0 /* Build configuration list for PBXNativeTarget "MegaJam" */ = {
			isa = XCConfigurationList;
			buildConfigurations = (
				5AF4C56315A81ED00055D1A0 /* Debug */,
				5AF4C56415A81ED00055D1A0 /* Release */,
			);
			defaultConfigurationIsVisible = 0;
			defaultConfigurationName = Release;
		};
/* End XCConfigurationList section */
	};
	rootObject = 5AF4C53815A81ED00055D1A0 /* Project object */;
}
