// !$*UTF8*$!
{
	archiveVersion = 1;
	classes = {
	};
	objectVersion = 46;
	objects = {

/* Begin PBXBuildFile section */
		29B9874015BA17770037CF82 /* MJAudio.m in Sources */ = {isa = PBXBuildFile; fileRef = 29B9873F15BA17770037CF82 /* MJAudio.m */; };
		5AF4C54615A81ED00055D1A0 /* UIKit.framework in Frameworks */ = {isa = PBXBuildFile; fileRef = 5AF4C54515A81ED00055D1A0 /* UIKit.framework */; };
		5AF4C54815A81ED00055D1A0 /* Foundation.framework in Frameworks */ = {isa = PBXBuildFile; fileRef = 5AF4C54715A81ED00055D1A0 /* Foundation.framework */; };
		5AF4C54A15A81ED00055D1A0 /* CoreGraphics.framework in Frameworks */ = {isa = PBXBuildFile; fileRef = 5AF4C54915A81ED00055D1A0 /* CoreGraphics.framework */; };
		5AF4C55015A81ED00055D1A0 /* InfoPlist.strings in Resources */ = {isa = PBXBuildFile; fileRef = 5AF4C54E15A81ED00055D1A0 /* InfoPlist.strings */; };
		5AF4C55215A81ED00055D1A0 /* main.m in Sources */ = {isa = PBXBuildFile; fileRef = 5AF4C55115A81ED00055D1A0 /* main.m */; };
		5AF4C55615A81ED00055D1A0 /* MJAppDelegate.m in Sources */ = {isa = PBXBuildFile; fileRef = 5AF4C55515A81ED00055D1A0 /* MJAppDelegate.m */; };
		5AF4C55915A81ED00055D1A0 /* MainStoryboard_iPhone.storyboard in Resources */ = {isa = PBXBuildFile; fileRef = 5AF4C55715A81ED00055D1A0 /* MainStoryboard_iPhone.storyboard */; };
		5AF4C55C15A81ED00055D1A0 /* MainStoryboard_iPad.storyboard in Resources */ = {isa = PBXBuildFile; fileRef = 5AF4C55A15A81ED00055D1A0 /* MainStoryboard_iPad.storyboard */; };
		5AF4C55F15A81ED00055D1A0 /* MJViewController.m in Sources */ = {isa = PBXBuildFile; fileRef = 5AF4C55E15A81ED00055D1A0 /* MJViewController.m */; };
		5AF4C56915A820E00055D1A0 /* AVFoundation.framework in Frameworks */ = {isa = PBXBuildFile; fileRef = 5AF4C56815A820E00055D1A0 /* AVFoundation.framework */; };
		5AF4C56C15A826310055D1A0 /* AudioToolbox.framework in Frameworks */ = {isa = PBXBuildFile; fileRef = 5AF4C56A15A826310055D1A0 /* AudioToolbox.framework */; };
		5AF4C56D15A826310055D1A0 /* CoreAudio.framework in Frameworks */ = {isa = PBXBuildFile; fileRef = 5AF4C56B15A826310055D1A0 /* CoreAudio.framework */; };
		C97D9A7B15B35A65005A6028 /* blue-grill-flat.png in Resources */ = {isa = PBXBuildFile; fileRef = C97D9A7915B35A65005A6028 /* blue-grill-flat.png */; };
		C97D9A7C15B35A65005A6028 /* blue-grill-flat@2x.png in Resources */ = {isa = PBXBuildFile; fileRef = C97D9A7A15B35A65005A6028 /* blue-grill-flat@2x.png */; };
		C9F32FC415ABD78E00B460DE /* QuartzCore.framework in Frameworks */ = {isa = PBXBuildFile; fileRef = C9F32FC315ABD78E00B460DE /* QuartzCore.framework */; };
		F488E31515BA568E007B6A0B /* MJThemedView.m in Sources */ = {isa = PBXBuildFile; fileRef = F488E31415BA568E007B6A0B /* MJThemedView.m */; };
		F4B7454B15A8BAF500312F63 /* you_talkin.aiff in Resources */ = {isa = PBXBuildFile; fileRef = F4B7454A15A8BAF500312F63 /* you_talkin.aiff */; };
/* End PBXBuildFile section */

/* Begin PBXFileReference section */
		29B9873E15BA17770037CF82 /* MJAudio.h */ = {isa = PBXFileReference; fileEncoding = 4; lastKnownFileType = sourcecode.c.h; path = MJAudio.h; sourceTree = "<group>"; };
		29B9873F15BA17770037CF82 /* MJAudio.m */ = {isa = PBXFileReference; fileEncoding = 4; lastKnownFileType = sourcecode.c.objc; path = MJAudio.m; sourceTree = "<group>"; };
		5AF4C54115A81ED00055D1A0 /* MegaJam.app */ = {isa = PBXFileReference; explicitFileType = wrapper.application; includeInIndex = 0; path = MegaJam.app; sourceTree = BUILT_PRODUCTS_DIR; };
		5AF4C54515A81ED00055D1A0 /* UIKit.framework */ = {isa = PBXFileReference; lastKnownFileType = wrapper.framework; name = UIKit.framework; path = System/Library/Frameworks/UIKit.framework; sourceTree = SDKROOT; };
		5AF4C54715A81ED00055D1A0 /* Foundation.framework */ = {isa = PBXFileReference; lastKnownFileType = wrapper.framework; name = Foundation.framework; path = System/Library/Frameworks/Foundation.framework; sourceTree = SDKROOT; };
		5AF4C54915A81ED00055D1A0 /* CoreGraphics.framework */ = {isa = PBXFileReference; lastKnownFileType = wrapper.framework; name = CoreGraphics.framework; path = System/Library/Frameworks/CoreGraphics.framework; sourceTree = SDKROOT; };
		5AF4C54D15A81ED00055D1A0 /* MegaJam-Info.plist */ = {isa = PBXFileReference; lastKnownFileType = text.plist.xml; path = "MegaJam-Info.plist"; sourceTree = "<group>"; };
		5AF4C54F15A81ED00055D1A0 /* en */ = {isa = PBXFileReference; lastKnownFileType = text.plist.strings; name = en; path = en.lproj/InfoPlist.strings; sourceTree = "<group>"; };
		5AF4C55115A81ED00055D1A0 /* main.m */ = {isa = PBXFileReference; lastKnownFileType = sourcecode.c.objc; path = main.m; sourceTree = "<group>"; };
		5AF4C55315A81ED00055D1A0 /* MegaJam-Prefix.pch */ = {isa = PBXFileReference; lastKnownFileType = sourcecode.c.h; path = "MegaJam-Prefix.pch"; sourceTree = "<group>"; };
		5AF4C55415A81ED00055D1A0 /* MJAppDelegate.h */ = {isa = PBXFileReference; lastKnownFileType = sourcecode.c.h; path = MJAppDelegate.h; sourceTree = "<group>"; };
		5AF4C55515A81ED00055D1A0 /* MJAppDelegate.m */ = {isa = PBXFileReference; lastKnownFileType = sourcecode.c.objc; path = MJAppDelegate.m; sourceTree = "<group>"; };
		5AF4C55815A81ED00055D1A0 /* en */ = {isa = PBXFileReference; lastKnownFileType = file.storyboard; name = en; path = en.lproj/MainStoryboard_iPhone.storyboard; sourceTree = "<group>"; };
		5AF4C55B15A81ED00055D1A0 /* en */ = {isa = PBXFileReference; lastKnownFileType = file.storyboard; name = en; path = en.lproj/MainStoryboard_iPad.storyboard; sourceTree = "<group>"; };
		5AF4C55D15A81ED00055D1A0 /* MJViewController.h */ = {isa = PBXFileReference; lastKnownFileType = sourcecode.c.h; path = MJViewController.h; sourceTree = "<group>"; };
		5AF4C55E15A81ED00055D1A0 /* MJViewController.m */ = {isa = PBXFileReference; lastKnownFileType = sourcecode.c.objc; path = MJViewController.m; sourceTree = "<group>"; };
		5AF4C56815A820E00055D1A0 /* AVFoundation.framework */ = {isa = PBXFileReference; lastKnownFileType = wrapper.framework; name = AVFoundation.framework; path = System/Library/Frameworks/AVFoundation.framework; sourceTree = SDKROOT; };
		5AF4C56A15A826310055D1A0 /* AudioToolbox.framework */ = {isa = PBXFileReference; lastKnownFileType = wrapper.framework; name = AudioToolbox.framework; path = System/Library/Frameworks/AudioToolbox.framework; sourceTree = SDKROOT; };
		5AF4C56B15A826310055D1A0 /* CoreAudio.framework */ = {isa = PBXFileReference; lastKnownFileType = wrapper.framework; name = CoreAudio.framework; path = System/Library/Frameworks/CoreAudio.framework; sourceTree = SDKROOT; };
		C97D99BA15B33C2A005A6028 /* bkg-blue.png */ = {isa = PBXFileReference; lastKnownFileType = image.png; path = "bkg-blue.png"; sourceTree = "<group>"; };
		C97D99BB15B33C2A005A6028 /* fpo-grill.png */ = {isa = PBXFileReference; lastKnownFileType = image.png; path = "fpo-grill.png"; sourceTree = "<group>"; };
		C97D99BC15B33C2A005A6028 /* pause-down.png */ = {isa = PBXFileReference; lastKnownFileType = image.png; path = "pause-down.png"; sourceTree = "<group>"; };
		C97D99BD15B33C2A005A6028 /* pause-down@2x.png */ = {isa = PBXFileReference; lastKnownFileType = image.png; path = "pause-down@2x.png"; sourceTree = "<group>"; };
		C97D99BE15B33C2A005A6028 /* pause-up.png */ = {isa = PBXFileReference; lastKnownFileType = image.png; path = "pause-up.png"; sourceTree = "<group>"; };
		C97D99BF15B33C2A005A6028 /* pause-up@2x.png */ = {isa = PBXFileReference; lastKnownFileType = image.png; path = "pause-up@2x.png"; sourceTree = "<group>"; };
		C97D99C015B33C2A005A6028 /* play-down.png */ = {isa = PBXFileReference; lastKnownFileType = image.png; path = "play-down.png"; sourceTree = "<group>"; };
		C97D99C115B33C2A005A6028 /* play-down@2x.png */ = {isa = PBXFileReference; lastKnownFileType = image.png; path = "play-down@2x.png"; sourceTree = "<group>"; };
		C97D99C215B33C2A005A6028 /* play-up.png */ = {isa = PBXFileReference; lastKnownFileType = image.png; path = "play-up.png"; sourceTree = "<group>"; };
		C97D99C315B33C2A005A6028 /* play-up@2x.png */ = {isa = PBXFileReference; lastKnownFileType = image.png; path = "play-up@2x.png"; sourceTree = "<group>"; };
		C97D99CE15B33D89005A6028 /* bluetooth-connected.png */ = {isa = PBXFileReference; lastKnownFileType = image.png; path = "bluetooth-connected.png"; sourceTree = "<group>"; };
		C97D99CF15B33D89005A6028 /* bluetooth-connected@2x.png */ = {isa = PBXFileReference; lastKnownFileType = image.png; path = "bluetooth-connected@2x.png"; sourceTree = "<group>"; };
		C97D99D015B33D89005A6028 /* bluetooth-disconnected.png */ = {isa = PBXFileReference; lastKnownFileType = image.png; path = "bluetooth-disconnected.png"; sourceTree = "<group>"; };
		C97D99D115B33D89005A6028 /* bluetooth-disconnected@2x.png */ = {isa = PBXFileReference; lastKnownFileType = image.png; path = "bluetooth-disconnected@2x.png"; sourceTree = "<group>"; };
		C97D99D215B33D89005A6028 /* volume-high.png */ = {isa = PBXFileReference; lastKnownFileType = image.png; path = "volume-high.png"; sourceTree = "<group>"; };
		C97D99D315B33D89005A6028 /* volume-high@2x.png */ = {isa = PBXFileReference; lastKnownFileType = image.png; path = "volume-high@2x.png"; sourceTree = "<group>"; };
		C97D99D415B33D89005A6028 /* volume-low.png */ = {isa = PBXFileReference; lastKnownFileType = image.png; path = "volume-low.png"; sourceTree = "<group>"; };
		C97D99D515B33D89005A6028 /* volume-low@2x.png */ = {isa = PBXFileReference; lastKnownFileType = image.png; path = "volume-low@2x.png"; sourceTree = "<group>"; };
		C97D9A7915B35A65005A6028 /* blue-grill-flat.png */ = {isa = PBXFileReference; lastKnownFileType = image.png; path = "blue-grill-flat.png"; sourceTree = "<group>"; };
		C97D9A7A15B35A65005A6028 /* blue-grill-flat@2x.png */ = {isa = PBXFileReference; lastKnownFileType = image.png; path = "blue-grill-flat@2x.png"; sourceTree = "<group>"; };
		C9F32FC315ABD78E00B460DE /* QuartzCore.framework */ = {isa = PBXFileReference; lastKnownFileType = wrapper.framework; name = QuartzCore.framework; path = System/Library/Frameworks/QuartzCore.framework; sourceTree = SDKROOT; };
		C9F32FD215ABF1F900B460DE /* bkg-blue@2x.png */ = {isa = PBXFileReference; lastKnownFileType = image.png; path = "bkg-blue@2x.png"; sourceTree = "<group>"; };
		C9F32FD415ABF2EC00B460DE /* fpo-grill@2x.png */ = {isa = PBXFileReference; lastKnownFileType = image.png; path = "fpo-grill@2x.png"; sourceTree = "<group>"; };
		F488E31215BA568E007B6A0B /* MJConstants.h */ = {isa = PBXFileReference; fileEncoding = 4; lastKnownFileType = sourcecode.c.h; path = MJConstants.h; sourceTree = "<group>"; };
		F488E31315BA568E007B6A0B /* MJThemedView.h */ = {isa = PBXFileReference; fileEncoding = 4; lastKnownFileType = sourcecode.c.h; path = MJThemedView.h; sourceTree = "<group>"; };
		F488E31415BA568E007B6A0B /* MJThemedView.m */ = {isa = PBXFileReference; fileEncoding = 4; lastKnownFileType = sourcecode.c.objc; path = MJThemedView.m; sourceTree = "<group>"; };
		F4B7454A15A8BAF500312F63 /* you_talkin.aiff */ = {isa = PBXFileReference; lastKnownFileType = audio.aiff; path = you_talkin.aiff; sourceTree = "<group>"; };
/* End PBXFileReference section */

/* Begin PBXFrameworksBuildPhase section */
		5AF4C53E15A81ED00055D1A0 /* Frameworks */ = {
			isa = PBXFrameworksBuildPhase;
			buildActionMask = 2147483647;
			files = (
				C9F32FC415ABD78E00B460DE /* QuartzCore.framework in Frameworks */,
				5AF4C56C15A826310055D1A0 /* AudioToolbox.framework in Frameworks */,
				5AF4C56D15A826310055D1A0 /* CoreAudio.framework in Frameworks */,
				5AF4C56915A820E00055D1A0 /* AVFoundation.framework in Frameworks */,
				5AF4C54615A81ED00055D1A0 /* UIKit.framework in Frameworks */,
				5AF4C54815A81ED00055D1A0 /* Foundation.framework in Frameworks */,
				5AF4C54A15A81ED00055D1A0 /* CoreGraphics.framework in Frameworks */,
			);
			runOnlyForDeploymentPostprocessing = 0;
		};
/* End PBXFrameworksBuildPhase section */

/* Begin PBXGroup section */
		5AF4C53615A81ED00055D1A0 = {
			isa = PBXGroup;
			children = (
				C9F32FC315ABD78E00B460DE /* QuartzCore.framework */,
				5AF4C54B15A81ED00055D1A0 /* MegaJam */,
				5AF4C54415A81ED00055D1A0 /* Frameworks */,
				5AF4C54215A81ED00055D1A0 /* Products */,
			);
			sourceTree = "<group>";
		};
		5AF4C54215A81ED00055D1A0 /* Products */ = {
			isa = PBXGroup;
			children = (
				5AF4C54115A81ED00055D1A0 /* MegaJam.app */,
			);
			name = Products;
			sourceTree = "<group>";
		};
		5AF4C54415A81ED00055D1A0 /* Frameworks */ = {
			isa = PBXGroup;
			children = (
				5AF4C56A15A826310055D1A0 /* AudioToolbox.framework */,
				5AF4C56B15A826310055D1A0 /* CoreAudio.framework */,
				5AF4C56815A820E00055D1A0 /* AVFoundation.framework */,
				5AF4C54515A81ED00055D1A0 /* UIKit.framework */,
				5AF4C54715A81ED00055D1A0 /* Foundation.framework */,
				5AF4C54915A81ED00055D1A0 /* CoreGraphics.framework */,
			);
			name = Frameworks;
			sourceTree = "<group>";
		};
		5AF4C54B15A81ED00055D1A0 /* MegaJam */ = {
			isa = PBXGroup;
			children = (
				F488E31215BA568E007B6A0B /* MJConstants.h */,
				F488E31315BA568E007B6A0B /* MJThemedView.h */,
				F488E31415BA568E007B6A0B /* MJThemedView.m */,
				29B9873E15BA17770037CF82 /* MJAudio.h */,
				29B9873F15BA17770037CF82 /* MJAudio.m */,
				5AF4C55415A81ED00055D1A0 /* MJAppDelegate.h */,
				5AF4C55515A81ED00055D1A0 /* MJAppDelegate.m */,
				5AF4C55715A81ED00055D1A0 /* MainStoryboard_iPhone.storyboard */,
				5AF4C55A15A81ED00055D1A0 /* MainStoryboard_iPad.storyboard */,
				5AF4C55D15A81ED00055D1A0 /* MJViewController.h */,
				5AF4C55E15A81ED00055D1A0 /* MJViewController.m */,
				5AF4C56515A820A20055D1A0 /* Resources */,
				5AF4C54C15A81ED00055D1A0 /* Supporting Files */,
			);
			path = MegaJam;
			sourceTree = "<group>";
		};
		5AF4C54C15A81ED00055D1A0 /* Supporting Files */ = {
			isa = PBXGroup;
			children = (
				5AF4C54D15A81ED00055D1A0 /* MegaJam-Info.plist */,
				5AF4C54E15A81ED00055D1A0 /* InfoPlist.strings */,
				5AF4C55115A81ED00055D1A0 /* main.m */,
				5AF4C55315A81ED00055D1A0 /* MegaJam-Prefix.pch */,
			);
			name = "Supporting Files";
			sourceTree = "<group>";
		};
		5AF4C56515A820A20055D1A0 /* Resources */ = {
			isa = PBXGroup;
			children = (
				C97D9A7915B35A65005A6028 /* blue-grill-flat.png */,
				C97D9A7A15B35A65005A6028 /* blue-grill-flat@2x.png */,
				C9F32FD415ABF2EC00B460DE /* fpo-grill@2x.png */,
				C97D99BB15B33C2A005A6028 /* fpo-grill.png */,
				C9F32FD215ABF1F900B460DE /* bkg-blue@2x.png */,
				C97D99BA15B33C2A005A6028 /* bkg-blue.png */,
				C97D99BC15B33C2A005A6028 /* pause-down.png */,
				C97D99BD15B33C2A005A6028 /* pause-down@2x.png */,
				C97D99BE15B33C2A005A6028 /* pause-up.png */,
				C97D99BF15B33C2A005A6028 /* pause-up@2x.png */,
				C97D99C015B33C2A005A6028 /* play-down.png */,
				C97D99C115B33C2A005A6028 /* play-down@2x.png */,
				C97D99CE15B33D89005A6028 /* bluetooth-connected.png */,
				C97D99CF15B33D89005A6028 /* bluetooth-connected@2x.png */,
				C97D99D015B33D89005A6028 /* bluetooth-disconnected.png */,
				C97D99D115B33D89005A6028 /* bluetooth-disconnected@2x.png */,
				C97D99D215B33D89005A6028 /* volume-high.png */,
				C97D99D315B33D89005A6028 /* volume-high@2x.png */,
				C97D99D415B33D89005A6028 /* volume-low.png */,
				C97D99D515B33D89005A6028 /* volume-low@2x.png */,
				C97D99C215B33C2A005A6028 /* play-up.png */,
				C97D99C315B33C2A005A6028 /* play-up@2x.png */,
				F4B7454A15A8BAF500312F63 /* you_talkin.aiff */,
			);
			path = Resources;
			sourceTree = SOURCE_ROOT;
		};
/* End PBXGroup section */

/* Begin PBXNativeTarget section */
		5AF4C54015A81ED00055D1A0 /* MegaJam */ = {
			isa = PBXNativeTarget;
			buildConfigurationList = 5AF4C56215A81ED00055D1A0 /* Build configuration list for PBXNativeTarget "MegaJam" */;
			buildPhases = (
				5AF4C53D15A81ED00055D1A0 /* Sources */,
				5AF4C53E15A81ED00055D1A0 /* Frameworks */,
				5AF4C53F15A81ED00055D1A0 /* Resources */,
			);
			buildRules = (
			);
			dependencies = (
			);
			name = MegaJam;
			productName = MegaJam;
			productReference = 5AF4C54115A81ED00055D1A0 /* MegaJam.app */;
			productType = "com.apple.product-type.application";
		};
/* End PBXNativeTarget section */

/* Begin PBXProject section */
		5AF4C53815A81ED00055D1A0 /* Project object */ = {
			isa = PBXProject;
			attributes = {
				CLASSPREFIX = NXW;
				LastUpgradeCheck = 0450;
				ORGANIZATIONNAME = CrowdComapss;
			};
			buildConfigurationList = 5AF4C53B15A81ED00055D1A0 /* Build configuration list for PBXProject "MegaJam" */;
			compatibilityVersion = "Xcode 3.2";
			developmentRegion = English;
			hasScannedForEncodings = 0;
			knownRegions = (
				en,
			);
			mainGroup = 5AF4C53615A81ED00055D1A0;
			productRefGroup = 5AF4C54215A81ED00055D1A0 /* Products */;
			projectDirPath = "";
			projectRoot = "";
			targets = (
				5AF4C54015A81ED00055D1A0 /* MegaJam */,
			);
		};
/* End PBXProject section */

/* Begin PBXResourcesBuildPhase section */
		5AF4C53F15A81ED00055D1A0 /* Resources */ = {
			isa = PBXResourcesBuildPhase;
			buildActionMask = 2147483647;
			files = (
				5AF4C55015A81ED00055D1A0 /* InfoPlist.strings in Resources */,
				5AF4C55915A81ED00055D1A0 /* MainStoryboard_iPhone.storyboard in Resources */,
				5AF4C55C15A81ED00055D1A0 /* MainStoryboard_iPad.storyboard in Resources */,
				F4B7454B15A8BAF500312F63 /* you_talkin.aiff in Resources */,
				C97D9A7B15B35A65005A6028 /* blue-grill-flat.png in Resources */,
				C97D9A7C15B35A65005A6028 /* blue-grill-flat@2x.png in Resources */,
			);
			runOnlyForDeploymentPostprocessing = 0;
		};
/* End PBXResourcesBuildPhase section */

/* Begin PBXSourcesBuildPhase section */
		5AF4C53D15A81ED00055D1A0 /* Sources */ = {
			isa = PBXSourcesBuildPhase;
			buildActionMask = 2147483647;
			files = (
				5AF4C55215A81ED00055D1A0 /* main.m in Sources */,
				5AF4C55615A81ED00055D1A0 /* MJAppDelegate.m in Sources */,
				5AF4C55F15A81ED00055D1A0 /* MJViewController.m in Sources */,
				29B9874015BA17770037CF82 /* MJAudio.m in Sources */,
				F488E31515BA568E007B6A0B /* MJThemedView.m in Sources */,
			);
			runOnlyForDeploymentPostprocessing = 0;
		};
/* End PBXSourcesBuildPhase section */

/* Begin PBXVariantGroup section */
		5AF4C54E15A81ED00055D1A0 /* InfoPlist.strings */ = {
			isa = PBXVariantGroup;
			children = (
				5AF4C54F15A81ED00055D1A0 /* en */,
			);
			name = InfoPlist.strings;
			sourceTree = "<group>";
		};
		5AF4C55715A81ED00055D1A0 /* MainStoryboard_iPhone.storyboard */ = {
			isa = PBXVariantGroup;
			children = (
				5AF4C55815A81ED00055D1A0 /* en */,
			);
			name = MainStoryboard_iPhone.storyboard;
			sourceTree = "<group>";
		};
		5AF4C55A15A81ED00055D1A0 /* MainStoryboard_iPad.storyboard */ = {
			isa = PBXVariantGroup;
			children = (
				5AF4C55B15A81ED00055D1A0 /* en */,
			);
			name = MainStoryboard_iPad.storyboard;
			sourceTree = "<group>";
		};
/* End PBXVariantGroup section */

/* Begin XCBuildConfiguration section */
		5AF4C56015A81ED00055D1A0 /* Debug */ = {
			isa = XCBuildConfiguration;
			buildSettings = {
				ALWAYS_SEARCH_USER_PATHS = NO;
				CLANG_CXX_LANGUAGE_STANDARD = "gnu++0x";
				CLANG_ENABLE_OBJC_ARC = YES;
				CLANG_WARN__DUPLICATE_METHOD_MATCH = YES;
				"CODE_SIGN_IDENTITY[sdk=iphoneos*]" = "iPhone Developer";
				COPY_PHASE_STRIP = NO;
				GCC_C_LANGUAGE_STANDARD = gnu99;
				GCC_DYNAMIC_NO_PIC = NO;
				GCC_OPTIMIZATION_LEVEL = 0;
				GCC_PREPROCESSOR_DEFINITIONS = (
					"DEBUG=1",
					"$(inherited)",
				);
				GCC_SYMBOLS_PRIVATE_EXTERN = NO;
				GCC_WARN_ABOUT_RETURN_TYPE = YES;
				GCC_WARN_UNINITIALIZED_AUTOS = YES;
				GCC_WARN_UNUSED_VARIABLE = YES;
				IPHONEOS_DEPLOYMENT_TARGET = 5.0;
				SDKROOT = iphoneos;
				TARGETED_DEVICE_FAMILY = "1,2";
			};
			name = Debug;
		};
		5AF4C56115A81ED00055D1A0 /* Release */ = {
			isa = XCBuildConfiguration;
			buildSettings = {
				ALWAYS_SEARCH_USER_PATHS = NO;
				CLANG_CXX_LANGUAGE_STANDARD = "gnu++0x";
				CLANG_ENABLE_OBJC_ARC = YES;
				CLANG_WARN__DUPLICATE_METHOD_MATCH = YES;
				"CODE_SIGN_IDENTITY[sdk=iphoneos*]" = "iPhone Developer";
				COPY_PHASE_STRIP = YES;
				GCC_C_LANGUAGE_STANDARD = gnu99;
				GCC_WARN_ABOUT_RETURN_TYPE = YES;
				GCC_WARN_UNINITIALIZED_AUTOS = YES;
				GCC_WARN_UNUSED_VARIABLE = YES;
				IPHONEOS_DEPLOYMENT_TARGET = 5.0;
				OTHER_CFLAGS = "-DNS_BLOCK_ASSERTIONS=1";
				SDKROOT = iphoneos;
				TARGETED_DEVICE_FAMILY = "1,2";
				VALIDATE_PRODUCT = YES;
			};
			name = Release;
		};
		5AF4C56315A81ED00055D1A0 /* Debug */ = {
			isa = XCBuildConfiguration;
			buildSettings = {
				GCC_PRECOMPILE_PREFIX_HEADER = YES;
				GCC_PREFIX_HEADER = "MegaJam/MegaJam-Prefix.pch";
				INFOPLIST_FILE = "MegaJam/MegaJam-Info.plist";
				IPHONEOS_DEPLOYMENT_TARGET = 5.0;
				PRODUCT_NAME = "$(TARGET_NAME)";
				WRAPPER_EXTENSION = app;
			};
			name = Debug;
		};
		5AF4C56415A81ED00055D1A0 /* Release */ = {
			isa = XCBuildConfiguration;
			buildSettings = {
				GCC_PRECOMPILE_PREFIX_HEADER = YES;
				GCC_PREFIX_HEADER = "MegaJam/MegaJam-Prefix.pch";
				INFOPLIST_FILE = "MegaJam/MegaJam-Info.plist";
				IPHONEOS_DEPLOYMENT_TARGET = 5.0;
				PRODUCT_NAME = "$(TARGET_NAME)";
				WRAPPER_EXTENSION = app;
			};
			name = Release;
		};
/* End XCBuildConfiguration section */

/* Begin XCConfigurationList section */
		5AF4C53B15A81ED00055D1A0 /* Build configuration list for PBXProject "MegaJam" */ = {
			isa = XCConfigurationList;
			buildConfigurations = (
				5AF4C56015A81ED00055D1A0 /* Debug */,
				5AF4C56115A81ED00055D1A0 /* Release */,
			);
			defaultConfigurationIsVisible = 0;
			defaultConfigurationName = Release;
		};
		5AF4C56215A81ED00055D1A0 /* Build configuration list for PBXNativeTarget "MegaJam" */ = {
			isa = XCConfigurationList;
			buildConfigurations = (
				5AF4C56315A81ED00055D1A0 /* Debug */,
				5AF4C56415A81ED00055D1A0 /* Release */,
			);
			defaultConfigurationIsVisible = 0;
			defaultConfigurationName = Release;
		};
/* End XCConfigurationList section */
	};
	rootObject = 5AF4C53815A81ED00055D1A0 /* Project object */;
}
